
Microsoft Visual Studio Solution File, Format Version 12.00
# Visual Studio Version 17
VisualStudioVersion = 17.0.31903.59
MinimumVisualStudioVersion = 10.0.40219.1
Project("{2150E333-8FDC-42A3-9474-1A3956D46DE8}") = "libs", "libs", "{6C4D298B-81FB-2B6B-5AB6-46205EDDC72C}"
EndProject
Project("{2150E333-8FDC-42A3-9474-1A3956D46DE8}") = "backend", "backend", "{1C2C2395-BCB2-8950-4214-433CDC37ED2E}"
EndProject
Project("{2150E333-8FDC-42A3-9474-1A3956D46DE8}") = "core", "core", "{B6A0A56C-D110-3DB7-E6EB-535AF374CD51}"
EndProject
Project("{FAE04EC0-301F-11D3-BF4B-00C04F79EFBC}") = "ACommerce.OperationEngine.Interceptors", "libs\backend\core\ACommerce.OperationEngine.Interceptors\ACommerce.OperationEngine.Interceptors.csproj", "{B3CAA1C0-BD1E-49CB-8C0F-A8DB96490C0D}"
EndProject
Project("{FAE04EC0-301F-11D3-BF4B-00C04F79EFBC}") = "ACommerce.OperationEngine.Journal", "libs\backend\core\ACommerce.OperationEngine.Journal\ACommerce.OperationEngine.Journal.csproj", "{C4E2A1D7-9F3B-4A8E-BF12-6D7A8E935C41}"
EndProject
Project("{FAE04EC0-301F-11D3-BF4B-00C04F79EFBC}") = "ACommerce.OperationEngine", "libs\backend\core\ACommerce.OperationEngine\ACommerce.OperationEngine.csproj", "{6F6008FD-A6C2-43F2-876B-AA49BD7310D8}"
EndProject
Project("{FAE04EC0-301F-11D3-BF4B-00C04F79EFBC}") = "ACommerce.OperationEngine.Wire", "libs\backend\core\ACommerce.OperationEngine.Wire\ACommerce.OperationEngine.Wire.csproj", "{2DBA0381-A6F2-4739-8A57-18630E80E6EA}"
EndProject
Project("{FAE04EC0-301F-11D3-BF4B-00C04F79EFBC}") = "ACommerce.SharedKernel.Abstractions", "libs\backend\core\ACommerce.SharedKernel.Abstractions\ACommerce.SharedKernel.Abstractions.csproj", "{2C1F83D5-781A-4EE3-9D44-7A127EFD4BB9}"
EndProject
Project("{FAE04EC0-301F-11D3-BF4B-00C04F79EFBC}") = "ACommerce.SharedKernel.Infrastructure.EFCores", "libs\backend\core\ACommerce.SharedKernel.Infrastructure.EFCores\ACommerce.SharedKernel.Infrastructure.EFCores.csproj", "{A1F5AB76-6892-418A-9D07-5D211000CFB3}"
EndProject
Project("{2150E333-8FDC-42A3-9474-1A3956D46DE8}") = "auth", "auth", "{53E68328-A0FE-B527-1FBE-1100FE20283E}"
EndProject
Project("{FAE04EC0-301F-11D3-BF4B-00C04F79EFBC}") = "ACommerce.Authentication.Operations", "libs\backend\auth\ACommerce.Authentication.Operations\ACommerce.Authentication.Operations.csproj", "{2A1081BE-63A5-482A-83B6-8335A5B8A1BF}"
EndProject
Project("{FAE04EC0-301F-11D3-BF4B-00C04F79EFBC}") = "ACommerce.Authentication.Providers.Token", "libs\backend\auth\ACommerce.Authentication.Providers.Token\ACommerce.Authentication.Providers.Token.csproj", "{4331A49F-CFC4-4246-979C-FCCA48741EFE}"
EndProject
Project("{FAE04EC0-301F-11D3-BF4B-00C04F79EFBC}") = "ACommerce.Authentication.TwoFactor.Operations", "libs\backend\auth\ACommerce.Authentication.TwoFactor.Operations\ACommerce.Authentication.TwoFactor.Operations.csproj", "{DD38F046-516B-4515-A8C4-AEE7EDE2CD25}"
EndProject
Project("{FAE04EC0-301F-11D3-BF4B-00C04F79EFBC}") = "ACommerce.Authentication.TwoFactor.Providers.Email", "libs\backend\auth\ACommerce.Authentication.TwoFactor.Providers.Email\ACommerce.Authentication.TwoFactor.Providers.Email.csproj", "{5408F31B-DDDE-40A2-98BB-934D2D9CD413}"
EndProject
Project("{FAE04EC0-301F-11D3-BF4B-00C04F79EFBC}") = "ACommerce.Authentication.TwoFactor.Providers.Nafath", "libs\backend\auth\ACommerce.Authentication.TwoFactor.Providers.Nafath\ACommerce.Authentication.TwoFactor.Providers.Nafath.csproj", "{D5663B33-DB7A-4D9D-9E65-784A13E5ADAF}"
EndProject
Project("{FAE04EC0-301F-11D3-BF4B-00C04F79EFBC}") = "ACommerce.Authentication.TwoFactor.Providers.Sms", "libs\backend\auth\ACommerce.Authentication.TwoFactor.Providers.Sms\ACommerce.Authentication.TwoFactor.Providers.Sms.csproj", "{75441D4F-9766-496C-9E51-74A661254AC7}"
EndProject
Project("{FAE04EC0-301F-11D3-BF4B-00C04F79EFBC}") = "ACommerce.Permissions.Operations", "libs\backend\auth\ACommerce.Permissions.Operations\ACommerce.Permissions.Operations.csproj", "{B9FBADB8-F172-4AE2-8E8D-BE849C4F522E}"
EndProject
Project("{2150E333-8FDC-42A3-9474-1A3956D46DE8}") = "files", "files", "{B3E787ED-A8D1-8798-B362-4423A32FC7B1}"
EndProject
Project("{FAE04EC0-301F-11D3-BF4B-00C04F79EFBC}") = "ACommerce.Files.Abstractions", "libs\backend\files\ACommerce.Files.Abstractions\ACommerce.Files.Abstractions.csproj", "{535AD7A0-09A7-4EEA-B5FC-BA85FD16AFD9}"
EndProject
Project("{FAE04EC0-301F-11D3-BF4B-00C04F79EFBC}") = "ACommerce.Files.Operations", "libs\backend\files\ACommerce.Files.Operations\ACommerce.Files.Operations.csproj", "{5645B84E-3DBE-4510-AE6D-3FC2D5412FCE}"
EndProject
Project("{FAE04EC0-301F-11D3-BF4B-00C04F79EFBC}") = "ACommerce.Files.Storage.AliyunOSS", "libs\backend\files\ACommerce.Files.Storage.AliyunOSS\ACommerce.Files.Storage.AliyunOSS.csproj", "{1AA71F34-118A-4D38-A74A-A642DC7C040E}"
EndProject
Project("{FAE04EC0-301F-11D3-BF4B-00C04F79EFBC}") = "ACommerce.Files.Storage.GoogleCloud", "libs\backend\files\ACommerce.Files.Storage.GoogleCloud\ACommerce.Files.Storage.GoogleCloud.csproj", "{21352AB7-134F-4DE2-8BB2-B91B5C9D373B}"
EndProject
Project("{FAE04EC0-301F-11D3-BF4B-00C04F79EFBC}") = "ACommerce.Files.Storage.Local", "libs\backend\files\ACommerce.Files.Storage.Local\ACommerce.Files.Storage.Local.csproj", "{35941D09-55C6-46B7-A135-AA6F1CE548C6}"
EndProject
Project("{2150E333-8FDC-42A3-9474-1A3956D46DE8}") = "marketplace", "marketplace", "{5F00DC25-592E-C0F3-3685-F8A242BEDAF5}"
EndProject
Project("{FAE04EC0-301F-11D3-BF4B-00C04F79EFBC}") = "ACommerce.Subscriptions.Operations", "libs\backend\marketplace\ACommerce.Subscriptions.Operations\ACommerce.Subscriptions.Operations.csproj", "{CAE989C0-EDF0-4208-9444-98E4ACE8FCE2}"
EndProject
Project("{2150E333-8FDC-42A3-9474-1A3956D46DE8}") = "messaging", "messaging", "{55C97B76-B746-2748-6A13-0AE8838FAAAA}"
EndProject
Project("{FAE04EC0-301F-11D3-BF4B-00C04F79EFBC}") = "ACommerce.Notification.Operations", "libs\backend\messaging\ACommerce.Notification.Operations\ACommerce.Notification.Operations.csproj", "{F3EAF090-285C-4C35-887C-91BD31492186}"
EndProject
Project("{FAE04EC0-301F-11D3-BF4B-00C04F79EFBC}") = "ACommerce.Realtime.Operations", "libs\backend\messaging\ACommerce.Realtime.Operations\ACommerce.Realtime.Operations.csproj", "{A27B4CBC-42FE-496A-AAF9-70B1D54E14EC}"
EndProject
Project("{FAE04EC0-301F-11D3-BF4B-00C04F79EFBC}") = "ACommerce.Notification.Providers.Firebase", "libs\backend\messaging\ACommerce.Notification.Providers.Firebase\ACommerce.Notification.Providers.Firebase.csproj", "{61856710-123F-4B2C-9B62-DF9A3301A75E}"
EndProject
Project("{FAE04EC0-301F-11D3-BF4B-00C04F79EFBC}") = "ACommerce.Notification.Providers.InApp", "libs\backend\messaging\ACommerce.Notification.Providers.InApp\ACommerce.Notification.Providers.InApp.csproj", "{6D5229AE-BDD7-4FB7-BCE7-DBF793164C08}"
EndProject
Project("{FAE04EC0-301F-11D3-BF4B-00C04F79EFBC}") = "ACommerce.Realtime.Providers.InMemory", "libs\backend\messaging\ACommerce.Realtime.Providers.InMemory\ACommerce.Realtime.Providers.InMemory.csproj", "{1E34449F-C8A7-49B9-8EB4-CCC035F9F9E2}"
EndProject
Project("{2150E333-8FDC-42A3-9474-1A3956D46DE8}") = "other", "other", "{1E2B6A5F-8AB0-4814-056E-2232B1494CC6}"
EndProject
Project("{FAE04EC0-301F-11D3-BF4B-00C04F79EFBC}") = "ACommerce.Favorites.Operations", "libs\backend\other\ACommerce.Favorites.Operations\ACommerce.Favorites.Operations.csproj", "{C3BD07E5-4EA8-43DC-9E2E-F1058DFCF500}"
EndProject
Project("{FAE04EC0-301F-11D3-BF4B-00C04F79EFBC}") = "ACommerce.Translations.Operations", "libs\backend\other\ACommerce.Translations.Operations\ACommerce.Translations.Operations.csproj", "{C032D73D-0EFB-4393-AF1E-C9D7BE7461B0}"
EndProject
Project("{2150E333-8FDC-42A3-9474-1A3956D46DE8}") = "sales", "sales", "{12A621F9-E674-0EAA-5C20-628C7A461E52}"
EndProject
Project("{FAE04EC0-301F-11D3-BF4B-00C04F79EFBC}") = "ACommerce.Payments.Operations", "libs\backend\sales\ACommerce.Payments.Operations\ACommerce.Payments.Operations.csproj", "{AD6AA3A8-FE0B-474A-B8D2-8FBA6DCFE7A0}"
EndProject
Project("{FAE04EC0-301F-11D3-BF4B-00C04F79EFBC}") = "ACommerce.Payments.Providers.Noon", "libs\backend\sales\ACommerce.Payments.Providers.Noon\ACommerce.Payments.Providers.Noon.csproj", "{ACA4B701-162C-4D13-80C2-94F6ADB5AA6C}"
EndProject
Project("{2150E333-8FDC-42A3-9474-1A3956D46DE8}") = "frontend", "frontend", "{E70624DB-5086-92EA-A7DA-DA400B6A823C}"
EndProject
Project("{FAE04EC0-301F-11D3-BF4B-00C04F79EFBC}") = "ACommerce.Templates.Commerce", "libs\frontend\ACommerce.Templates.Commerce\ACommerce.Templates.Commerce.csproj", "{B6BC6339-2154-4E66-997D-A599277D562A}"
EndProject
Project("{FAE04EC0-301F-11D3-BF4B-00C04F79EFBC}") = "ACommerce.Widgets", "libs\frontend\ACommerce.Widgets\ACommerce.Widgets.csproj", "{72476DE5-6A7D-4254-86C5-32F38BB7DD89}"
EndProject
Project("{FAE04EC0-301F-11D3-BF4B-00C04F79EFBC}") = "ACommerce.Templates.Customer.Commerce", "libs\frontend\ACommerce.Templates.Customer.Commerce\ACommerce.Templates.Customer.Commerce.csproj", "{FF2CA584-5342-4950-B776-6767E0DFBD5B}"
EndProject
Project("{FAE04EC0-301F-11D3-BF4B-00C04F79EFBC}") = "ACommerce.Templates.Shared", "libs\frontend\ACommerce.Templates.Shared\ACommerce.Templates.Shared.csproj", "{8B2A8B24-662F-4820-AA0F-7EAA3DFAC80D}"
EndProject
Project("{2150E333-8FDC-42A3-9474-1A3956D46DE8}") = "clients", "clients", "{9123F88B-E531-3118-42D7-ED8CEF4BD00E}"
EndProject
Project("{FAE04EC0-301F-11D3-BF4B-00C04F79EFBC}") = "ACommerce.Client.Http", "clients\ACommerce.Client.Http\ACommerce.Client.Http.csproj", "{27FB287F-4586-42F8-9854-CAA159135546}"
EndProject
Project("{FAE04EC0-301F-11D3-BF4B-00C04F79EFBC}") = "ACommerce.Client.Operations", "clients\ACommerce.Client.Operations\ACommerce.Client.Operations.csproj", "{976A8428-AB3C-4AE1-91B1-B950BDA08A5B}"
EndProject
Project("{FAE04EC0-301F-11D3-BF4B-00C04F79EFBC}") = "ACommerce.Client.StateBridge", "clients\ACommerce.Client.StateBridge\ACommerce.Client.StateBridge.csproj", "{928AA5CC-6F3E-4682-BA8A-E42A6DE58682}"
EndProject
Project("{2150E333-8FDC-42A3-9474-1A3956D46DE8}") = "Apps", "Apps", "{1787FE1D-075E-9E68-7218-25F1BD1BBEAB}"
EndProject
Project("{2150E333-8FDC-42A3-9474-1A3956D46DE8}") = "Ashare", "Ashare", "{AA000001-0000-0000-0000-000000000001}"
EndProject
Project("{2150E333-8FDC-42A3-9474-1A3956D46DE8}") = "Order", "Order", "{AA000002-0000-0000-0000-000000000002}"
EndProject
Project("{FAE04EC0-301F-11D3-BF4B-00C04F79EFBC}") = "Ashare.Api", "Apps\Ashare\Customer\Backend\Ashare.Api\Ashare.Api.csproj", "{3343EFDF-F2BE-40D6-B54A-017B92B2DD86}"
EndProject
Project("{FAE04EC0-301F-11D3-BF4B-00C04F79EFBC}") = "Ashare.Web", "Apps\Ashare\Customer\Frontend\Ashare.Web\Ashare.Web.csproj", "{9C3D1882-BD61-48F7-BB78-9F9E72A19529}"
EndProject
Project("{FAE04EC0-301F-11D3-BF4B-00C04F79EFBC}") = "Order.Api", "Apps\Order\Customer\Backend\Order.Api\Order.Api.csproj", "{29AC3A60-5C2D-42C8-8B66-C98010C1D3E0}"
EndProject
Project("{FAE04EC0-301F-11D3-BF4B-00C04F79EFBC}") = "Order.Web", "Apps\Order\Customer\Frontend\Order.Web\Order.Web.csproj", "{01118750-8436-4CCC-92A4-C2059926EA61}"
EndProject
Project("{FAE04EC0-301F-11D3-BF4B-00C04F79EFBC}") = "Vendor.Web", "Apps\Order\Vendor\Frontend\Vendor.Web\Vendor.Web.csproj", "{827A5D89-31C8-4F22-AEDE-B0A46A8BDDEB}"
EndProject
Project("{FAE04EC0-301F-11D3-BF4B-00C04F79EFBC}") = "Vendor.Api", "Apps\Order\Vendor\Backend\Vendor.Api\Vendor.Api.csproj", "{F94BB79E-0ECA-4235-98E8-8E70C160144C}"
EndProject
Project("{FAE04EC0-301F-11D3-BF4B-00C04F79EFBC}") = "ACommerce.Templates.Merchant.Commerce", "libs\frontend\ACommerce.Templates.Merchant.Commerce\ACommerce.Templates.Merchant.Commerce.csproj", "{F0ADE5A6-DE77-4B9F-908A-FAD4972378E8}"
EndProject
Project("{FAE04EC0-301F-11D3-BF4B-00C04F79EFBC}") = "ACommerce.Templates.Admin", "libs\frontend\ACommerce.Templates.Admin\ACommerce.Templates.Admin.csproj", "{BD012DEF-A38D-42B3-9329-4C01D876CECE}"
EndProject
Project("{FAE04EC0-301F-11D3-BF4B-00C04F79EFBC}") = "Ashare.Provider.Web", "Apps\Ashare\Provider\Frontend\Ashare.Provider.Web\Ashare.Provider.Web.csproj", "{A1B2C3D4-E5F6-7890-ABCD-EF1234567890}"
EndProject
Project("{FAE04EC0-301F-11D3-BF4B-00C04F79EFBC}") = "ACommerce.Payments.Providers.Moyasar", "libs\backend\sales\ACommerce.Payments.Providers.Moyasar\ACommerce.Payments.Providers.Moyasar.csproj", "{B2C3D4E5-F6A7-8901-BCDE-F12345678901}"
EndProject
Project("{FAE04EC0-301F-11D3-BF4B-00C04F79EFBC}") = "ACommerce.Realtime.Providers.SignalR", "libs\backend\messaging\ACommerce.Realtime.Providers.SignalR\ACommerce.Realtime.Providers.SignalR.csproj", "{C3D4E5F6-A7B8-9012-CDEF-123456789012}"
EndProject
Project("{FAE04EC0-301F-11D3-BF4B-00C04F79EFBC}") = "ACommerce.Notification.Providers.Email", "libs\backend\messaging\ACommerce.Notification.Providers.Email\ACommerce.Notification.Providers.Email.csproj", "{D4E5F6A7-B8C9-0123-DEF0-234567890123}"
EndProject
Project("{FAE04EC0-301F-11D3-BF4B-00C04F79EFBC}") = "ACommerce.Bookings.Operations", "libs\backend\marketplace\ACommerce.Bookings.Operations\ACommerce.Bookings.Operations.csproj", "{E5F6A7B8-C9D0-1234-EF01-345678901234}"
EndProject
Project("{FAE04EC0-301F-11D3-BF4B-00C04F79EFBC}") = "ACommerce.Templates.Marketplace", "libs\frontend\ACommerce.Templates.Marketplace\ACommerce.Templates.Marketplace.csproj", "{F1A2B3C4-D5E6-7890-ABCD-EF0123456789}"
EndProject
Project("{FAE04EC0-301F-11D3-BF4B-00C04F79EFBC}") = "Ashare.Admin.Api", "Apps\Ashare\Admin\Backend\Ashare.Admin.Api\Ashare.Admin.Api.csproj", "{A2B3C4D5-E6F7-8901-BCDE-F01234567890}"
EndProject
Project("{FAE04EC0-301F-11D3-BF4B-00C04F79EFBC}") = "Ashare.Admin.Web", "Apps\Ashare\Admin\Frontend\Ashare.Admin.Web\Ashare.Admin.Web.csproj", "{0960672D-B9C3-49C2-9CC2-5866258AC28F}"
EndProject
Project("{FAE04EC0-301F-11D3-BF4B-00C04F79EFBC}") = "Order.Admin.Api", "Apps\Order\Admin\Backend\Order.Admin.Api\Order.Admin.Api.csproj", "{872C0935-4D83-4B6E-B655-B24E4AD32160}"
EndProject
Project("{FAE04EC0-301F-11D3-BF4B-00C04F79EFBC}") = "Order.Admin.Web", "Apps\Order\Admin\Frontend\Order.Admin.Web\Order.Admin.Web.csproj", "{EACEE1C0-BA27-4B9A-B0DA-67DBB4D8D22B}"
EndProject
Project("{2150E333-8FDC-42A3-9474-1A3956D46DE8}") = "culture", "culture", "{D0774FE0-2E3B-E84B-F064-6B274061C592}"
EndProject
Project("{FAE04EC0-301F-11D3-BF4B-00C04F79EFBC}") = "ACommerce.Culture.Abstractions", "libs\backend\culture\ACommerce.Culture.Abstractions\ACommerce.Culture.Abstractions.csproj", "{26C50FA7-CEF6-415F-B170-C3E44A5E9670}"
EndProject
Project("{FAE04EC0-301F-11D3-BF4B-00C04F79EFBC}") = "ACommerce.Culture.Defaults", "libs\backend\culture\ACommerce.Culture.Defaults\ACommerce.Culture.Defaults.csproj", "{12CAA6D4-5EFF-4600-82C3-8DC1FD00E0B8}"
EndProject
Project("{FAE04EC0-301F-11D3-BF4B-00C04F79EFBC}") = "ACommerce.Culture.Interceptors", "libs\backend\culture\ACommerce.Culture.Interceptors\ACommerce.Culture.Interceptors.csproj", "{0A1784BC-A202-42E8-BDD4-FFBAD956D0DC}"
EndProject
Project("{FAE04EC0-301F-11D3-BF4B-00C04F79EFBC}") = "ACommerce.Culture.Translation.Abstractions", "libs\backend\culture\ACommerce.Culture.Translation.Abstractions\ACommerce.Culture.Translation.Abstractions.csproj", "{549356A5-9D74-4F18-A0C5-D28860B2F6EB}"
EndProject
Project("{FAE04EC0-301F-11D3-BF4B-00C04F79EFBC}") = "ACommerce.Culture.Translation.Providers.Echo", "libs\backend\culture\ACommerce.Culture.Translation.Providers.Echo\ACommerce.Culture.Translation.Providers.Echo.csproj", "{B1B5A16B-43B9-48C2-9941-9A79C6AF032D}"
EndProject
Project("{FAE04EC0-301F-11D3-BF4B-00C04F79EFBC}") = "ACommerce.Culture.Translation.Providers.Google", "libs\backend\culture\ACommerce.Culture.Translation.Providers.Google\ACommerce.Culture.Translation.Providers.Google.csproj", "{06B2BABD-23B6-448B-84E6-5060E599C1C3}"
EndProject
Project("{FAE04EC0-301F-11D3-BF4B-00C04F79EFBC}") = "ACommerce.Culture.Translation.Providers.Ai", "libs\backend\culture\ACommerce.Culture.Translation.Providers.Ai\ACommerce.Culture.Translation.Providers.Ai.csproj", "{D60298FA-D4C2-400B-815B-DF95C7879588}"
EndProject
Project("{FAE04EC0-301F-11D3-BF4B-00C04F79EFBC}") = "ACommerce.Culture.Phone.Providers.LibPhoneNumber", "libs\backend\culture\ACommerce.Culture.Phone.Providers.LibPhoneNumber\ACommerce.Culture.Phone.Providers.LibPhoneNumber.csproj", "{86D08AF0-07A3-4344-9D64-47BD75D1EF8F}"
EndProject
Project("{FAE04EC0-301F-11D3-BF4B-00C04F79EFBC}") = "ACommerce.Culture.Blazor", "libs\frontend\ACommerce.Culture.Blazor\ACommerce.Culture.Blazor.csproj", "{B6872571-4D00-49F1-B14D-63D2FE6E19A6}"
EndProject
Project("{2150E333-8FDC-42A3-9474-1A3956D46DE8}") = "platform", "platform", "{155D99DD-D690-8AD6-E0BC-CC6A5C77773A}"
EndProject
Project("{FAE04EC0-301F-11D3-BF4B-00C04F79EFBC}") = "ACommerce.OrderPlatform.Entities", "libs\backend\platform\ACommerce.OrderPlatform.Entities\ACommerce.OrderPlatform.Entities.csproj", "{B6AA3C4E-7C4B-4CC3-BC00-FA11D45FBD79}"
EndProject
Project("{2150E333-8FDC-42A3-9474-1A3956D46DE8}") = "Ashare.V2", "Ashare.V2", "{F1E0D065-1409-F45D-17BF-A2CC4A6495D3}"
EndProject
Project("{2150E333-8FDC-42A3-9474-1A3956D46DE8}") = "Customer", "Customer", "{2008C063-1415-AA01-E543-F0ABDFF087CD}"
EndProject
Project("{2150E333-8FDC-42A3-9474-1A3956D46DE8}") = "Backend", "Backend", "{8C6B1457-25B0-E6F5-550E-3BC059FF514E}"
EndProject
Project("{FAE04EC0-301F-11D3-BF4B-00C04F79EFBC}") = "Ashare.V2.Api", "Apps\Ashare.V2\Customer\Backend\Ashare.V2.Api\Ashare.V2.Api.csproj", "{78AA2F78-C272-4A2E-8D11-61237F0F1A13}"
EndProject
Project("{2150E333-8FDC-42A3-9474-1A3956D46DE8}") = "Frontend", "Frontend", "{4230969C-DA4E-B534-922E-8FE32E7537A2}"
EndProject
Project("{FAE04EC0-301F-11D3-BF4B-00C04F79EFBC}") = "Ashare.V2.Web", "Apps\Ashare.V2\Customer\Frontend\Ashare.V2.Web\Ashare.V2.Web.csproj", "{BAC52847-FBC4-4C75-9505-4F8E7A9C1985}"
EndProject
Project("{2150E333-8FDC-42A3-9474-1A3956D46DE8}") = "tests", "tests", "{0AB3BF05-4346-4AA6-1389-037BE0695223}"
EndProject
Project("{FAE04EC0-301F-11D3-BF4B-00C04F79EFBC}") = "Ashare.V2.Api.Tests", "tests\Ashare.V2.Api.Tests\Ashare.V2.Api.Tests.csproj", "{C39B1FAA-1748-445A-AD5B-9AF3F12E901D}"
EndProject
Project("{2150E333-8FDC-42A3-9474-1A3956D46DE8}") = "Order.V2", "Order.V2", "{76574C50-D78A-F699-2FF7-A4DFD19DE699}"
EndProject
Project("{2150E333-8FDC-42A3-9474-1A3956D46DE8}") = "Customer", "Customer", "{EAA23161-32F9-C476-033F-BEF3F6E6D6CE}"
EndProject
Project("{2150E333-8FDC-42A3-9474-1A3956D46DE8}") = "Backend", "Backend", "{D27943CA-10A9-B451-78CE-C59B7CE453F2}"
EndProject
Project("{FAE04EC0-301F-11D3-BF4B-00C04F79EFBC}") = "Order.V2.Api", "Apps\Order.V2\Customer\Backend\Order.V2.Api\Order.V2.Api.csproj", "{5569F329-6B5E-4F60-8845-3DD03C6A398A}"
EndProject
Project("{2150E333-8FDC-42A3-9474-1A3956D46DE8}") = "Frontend", "Frontend", "{08D9A4D4-749F-6758-6281-928F4AAABEC8}"
EndProject
Project("{FAE04EC0-301F-11D3-BF4B-00C04F79EFBC}") = "Order.V2.Web", "Apps\Order.V2\Customer\Frontend\Order.V2.Web\Order.V2.Web.csproj", "{21FA3EF0-961A-4825-918F-B1140AAA7D4E}"
EndProject
Global
	GlobalSection(SolutionConfigurationPlatforms) = preSolution
		Debug|Any CPU = Debug|Any CPU
		Debug|x64 = Debug|x64
		Debug|x86 = Debug|x86
		Release|Any CPU = Release|Any CPU
		Release|x64 = Release|x64
		Release|x86 = Release|x86
	EndGlobalSection
	GlobalSection(ProjectConfigurationPlatforms) = postSolution
		{B3CAA1C0-BD1E-49CB-8C0F-A8DB96490C0D}.Debug|Any CPU.ActiveCfg = Debug|Any CPU
		{B3CAA1C0-BD1E-49CB-8C0F-A8DB96490C0D}.Debug|Any CPU.Build.0 = Debug|Any CPU
		{B3CAA1C0-BD1E-49CB-8C0F-A8DB96490C0D}.Debug|x64.ActiveCfg = Debug|Any CPU
		{B3CAA1C0-BD1E-49CB-8C0F-A8DB96490C0D}.Debug|x64.Build.0 = Debug|Any CPU
		{B3CAA1C0-BD1E-49CB-8C0F-A8DB96490C0D}.Debug|x86.ActiveCfg = Debug|Any CPU
		{B3CAA1C0-BD1E-49CB-8C0F-A8DB96490C0D}.Debug|x86.Build.0 = Debug|Any CPU
		{B3CAA1C0-BD1E-49CB-8C0F-A8DB96490C0D}.Release|Any CPU.ActiveCfg = Release|Any CPU
		{B3CAA1C0-BD1E-49CB-8C0F-A8DB96490C0D}.Release|Any CPU.Build.0 = Release|Any CPU
		{B3CAA1C0-BD1E-49CB-8C0F-A8DB96490C0D}.Release|x64.ActiveCfg = Release|Any CPU
		{B3CAA1C0-BD1E-49CB-8C0F-A8DB96490C0D}.Release|x64.Build.0 = Release|Any CPU
		{B3CAA1C0-BD1E-49CB-8C0F-A8DB96490C0D}.Release|x86.ActiveCfg = Release|Any CPU
		{B3CAA1C0-BD1E-49CB-8C0F-A8DB96490C0D}.Release|x86.Build.0 = Release|Any CPU
		{C4E2A1D7-9F3B-4A8E-BF12-6D7A8E935C41}.Debug|Any CPU.ActiveCfg = Debug|Any CPU
		{C4E2A1D7-9F3B-4A8E-BF12-6D7A8E935C41}.Debug|Any CPU.Build.0 = Debug|Any CPU
		{C4E2A1D7-9F3B-4A8E-BF12-6D7A8E935C41}.Debug|x64.ActiveCfg = Debug|Any CPU
		{C4E2A1D7-9F3B-4A8E-BF12-6D7A8E935C41}.Debug|x64.Build.0 = Debug|Any CPU
		{C4E2A1D7-9F3B-4A8E-BF12-6D7A8E935C41}.Debug|x86.ActiveCfg = Debug|Any CPU
		{C4E2A1D7-9F3B-4A8E-BF12-6D7A8E935C41}.Debug|x86.Build.0 = Debug|Any CPU
		{C4E2A1D7-9F3B-4A8E-BF12-6D7A8E935C41}.Release|Any CPU.ActiveCfg = Release|Any CPU
		{C4E2A1D7-9F3B-4A8E-BF12-6D7A8E935C41}.Release|Any CPU.Build.0 = Release|Any CPU
		{C4E2A1D7-9F3B-4A8E-BF12-6D7A8E935C41}.Release|x64.ActiveCfg = Release|Any CPU
		{C4E2A1D7-9F3B-4A8E-BF12-6D7A8E935C41}.Release|x64.Build.0 = Release|Any CPU
		{C4E2A1D7-9F3B-4A8E-BF12-6D7A8E935C41}.Release|x86.ActiveCfg = Release|Any CPU
		{C4E2A1D7-9F3B-4A8E-BF12-6D7A8E935C41}.Release|x86.Build.0 = Release|Any CPU
		{6F6008FD-A6C2-43F2-876B-AA49BD7310D8}.Debug|Any CPU.ActiveCfg = Debug|Any CPU
		{6F6008FD-A6C2-43F2-876B-AA49BD7310D8}.Debug|Any CPU.Build.0 = Debug|Any CPU
		{6F6008FD-A6C2-43F2-876B-AA49BD7310D8}.Debug|x64.ActiveCfg = Debug|Any CPU
		{6F6008FD-A6C2-43F2-876B-AA49BD7310D8}.Debug|x64.Build.0 = Debug|Any CPU
		{6F6008FD-A6C2-43F2-876B-AA49BD7310D8}.Debug|x86.ActiveCfg = Debug|Any CPU
		{6F6008FD-A6C2-43F2-876B-AA49BD7310D8}.Debug|x86.Build.0 = Debug|Any CPU
		{6F6008FD-A6C2-43F2-876B-AA49BD7310D8}.Release|Any CPU.ActiveCfg = Release|Any CPU
		{6F6008FD-A6C2-43F2-876B-AA49BD7310D8}.Release|Any CPU.Build.0 = Release|Any CPU
		{6F6008FD-A6C2-43F2-876B-AA49BD7310D8}.Release|x64.ActiveCfg = Release|Any CPU
		{6F6008FD-A6C2-43F2-876B-AA49BD7310D8}.Release|x64.Build.0 = Release|Any CPU
		{6F6008FD-A6C2-43F2-876B-AA49BD7310D8}.Release|x86.ActiveCfg = Release|Any CPU
		{6F6008FD-A6C2-43F2-876B-AA49BD7310D8}.Release|x86.Build.0 = Release|Any CPU
		{2DBA0381-A6F2-4739-8A57-18630E80E6EA}.Debug|Any CPU.ActiveCfg = Debug|Any CPU
		{2DBA0381-A6F2-4739-8A57-18630E80E6EA}.Debug|Any CPU.Build.0 = Debug|Any CPU
		{2DBA0381-A6F2-4739-8A57-18630E80E6EA}.Debug|x64.ActiveCfg = Debug|Any CPU
		{2DBA0381-A6F2-4739-8A57-18630E80E6EA}.Debug|x64.Build.0 = Debug|Any CPU
		{2DBA0381-A6F2-4739-8A57-18630E80E6EA}.Debug|x86.ActiveCfg = Debug|Any CPU
		{2DBA0381-A6F2-4739-8A57-18630E80E6EA}.Debug|x86.Build.0 = Debug|Any CPU
		{2DBA0381-A6F2-4739-8A57-18630E80E6EA}.Release|Any CPU.ActiveCfg = Release|Any CPU
		{2DBA0381-A6F2-4739-8A57-18630E80E6EA}.Release|Any CPU.Build.0 = Release|Any CPU
		{2DBA0381-A6F2-4739-8A57-18630E80E6EA}.Release|x64.ActiveCfg = Release|Any CPU
		{2DBA0381-A6F2-4739-8A57-18630E80E6EA}.Release|x64.Build.0 = Release|Any CPU
		{2DBA0381-A6F2-4739-8A57-18630E80E6EA}.Release|x86.ActiveCfg = Release|Any CPU
		{2DBA0381-A6F2-4739-8A57-18630E80E6EA}.Release|x86.Build.0 = Release|Any CPU
		{2C1F83D5-781A-4EE3-9D44-7A127EFD4BB9}.Debug|Any CPU.ActiveCfg = Debug|Any CPU
		{2C1F83D5-781A-4EE3-9D44-7A127EFD4BB9}.Debug|Any CPU.Build.0 = Debug|Any CPU
		{2C1F83D5-781A-4EE3-9D44-7A127EFD4BB9}.Debug|x64.ActiveCfg = Debug|Any CPU
		{2C1F83D5-781A-4EE3-9D44-7A127EFD4BB9}.Debug|x64.Build.0 = Debug|Any CPU
		{2C1F83D5-781A-4EE3-9D44-7A127EFD4BB9}.Debug|x86.ActiveCfg = Debug|Any CPU
		{2C1F83D5-781A-4EE3-9D44-7A127EFD4BB9}.Debug|x86.Build.0 = Debug|Any CPU
		{2C1F83D5-781A-4EE3-9D44-7A127EFD4BB9}.Release|Any CPU.ActiveCfg = Release|Any CPU
		{2C1F83D5-781A-4EE3-9D44-7A127EFD4BB9}.Release|Any CPU.Build.0 = Release|Any CPU
		{2C1F83D5-781A-4EE3-9D44-7A127EFD4BB9}.Release|x64.ActiveCfg = Release|Any CPU
		{2C1F83D5-781A-4EE3-9D44-7A127EFD4BB9}.Release|x64.Build.0 = Release|Any CPU
		{2C1F83D5-781A-4EE3-9D44-7A127EFD4BB9}.Release|x86.ActiveCfg = Release|Any CPU
		{2C1F83D5-781A-4EE3-9D44-7A127EFD4BB9}.Release|x86.Build.0 = Release|Any CPU
		{A1F5AB76-6892-418A-9D07-5D211000CFB3}.Debug|Any CPU.ActiveCfg = Debug|Any CPU
		{A1F5AB76-6892-418A-9D07-5D211000CFB3}.Debug|Any CPU.Build.0 = Debug|Any CPU
		{A1F5AB76-6892-418A-9D07-5D211000CFB3}.Debug|x64.ActiveCfg = Debug|Any CPU
		{A1F5AB76-6892-418A-9D07-5D211000CFB3}.Debug|x64.Build.0 = Debug|Any CPU
		{A1F5AB76-6892-418A-9D07-5D211000CFB3}.Debug|x86.ActiveCfg = Debug|Any CPU
		{A1F5AB76-6892-418A-9D07-5D211000CFB3}.Debug|x86.Build.0 = Debug|Any CPU
		{A1F5AB76-6892-418A-9D07-5D211000CFB3}.Release|Any CPU.ActiveCfg = Release|Any CPU
		{A1F5AB76-6892-418A-9D07-5D211000CFB3}.Release|Any CPU.Build.0 = Release|Any CPU
		{A1F5AB76-6892-418A-9D07-5D211000CFB3}.Release|x64.ActiveCfg = Release|Any CPU
		{A1F5AB76-6892-418A-9D07-5D211000CFB3}.Release|x64.Build.0 = Release|Any CPU
		{A1F5AB76-6892-418A-9D07-5D211000CFB3}.Release|x86.ActiveCfg = Release|Any CPU
		{A1F5AB76-6892-418A-9D07-5D211000CFB3}.Release|x86.Build.0 = Release|Any CPU
		{2A1081BE-63A5-482A-83B6-8335A5B8A1BF}.Debug|Any CPU.ActiveCfg = Debug|Any CPU
		{2A1081BE-63A5-482A-83B6-8335A5B8A1BF}.Debug|Any CPU.Build.0 = Debug|Any CPU
		{2A1081BE-63A5-482A-83B6-8335A5B8A1BF}.Debug|x64.ActiveCfg = Debug|Any CPU
		{2A1081BE-63A5-482A-83B6-8335A5B8A1BF}.Debug|x64.Build.0 = Debug|Any CPU
		{2A1081BE-63A5-482A-83B6-8335A5B8A1BF}.Debug|x86.ActiveCfg = Debug|Any CPU
		{2A1081BE-63A5-482A-83B6-8335A5B8A1BF}.Debug|x86.Build.0 = Debug|Any CPU
		{2A1081BE-63A5-482A-83B6-8335A5B8A1BF}.Release|Any CPU.ActiveCfg = Release|Any CPU
		{2A1081BE-63A5-482A-83B6-8335A5B8A1BF}.Release|Any CPU.Build.0 = Release|Any CPU
		{2A1081BE-63A5-482A-83B6-8335A5B8A1BF}.Release|x64.ActiveCfg = Release|Any CPU
		{2A1081BE-63A5-482A-83B6-8335A5B8A1BF}.Release|x64.Build.0 = Release|Any CPU
		{2A1081BE-63A5-482A-83B6-8335A5B8A1BF}.Release|x86.ActiveCfg = Release|Any CPU
		{2A1081BE-63A5-482A-83B6-8335A5B8A1BF}.Release|x86.Build.0 = Release|Any CPU
		{4331A49F-CFC4-4246-979C-FCCA48741EFE}.Debug|Any CPU.ActiveCfg = Debug|Any CPU
		{4331A49F-CFC4-4246-979C-FCCA48741EFE}.Debug|Any CPU.Build.0 = Debug|Any CPU
		{4331A49F-CFC4-4246-979C-FCCA48741EFE}.Debug|x64.ActiveCfg = Debug|Any CPU
		{4331A49F-CFC4-4246-979C-FCCA48741EFE}.Debug|x64.Build.0 = Debug|Any CPU
		{4331A49F-CFC4-4246-979C-FCCA48741EFE}.Debug|x86.ActiveCfg = Debug|Any CPU
		{4331A49F-CFC4-4246-979C-FCCA48741EFE}.Debug|x86.Build.0 = Debug|Any CPU
		{4331A49F-CFC4-4246-979C-FCCA48741EFE}.Release|Any CPU.ActiveCfg = Release|Any CPU
		{4331A49F-CFC4-4246-979C-FCCA48741EFE}.Release|Any CPU.Build.0 = Release|Any CPU
		{4331A49F-CFC4-4246-979C-FCCA48741EFE}.Release|x64.ActiveCfg = Release|Any CPU
		{4331A49F-CFC4-4246-979C-FCCA48741EFE}.Release|x64.Build.0 = Release|Any CPU
		{4331A49F-CFC4-4246-979C-FCCA48741EFE}.Release|x86.ActiveCfg = Release|Any CPU
		{4331A49F-CFC4-4246-979C-FCCA48741EFE}.Release|x86.Build.0 = Release|Any CPU
		{DD38F046-516B-4515-A8C4-AEE7EDE2CD25}.Debug|Any CPU.ActiveCfg = Debug|Any CPU
		{DD38F046-516B-4515-A8C4-AEE7EDE2CD25}.Debug|Any CPU.Build.0 = Debug|Any CPU
		{DD38F046-516B-4515-A8C4-AEE7EDE2CD25}.Debug|x64.ActiveCfg = Debug|Any CPU
		{DD38F046-516B-4515-A8C4-AEE7EDE2CD25}.Debug|x64.Build.0 = Debug|Any CPU
		{DD38F046-516B-4515-A8C4-AEE7EDE2CD25}.Debug|x86.ActiveCfg = Debug|Any CPU
		{DD38F046-516B-4515-A8C4-AEE7EDE2CD25}.Debug|x86.Build.0 = Debug|Any CPU
		{DD38F046-516B-4515-A8C4-AEE7EDE2CD25}.Release|Any CPU.ActiveCfg = Release|Any CPU
		{DD38F046-516B-4515-A8C4-AEE7EDE2CD25}.Release|Any CPU.Build.0 = Release|Any CPU
		{DD38F046-516B-4515-A8C4-AEE7EDE2CD25}.Release|x64.ActiveCfg = Release|Any CPU
		{DD38F046-516B-4515-A8C4-AEE7EDE2CD25}.Release|x64.Build.0 = Release|Any CPU
		{DD38F046-516B-4515-A8C4-AEE7EDE2CD25}.Release|x86.ActiveCfg = Release|Any CPU
		{DD38F046-516B-4515-A8C4-AEE7EDE2CD25}.Release|x86.Build.0 = Release|Any CPU
		{5408F31B-DDDE-40A2-98BB-934D2D9CD413}.Debug|Any CPU.ActiveCfg = Debug|Any CPU
		{5408F31B-DDDE-40A2-98BB-934D2D9CD413}.Debug|Any CPU.Build.0 = Debug|Any CPU
		{5408F31B-DDDE-40A2-98BB-934D2D9CD413}.Debug|x64.ActiveCfg = Debug|Any CPU
		{5408F31B-DDDE-40A2-98BB-934D2D9CD413}.Debug|x64.Build.0 = Debug|Any CPU
		{5408F31B-DDDE-40A2-98BB-934D2D9CD413}.Debug|x86.ActiveCfg = Debug|Any CPU
		{5408F31B-DDDE-40A2-98BB-934D2D9CD413}.Debug|x86.Build.0 = Debug|Any CPU
		{5408F31B-DDDE-40A2-98BB-934D2D9CD413}.Release|Any CPU.ActiveCfg = Release|Any CPU
		{5408F31B-DDDE-40A2-98BB-934D2D9CD413}.Release|Any CPU.Build.0 = Release|Any CPU
		{5408F31B-DDDE-40A2-98BB-934D2D9CD413}.Release|x64.ActiveCfg = Release|Any CPU
		{5408F31B-DDDE-40A2-98BB-934D2D9CD413}.Release|x64.Build.0 = Release|Any CPU
		{5408F31B-DDDE-40A2-98BB-934D2D9CD413}.Release|x86.ActiveCfg = Release|Any CPU
		{5408F31B-DDDE-40A2-98BB-934D2D9CD413}.Release|x86.Build.0 = Release|Any CPU
		{D5663B33-DB7A-4D9D-9E65-784A13E5ADAF}.Debug|Any CPU.ActiveCfg = Debug|Any CPU
		{D5663B33-DB7A-4D9D-9E65-784A13E5ADAF}.Debug|Any CPU.Build.0 = Debug|Any CPU
		{D5663B33-DB7A-4D9D-9E65-784A13E5ADAF}.Debug|x64.ActiveCfg = Debug|Any CPU
		{D5663B33-DB7A-4D9D-9E65-784A13E5ADAF}.Debug|x64.Build.0 = Debug|Any CPU
		{D5663B33-DB7A-4D9D-9E65-784A13E5ADAF}.Debug|x86.ActiveCfg = Debug|Any CPU
		{D5663B33-DB7A-4D9D-9E65-784A13E5ADAF}.Debug|x86.Build.0 = Debug|Any CPU
		{D5663B33-DB7A-4D9D-9E65-784A13E5ADAF}.Release|Any CPU.ActiveCfg = Release|Any CPU
		{D5663B33-DB7A-4D9D-9E65-784A13E5ADAF}.Release|Any CPU.Build.0 = Release|Any CPU
		{D5663B33-DB7A-4D9D-9E65-784A13E5ADAF}.Release|x64.ActiveCfg = Release|Any CPU
		{D5663B33-DB7A-4D9D-9E65-784A13E5ADAF}.Release|x64.Build.0 = Release|Any CPU
		{D5663B33-DB7A-4D9D-9E65-784A13E5ADAF}.Release|x86.ActiveCfg = Release|Any CPU
		{D5663B33-DB7A-4D9D-9E65-784A13E5ADAF}.Release|x86.Build.0 = Release|Any CPU
		{75441D4F-9766-496C-9E51-74A661254AC7}.Debug|Any CPU.ActiveCfg = Debug|Any CPU
		{75441D4F-9766-496C-9E51-74A661254AC7}.Debug|Any CPU.Build.0 = Debug|Any CPU
		{75441D4F-9766-496C-9E51-74A661254AC7}.Debug|x64.ActiveCfg = Debug|Any CPU
		{75441D4F-9766-496C-9E51-74A661254AC7}.Debug|x64.Build.0 = Debug|Any CPU
		{75441D4F-9766-496C-9E51-74A661254AC7}.Debug|x86.ActiveCfg = Debug|Any CPU
		{75441D4F-9766-496C-9E51-74A661254AC7}.Debug|x86.Build.0 = Debug|Any CPU
		{75441D4F-9766-496C-9E51-74A661254AC7}.Release|Any CPU.ActiveCfg = Release|Any CPU
		{75441D4F-9766-496C-9E51-74A661254AC7}.Release|Any CPU.Build.0 = Release|Any CPU
		{75441D4F-9766-496C-9E51-74A661254AC7}.Release|x64.ActiveCfg = Release|Any CPU
		{75441D4F-9766-496C-9E51-74A661254AC7}.Release|x64.Build.0 = Release|Any CPU
		{75441D4F-9766-496C-9E51-74A661254AC7}.Release|x86.ActiveCfg = Release|Any CPU
		{75441D4F-9766-496C-9E51-74A661254AC7}.Release|x86.Build.0 = Release|Any CPU
		{B9FBADB8-F172-4AE2-8E8D-BE849C4F522E}.Debug|Any CPU.ActiveCfg = Debug|Any CPU
		{B9FBADB8-F172-4AE2-8E8D-BE849C4F522E}.Debug|Any CPU.Build.0 = Debug|Any CPU
		{B9FBADB8-F172-4AE2-8E8D-BE849C4F522E}.Debug|x64.ActiveCfg = Debug|Any CPU
		{B9FBADB8-F172-4AE2-8E8D-BE849C4F522E}.Debug|x64.Build.0 = Debug|Any CPU
		{B9FBADB8-F172-4AE2-8E8D-BE849C4F522E}.Debug|x86.ActiveCfg = Debug|Any CPU
		{B9FBADB8-F172-4AE2-8E8D-BE849C4F522E}.Debug|x86.Build.0 = Debug|Any CPU
		{B9FBADB8-F172-4AE2-8E8D-BE849C4F522E}.Release|Any CPU.ActiveCfg = Release|Any CPU
		{B9FBADB8-F172-4AE2-8E8D-BE849C4F522E}.Release|Any CPU.Build.0 = Release|Any CPU
		{B9FBADB8-F172-4AE2-8E8D-BE849C4F522E}.Release|x64.ActiveCfg = Release|Any CPU
		{B9FBADB8-F172-4AE2-8E8D-BE849C4F522E}.Release|x64.Build.0 = Release|Any CPU
		{B9FBADB8-F172-4AE2-8E8D-BE849C4F522E}.Release|x86.ActiveCfg = Release|Any CPU
		{B9FBADB8-F172-4AE2-8E8D-BE849C4F522E}.Release|x86.Build.0 = Release|Any CPU
		{535AD7A0-09A7-4EEA-B5FC-BA85FD16AFD9}.Debug|Any CPU.ActiveCfg = Debug|Any CPU
		{535AD7A0-09A7-4EEA-B5FC-BA85FD16AFD9}.Debug|Any CPU.Build.0 = Debug|Any CPU
		{535AD7A0-09A7-4EEA-B5FC-BA85FD16AFD9}.Debug|x64.ActiveCfg = Debug|Any CPU
		{535AD7A0-09A7-4EEA-B5FC-BA85FD16AFD9}.Debug|x64.Build.0 = Debug|Any CPU
		{535AD7A0-09A7-4EEA-B5FC-BA85FD16AFD9}.Debug|x86.ActiveCfg = Debug|Any CPU
		{535AD7A0-09A7-4EEA-B5FC-BA85FD16AFD9}.Debug|x86.Build.0 = Debug|Any CPU
		{535AD7A0-09A7-4EEA-B5FC-BA85FD16AFD9}.Release|Any CPU.ActiveCfg = Release|Any CPU
		{535AD7A0-09A7-4EEA-B5FC-BA85FD16AFD9}.Release|Any CPU.Build.0 = Release|Any CPU
		{535AD7A0-09A7-4EEA-B5FC-BA85FD16AFD9}.Release|x64.ActiveCfg = Release|Any CPU
		{535AD7A0-09A7-4EEA-B5FC-BA85FD16AFD9}.Release|x64.Build.0 = Release|Any CPU
		{535AD7A0-09A7-4EEA-B5FC-BA85FD16AFD9}.Release|x86.ActiveCfg = Release|Any CPU
		{535AD7A0-09A7-4EEA-B5FC-BA85FD16AFD9}.Release|x86.Build.0 = Release|Any CPU
		{5645B84E-3DBE-4510-AE6D-3FC2D5412FCE}.Debug|Any CPU.ActiveCfg = Debug|Any CPU
		{5645B84E-3DBE-4510-AE6D-3FC2D5412FCE}.Debug|Any CPU.Build.0 = Debug|Any CPU
		{5645B84E-3DBE-4510-AE6D-3FC2D5412FCE}.Debug|x64.ActiveCfg = Debug|Any CPU
		{5645B84E-3DBE-4510-AE6D-3FC2D5412FCE}.Debug|x64.Build.0 = Debug|Any CPU
		{5645B84E-3DBE-4510-AE6D-3FC2D5412FCE}.Debug|x86.ActiveCfg = Debug|Any CPU
		{5645B84E-3DBE-4510-AE6D-3FC2D5412FCE}.Debug|x86.Build.0 = Debug|Any CPU
		{5645B84E-3DBE-4510-AE6D-3FC2D5412FCE}.Release|Any CPU.ActiveCfg = Release|Any CPU
		{5645B84E-3DBE-4510-AE6D-3FC2D5412FCE}.Release|Any CPU.Build.0 = Release|Any CPU
		{5645B84E-3DBE-4510-AE6D-3FC2D5412FCE}.Release|x64.ActiveCfg = Release|Any CPU
		{5645B84E-3DBE-4510-AE6D-3FC2D5412FCE}.Release|x64.Build.0 = Release|Any CPU
		{5645B84E-3DBE-4510-AE6D-3FC2D5412FCE}.Release|x86.ActiveCfg = Release|Any CPU
		{5645B84E-3DBE-4510-AE6D-3FC2D5412FCE}.Release|x86.Build.0 = Release|Any CPU
		{1AA71F34-118A-4D38-A74A-A642DC7C040E}.Debug|Any CPU.ActiveCfg = Debug|Any CPU
		{1AA71F34-118A-4D38-A74A-A642DC7C040E}.Debug|Any CPU.Build.0 = Debug|Any CPU
		{1AA71F34-118A-4D38-A74A-A642DC7C040E}.Debug|x64.ActiveCfg = Debug|Any CPU
		{1AA71F34-118A-4D38-A74A-A642DC7C040E}.Debug|x64.Build.0 = Debug|Any CPU
		{1AA71F34-118A-4D38-A74A-A642DC7C040E}.Debug|x86.ActiveCfg = Debug|Any CPU
		{1AA71F34-118A-4D38-A74A-A642DC7C040E}.Debug|x86.Build.0 = Debug|Any CPU
		{1AA71F34-118A-4D38-A74A-A642DC7C040E}.Release|Any CPU.ActiveCfg = Release|Any CPU
		{1AA71F34-118A-4D38-A74A-A642DC7C040E}.Release|Any CPU.Build.0 = Release|Any CPU
		{1AA71F34-118A-4D38-A74A-A642DC7C040E}.Release|x64.ActiveCfg = Release|Any CPU
		{1AA71F34-118A-4D38-A74A-A642DC7C040E}.Release|x64.Build.0 = Release|Any CPU
		{1AA71F34-118A-4D38-A74A-A642DC7C040E}.Release|x86.ActiveCfg = Release|Any CPU
		{1AA71F34-118A-4D38-A74A-A642DC7C040E}.Release|x86.Build.0 = Release|Any CPU
		{21352AB7-134F-4DE2-8BB2-B91B5C9D373B}.Debug|Any CPU.ActiveCfg = Debug|Any CPU
		{21352AB7-134F-4DE2-8BB2-B91B5C9D373B}.Debug|Any CPU.Build.0 = Debug|Any CPU
		{21352AB7-134F-4DE2-8BB2-B91B5C9D373B}.Debug|x64.ActiveCfg = Debug|Any CPU
		{21352AB7-134F-4DE2-8BB2-B91B5C9D373B}.Debug|x64.Build.0 = Debug|Any CPU
		{21352AB7-134F-4DE2-8BB2-B91B5C9D373B}.Debug|x86.ActiveCfg = Debug|Any CPU
		{21352AB7-134F-4DE2-8BB2-B91B5C9D373B}.Debug|x86.Build.0 = Debug|Any CPU
		{21352AB7-134F-4DE2-8BB2-B91B5C9D373B}.Release|Any CPU.ActiveCfg = Release|Any CPU
		{21352AB7-134F-4DE2-8BB2-B91B5C9D373B}.Release|Any CPU.Build.0 = Release|Any CPU
		{21352AB7-134F-4DE2-8BB2-B91B5C9D373B}.Release|x64.ActiveCfg = Release|Any CPU
		{21352AB7-134F-4DE2-8BB2-B91B5C9D373B}.Release|x64.Build.0 = Release|Any CPU
		{21352AB7-134F-4DE2-8BB2-B91B5C9D373B}.Release|x86.ActiveCfg = Release|Any CPU
		{21352AB7-134F-4DE2-8BB2-B91B5C9D373B}.Release|x86.Build.0 = Release|Any CPU
		{35941D09-55C6-46B7-A135-AA6F1CE548C6}.Debug|Any CPU.ActiveCfg = Debug|Any CPU
		{35941D09-55C6-46B7-A135-AA6F1CE548C6}.Debug|Any CPU.Build.0 = Debug|Any CPU
		{35941D09-55C6-46B7-A135-AA6F1CE548C6}.Debug|x64.ActiveCfg = Debug|Any CPU
		{35941D09-55C6-46B7-A135-AA6F1CE548C6}.Debug|x64.Build.0 = Debug|Any CPU
		{35941D09-55C6-46B7-A135-AA6F1CE548C6}.Debug|x86.ActiveCfg = Debug|Any CPU
		{35941D09-55C6-46B7-A135-AA6F1CE548C6}.Debug|x86.Build.0 = Debug|Any CPU
		{35941D09-55C6-46B7-A135-AA6F1CE548C6}.Release|Any CPU.ActiveCfg = Release|Any CPU
		{35941D09-55C6-46B7-A135-AA6F1CE548C6}.Release|Any CPU.Build.0 = Release|Any CPU
		{35941D09-55C6-46B7-A135-AA6F1CE548C6}.Release|x64.ActiveCfg = Release|Any CPU
		{35941D09-55C6-46B7-A135-AA6F1CE548C6}.Release|x64.Build.0 = Release|Any CPU
		{35941D09-55C6-46B7-A135-AA6F1CE548C6}.Release|x86.ActiveCfg = Release|Any CPU
		{35941D09-55C6-46B7-A135-AA6F1CE548C6}.Release|x86.Build.0 = Release|Any CPU
		{CAE989C0-EDF0-4208-9444-98E4ACE8FCE2}.Debug|Any CPU.ActiveCfg = Debug|Any CPU
		{CAE989C0-EDF0-4208-9444-98E4ACE8FCE2}.Debug|Any CPU.Build.0 = Debug|Any CPU
		{CAE989C0-EDF0-4208-9444-98E4ACE8FCE2}.Debug|x64.ActiveCfg = Debug|Any CPU
		{CAE989C0-EDF0-4208-9444-98E4ACE8FCE2}.Debug|x64.Build.0 = Debug|Any CPU
		{CAE989C0-EDF0-4208-9444-98E4ACE8FCE2}.Debug|x86.ActiveCfg = Debug|Any CPU
		{CAE989C0-EDF0-4208-9444-98E4ACE8FCE2}.Debug|x86.Build.0 = Debug|Any CPU
		{CAE989C0-EDF0-4208-9444-98E4ACE8FCE2}.Release|Any CPU.ActiveCfg = Release|Any CPU
		{CAE989C0-EDF0-4208-9444-98E4ACE8FCE2}.Release|Any CPU.Build.0 = Release|Any CPU
		{CAE989C0-EDF0-4208-9444-98E4ACE8FCE2}.Release|x64.ActiveCfg = Release|Any CPU
		{CAE989C0-EDF0-4208-9444-98E4ACE8FCE2}.Release|x64.Build.0 = Release|Any CPU
		{CAE989C0-EDF0-4208-9444-98E4ACE8FCE2}.Release|x86.ActiveCfg = Release|Any CPU
		{CAE989C0-EDF0-4208-9444-98E4ACE8FCE2}.Release|x86.Build.0 = Release|Any CPU
		{F3EAF090-285C-4C35-887C-91BD31492186}.Debug|Any CPU.ActiveCfg = Debug|Any CPU
		{F3EAF090-285C-4C35-887C-91BD31492186}.Debug|Any CPU.Build.0 = Debug|Any CPU
		{F3EAF090-285C-4C35-887C-91BD31492186}.Debug|x64.ActiveCfg = Debug|Any CPU
		{F3EAF090-285C-4C35-887C-91BD31492186}.Debug|x64.Build.0 = Debug|Any CPU
		{F3EAF090-285C-4C35-887C-91BD31492186}.Debug|x86.ActiveCfg = Debug|Any CPU
		{F3EAF090-285C-4C35-887C-91BD31492186}.Debug|x86.Build.0 = Debug|Any CPU
		{F3EAF090-285C-4C35-887C-91BD31492186}.Release|Any CPU.ActiveCfg = Release|Any CPU
		{F3EAF090-285C-4C35-887C-91BD31492186}.Release|Any CPU.Build.0 = Release|Any CPU
		{F3EAF090-285C-4C35-887C-91BD31492186}.Release|x64.ActiveCfg = Release|Any CPU
		{F3EAF090-285C-4C35-887C-91BD31492186}.Release|x64.Build.0 = Release|Any CPU
		{F3EAF090-285C-4C35-887C-91BD31492186}.Release|x86.ActiveCfg = Release|Any CPU
		{F3EAF090-285C-4C35-887C-91BD31492186}.Release|x86.Build.0 = Release|Any CPU
		{A27B4CBC-42FE-496A-AAF9-70B1D54E14EC}.Debug|Any CPU.ActiveCfg = Debug|Any CPU
		{A27B4CBC-42FE-496A-AAF9-70B1D54E14EC}.Debug|Any CPU.Build.0 = Debug|Any CPU
		{A27B4CBC-42FE-496A-AAF9-70B1D54E14EC}.Debug|x64.ActiveCfg = Debug|Any CPU
		{A27B4CBC-42FE-496A-AAF9-70B1D54E14EC}.Debug|x64.Build.0 = Debug|Any CPU
		{A27B4CBC-42FE-496A-AAF9-70B1D54E14EC}.Debug|x86.ActiveCfg = Debug|Any CPU
		{A27B4CBC-42FE-496A-AAF9-70B1D54E14EC}.Debug|x86.Build.0 = Debug|Any CPU
		{A27B4CBC-42FE-496A-AAF9-70B1D54E14EC}.Release|Any CPU.ActiveCfg = Release|Any CPU
		{A27B4CBC-42FE-496A-AAF9-70B1D54E14EC}.Release|Any CPU.Build.0 = Release|Any CPU
		{A27B4CBC-42FE-496A-AAF9-70B1D54E14EC}.Release|x64.ActiveCfg = Release|Any CPU
		{A27B4CBC-42FE-496A-AAF9-70B1D54E14EC}.Release|x64.Build.0 = Release|Any CPU
		{A27B4CBC-42FE-496A-AAF9-70B1D54E14EC}.Release|x86.ActiveCfg = Release|Any CPU
		{A27B4CBC-42FE-496A-AAF9-70B1D54E14EC}.Release|x86.Build.0 = Release|Any CPU
		{61856710-123F-4B2C-9B62-DF9A3301A75E}.Debug|Any CPU.ActiveCfg = Debug|Any CPU
		{61856710-123F-4B2C-9B62-DF9A3301A75E}.Debug|Any CPU.Build.0 = Debug|Any CPU
		{61856710-123F-4B2C-9B62-DF9A3301A75E}.Debug|x64.ActiveCfg = Debug|Any CPU
		{61856710-123F-4B2C-9B62-DF9A3301A75E}.Debug|x64.Build.0 = Debug|Any CPU
		{61856710-123F-4B2C-9B62-DF9A3301A75E}.Debug|x86.ActiveCfg = Debug|Any CPU
		{61856710-123F-4B2C-9B62-DF9A3301A75E}.Debug|x86.Build.0 = Debug|Any CPU
		{61856710-123F-4B2C-9B62-DF9A3301A75E}.Release|Any CPU.ActiveCfg = Release|Any CPU
		{61856710-123F-4B2C-9B62-DF9A3301A75E}.Release|Any CPU.Build.0 = Release|Any CPU
		{61856710-123F-4B2C-9B62-DF9A3301A75E}.Release|x64.ActiveCfg = Release|Any CPU
		{61856710-123F-4B2C-9B62-DF9A3301A75E}.Release|x64.Build.0 = Release|Any CPU
		{61856710-123F-4B2C-9B62-DF9A3301A75E}.Release|x86.ActiveCfg = Release|Any CPU
		{61856710-123F-4B2C-9B62-DF9A3301A75E}.Release|x86.Build.0 = Release|Any CPU
		{6D5229AE-BDD7-4FB7-BCE7-DBF793164C08}.Debug|Any CPU.ActiveCfg = Debug|Any CPU
		{6D5229AE-BDD7-4FB7-BCE7-DBF793164C08}.Debug|Any CPU.Build.0 = Debug|Any CPU
		{6D5229AE-BDD7-4FB7-BCE7-DBF793164C08}.Debug|x64.ActiveCfg = Debug|Any CPU
		{6D5229AE-BDD7-4FB7-BCE7-DBF793164C08}.Debug|x64.Build.0 = Debug|Any CPU
		{6D5229AE-BDD7-4FB7-BCE7-DBF793164C08}.Debug|x86.ActiveCfg = Debug|Any CPU
		{6D5229AE-BDD7-4FB7-BCE7-DBF793164C08}.Debug|x86.Build.0 = Debug|Any CPU
		{6D5229AE-BDD7-4FB7-BCE7-DBF793164C08}.Release|Any CPU.ActiveCfg = Release|Any CPU
		{6D5229AE-BDD7-4FB7-BCE7-DBF793164C08}.Release|Any CPU.Build.0 = Release|Any CPU
		{6D5229AE-BDD7-4FB7-BCE7-DBF793164C08}.Release|x64.ActiveCfg = Release|Any CPU
		{6D5229AE-BDD7-4FB7-BCE7-DBF793164C08}.Release|x64.Build.0 = Release|Any CPU
		{6D5229AE-BDD7-4FB7-BCE7-DBF793164C08}.Release|x86.ActiveCfg = Release|Any CPU
		{6D5229AE-BDD7-4FB7-BCE7-DBF793164C08}.Release|x86.Build.0 = Release|Any CPU
		{1E34449F-C8A7-49B9-8EB4-CCC035F9F9E2}.Debug|Any CPU.ActiveCfg = Debug|Any CPU
		{1E34449F-C8A7-49B9-8EB4-CCC035F9F9E2}.Debug|Any CPU.Build.0 = Debug|Any CPU
		{1E34449F-C8A7-49B9-8EB4-CCC035F9F9E2}.Debug|x64.ActiveCfg = Debug|Any CPU
		{1E34449F-C8A7-49B9-8EB4-CCC035F9F9E2}.Debug|x64.Build.0 = Debug|Any CPU
		{1E34449F-C8A7-49B9-8EB4-CCC035F9F9E2}.Debug|x86.ActiveCfg = Debug|Any CPU
		{1E34449F-C8A7-49B9-8EB4-CCC035F9F9E2}.Debug|x86.Build.0 = Debug|Any CPU
		{1E34449F-C8A7-49B9-8EB4-CCC035F9F9E2}.Release|Any CPU.ActiveCfg = Release|Any CPU
		{1E34449F-C8A7-49B9-8EB4-CCC035F9F9E2}.Release|Any CPU.Build.0 = Release|Any CPU
		{1E34449F-C8A7-49B9-8EB4-CCC035F9F9E2}.Release|x64.ActiveCfg = Release|Any CPU
		{1E34449F-C8A7-49B9-8EB4-CCC035F9F9E2}.Release|x64.Build.0 = Release|Any CPU
		{1E34449F-C8A7-49B9-8EB4-CCC035F9F9E2}.Release|x86.ActiveCfg = Release|Any CPU
		{1E34449F-C8A7-49B9-8EB4-CCC035F9F9E2}.Release|x86.Build.0 = Release|Any CPU
		{C3BD07E5-4EA8-43DC-9E2E-F1058DFCF500}.Debug|Any CPU.ActiveCfg = Debug|Any CPU
		{C3BD07E5-4EA8-43DC-9E2E-F1058DFCF500}.Debug|Any CPU.Build.0 = Debug|Any CPU
		{C3BD07E5-4EA8-43DC-9E2E-F1058DFCF500}.Debug|x64.ActiveCfg = Debug|Any CPU
		{C3BD07E5-4EA8-43DC-9E2E-F1058DFCF500}.Debug|x64.Build.0 = Debug|Any CPU
		{C3BD07E5-4EA8-43DC-9E2E-F1058DFCF500}.Debug|x86.ActiveCfg = Debug|Any CPU
		{C3BD07E5-4EA8-43DC-9E2E-F1058DFCF500}.Debug|x86.Build.0 = Debug|Any CPU
		{C3BD07E5-4EA8-43DC-9E2E-F1058DFCF500}.Release|Any CPU.ActiveCfg = Release|Any CPU
		{C3BD07E5-4EA8-43DC-9E2E-F1058DFCF500}.Release|Any CPU.Build.0 = Release|Any CPU
		{C3BD07E5-4EA8-43DC-9E2E-F1058DFCF500}.Release|x64.ActiveCfg = Release|Any CPU
		{C3BD07E5-4EA8-43DC-9E2E-F1058DFCF500}.Release|x64.Build.0 = Release|Any CPU
		{C3BD07E5-4EA8-43DC-9E2E-F1058DFCF500}.Release|x86.ActiveCfg = Release|Any CPU
		{C3BD07E5-4EA8-43DC-9E2E-F1058DFCF500}.Release|x86.Build.0 = Release|Any CPU
		{C032D73D-0EFB-4393-AF1E-C9D7BE7461B0}.Debug|Any CPU.ActiveCfg = Debug|Any CPU
		{C032D73D-0EFB-4393-AF1E-C9D7BE7461B0}.Debug|Any CPU.Build.0 = Debug|Any CPU
		{C032D73D-0EFB-4393-AF1E-C9D7BE7461B0}.Debug|x64.ActiveCfg = Debug|Any CPU
		{C032D73D-0EFB-4393-AF1E-C9D7BE7461B0}.Debug|x64.Build.0 = Debug|Any CPU
		{C032D73D-0EFB-4393-AF1E-C9D7BE7461B0}.Debug|x86.ActiveCfg = Debug|Any CPU
		{C032D73D-0EFB-4393-AF1E-C9D7BE7461B0}.Debug|x86.Build.0 = Debug|Any CPU
		{C032D73D-0EFB-4393-AF1E-C9D7BE7461B0}.Release|Any CPU.ActiveCfg = Release|Any CPU
		{C032D73D-0EFB-4393-AF1E-C9D7BE7461B0}.Release|Any CPU.Build.0 = Release|Any CPU
		{C032D73D-0EFB-4393-AF1E-C9D7BE7461B0}.Release|x64.ActiveCfg = Release|Any CPU
		{C032D73D-0EFB-4393-AF1E-C9D7BE7461B0}.Release|x64.Build.0 = Release|Any CPU
		{C032D73D-0EFB-4393-AF1E-C9D7BE7461B0}.Release|x86.ActiveCfg = Release|Any CPU
		{C032D73D-0EFB-4393-AF1E-C9D7BE7461B0}.Release|x86.Build.0 = Release|Any CPU
		{AD6AA3A8-FE0B-474A-B8D2-8FBA6DCFE7A0}.Debug|Any CPU.ActiveCfg = Debug|Any CPU
		{AD6AA3A8-FE0B-474A-B8D2-8FBA6DCFE7A0}.Debug|Any CPU.Build.0 = Debug|Any CPU
		{AD6AA3A8-FE0B-474A-B8D2-8FBA6DCFE7A0}.Debug|x64.ActiveCfg = Debug|Any CPU
		{AD6AA3A8-FE0B-474A-B8D2-8FBA6DCFE7A0}.Debug|x64.Build.0 = Debug|Any CPU
		{AD6AA3A8-FE0B-474A-B8D2-8FBA6DCFE7A0}.Debug|x86.ActiveCfg = Debug|Any CPU
		{AD6AA3A8-FE0B-474A-B8D2-8FBA6DCFE7A0}.Debug|x86.Build.0 = Debug|Any CPU
		{AD6AA3A8-FE0B-474A-B8D2-8FBA6DCFE7A0}.Release|Any CPU.ActiveCfg = Release|Any CPU
		{AD6AA3A8-FE0B-474A-B8D2-8FBA6DCFE7A0}.Release|Any CPU.Build.0 = Release|Any CPU
		{AD6AA3A8-FE0B-474A-B8D2-8FBA6DCFE7A0}.Release|x64.ActiveCfg = Release|Any CPU
		{AD6AA3A8-FE0B-474A-B8D2-8FBA6DCFE7A0}.Release|x64.Build.0 = Release|Any CPU
		{AD6AA3A8-FE0B-474A-B8D2-8FBA6DCFE7A0}.Release|x86.ActiveCfg = Release|Any CPU
		{AD6AA3A8-FE0B-474A-B8D2-8FBA6DCFE7A0}.Release|x86.Build.0 = Release|Any CPU
		{ACA4B701-162C-4D13-80C2-94F6ADB5AA6C}.Debug|Any CPU.ActiveCfg = Debug|Any CPU
		{ACA4B701-162C-4D13-80C2-94F6ADB5AA6C}.Debug|Any CPU.Build.0 = Debug|Any CPU
		{ACA4B701-162C-4D13-80C2-94F6ADB5AA6C}.Debug|x64.ActiveCfg = Debug|Any CPU
		{ACA4B701-162C-4D13-80C2-94F6ADB5AA6C}.Debug|x64.Build.0 = Debug|Any CPU
		{ACA4B701-162C-4D13-80C2-94F6ADB5AA6C}.Debug|x86.ActiveCfg = Debug|Any CPU
		{ACA4B701-162C-4D13-80C2-94F6ADB5AA6C}.Debug|x86.Build.0 = Debug|Any CPU
		{ACA4B701-162C-4D13-80C2-94F6ADB5AA6C}.Release|Any CPU.ActiveCfg = Release|Any CPU
		{ACA4B701-162C-4D13-80C2-94F6ADB5AA6C}.Release|Any CPU.Build.0 = Release|Any CPU
		{ACA4B701-162C-4D13-80C2-94F6ADB5AA6C}.Release|x64.ActiveCfg = Release|Any CPU
		{ACA4B701-162C-4D13-80C2-94F6ADB5AA6C}.Release|x64.Build.0 = Release|Any CPU
		{ACA4B701-162C-4D13-80C2-94F6ADB5AA6C}.Release|x86.ActiveCfg = Release|Any CPU
		{ACA4B701-162C-4D13-80C2-94F6ADB5AA6C}.Release|x86.Build.0 = Release|Any CPU
		{B6BC6339-2154-4E66-997D-A599277D562A}.Debug|Any CPU.ActiveCfg = Debug|Any CPU
		{B6BC6339-2154-4E66-997D-A599277D562A}.Debug|Any CPU.Build.0 = Debug|Any CPU
		{B6BC6339-2154-4E66-997D-A599277D562A}.Debug|x64.ActiveCfg = Debug|Any CPU
		{B6BC6339-2154-4E66-997D-A599277D562A}.Debug|x64.Build.0 = Debug|Any CPU
		{B6BC6339-2154-4E66-997D-A599277D562A}.Debug|x86.ActiveCfg = Debug|Any CPU
		{B6BC6339-2154-4E66-997D-A599277D562A}.Debug|x86.Build.0 = Debug|Any CPU
		{B6BC6339-2154-4E66-997D-A599277D562A}.Release|Any CPU.ActiveCfg = Release|Any CPU
		{B6BC6339-2154-4E66-997D-A599277D562A}.Release|Any CPU.Build.0 = Release|Any CPU
		{B6BC6339-2154-4E66-997D-A599277D562A}.Release|x64.ActiveCfg = Release|Any CPU
		{B6BC6339-2154-4E66-997D-A599277D562A}.Release|x64.Build.0 = Release|Any CPU
		{B6BC6339-2154-4E66-997D-A599277D562A}.Release|x86.ActiveCfg = Release|Any CPU
		{B6BC6339-2154-4E66-997D-A599277D562A}.Release|x86.Build.0 = Release|Any CPU
		{72476DE5-6A7D-4254-86C5-32F38BB7DD89}.Debug|Any CPU.ActiveCfg = Debug|Any CPU
		{72476DE5-6A7D-4254-86C5-32F38BB7DD89}.Debug|Any CPU.Build.0 = Debug|Any CPU
		{72476DE5-6A7D-4254-86C5-32F38BB7DD89}.Debug|x64.ActiveCfg = Debug|Any CPU
		{72476DE5-6A7D-4254-86C5-32F38BB7DD89}.Debug|x64.Build.0 = Debug|Any CPU
		{72476DE5-6A7D-4254-86C5-32F38BB7DD89}.Debug|x86.ActiveCfg = Debug|Any CPU
		{72476DE5-6A7D-4254-86C5-32F38BB7DD89}.Debug|x86.Build.0 = Debug|Any CPU
		{72476DE5-6A7D-4254-86C5-32F38BB7DD89}.Release|Any CPU.ActiveCfg = Release|Any CPU
		{72476DE5-6A7D-4254-86C5-32F38BB7DD89}.Release|Any CPU.Build.0 = Release|Any CPU
		{72476DE5-6A7D-4254-86C5-32F38BB7DD89}.Release|x64.ActiveCfg = Release|Any CPU
		{72476DE5-6A7D-4254-86C5-32F38BB7DD89}.Release|x64.Build.0 = Release|Any CPU
		{72476DE5-6A7D-4254-86C5-32F38BB7DD89}.Release|x86.ActiveCfg = Release|Any CPU
		{72476DE5-6A7D-4254-86C5-32F38BB7DD89}.Release|x86.Build.0 = Release|Any CPU
		{FF2CA584-5342-4950-B776-6767E0DFBD5B}.Debug|Any CPU.ActiveCfg = Debug|Any CPU
		{FF2CA584-5342-4950-B776-6767E0DFBD5B}.Debug|Any CPU.Build.0 = Debug|Any CPU
		{FF2CA584-5342-4950-B776-6767E0DFBD5B}.Debug|x64.ActiveCfg = Debug|Any CPU
		{FF2CA584-5342-4950-B776-6767E0DFBD5B}.Debug|x64.Build.0 = Debug|Any CPU
		{FF2CA584-5342-4950-B776-6767E0DFBD5B}.Debug|x86.ActiveCfg = Debug|Any CPU
		{FF2CA584-5342-4950-B776-6767E0DFBD5B}.Debug|x86.Build.0 = Debug|Any CPU
		{FF2CA584-5342-4950-B776-6767E0DFBD5B}.Release|Any CPU.ActiveCfg = Release|Any CPU
		{FF2CA584-5342-4950-B776-6767E0DFBD5B}.Release|Any CPU.Build.0 = Release|Any CPU
		{FF2CA584-5342-4950-B776-6767E0DFBD5B}.Release|x64.ActiveCfg = Release|Any CPU
		{FF2CA584-5342-4950-B776-6767E0DFBD5B}.Release|x64.Build.0 = Release|Any CPU
		{FF2CA584-5342-4950-B776-6767E0DFBD5B}.Release|x86.ActiveCfg = Release|Any CPU
		{FF2CA584-5342-4950-B776-6767E0DFBD5B}.Release|x86.Build.0 = Release|Any CPU
		{8B2A8B24-662F-4820-AA0F-7EAA3DFAC80D}.Debug|Any CPU.ActiveCfg = Debug|Any CPU
		{8B2A8B24-662F-4820-AA0F-7EAA3DFAC80D}.Debug|Any CPU.Build.0 = Debug|Any CPU
		{8B2A8B24-662F-4820-AA0F-7EAA3DFAC80D}.Debug|x64.ActiveCfg = Debug|Any CPU
		{8B2A8B24-662F-4820-AA0F-7EAA3DFAC80D}.Debug|x64.Build.0 = Debug|Any CPU
		{8B2A8B24-662F-4820-AA0F-7EAA3DFAC80D}.Debug|x86.ActiveCfg = Debug|Any CPU
		{8B2A8B24-662F-4820-AA0F-7EAA3DFAC80D}.Debug|x86.Build.0 = Debug|Any CPU
		{8B2A8B24-662F-4820-AA0F-7EAA3DFAC80D}.Release|Any CPU.ActiveCfg = Release|Any CPU
		{8B2A8B24-662F-4820-AA0F-7EAA3DFAC80D}.Release|Any CPU.Build.0 = Release|Any CPU
		{8B2A8B24-662F-4820-AA0F-7EAA3DFAC80D}.Release|x64.ActiveCfg = Release|Any CPU
		{8B2A8B24-662F-4820-AA0F-7EAA3DFAC80D}.Release|x64.Build.0 = Release|Any CPU
		{8B2A8B24-662F-4820-AA0F-7EAA3DFAC80D}.Release|x86.ActiveCfg = Release|Any CPU
		{8B2A8B24-662F-4820-AA0F-7EAA3DFAC80D}.Release|x86.Build.0 = Release|Any CPU
		{27FB287F-4586-42F8-9854-CAA159135546}.Debug|Any CPU.ActiveCfg = Debug|Any CPU
		{27FB287F-4586-42F8-9854-CAA159135546}.Debug|Any CPU.Build.0 = Debug|Any CPU
		{27FB287F-4586-42F8-9854-CAA159135546}.Debug|x64.ActiveCfg = Debug|Any CPU
		{27FB287F-4586-42F8-9854-CAA159135546}.Debug|x64.Build.0 = Debug|Any CPU
		{27FB287F-4586-42F8-9854-CAA159135546}.Debug|x86.ActiveCfg = Debug|Any CPU
		{27FB287F-4586-42F8-9854-CAA159135546}.Debug|x86.Build.0 = Debug|Any CPU
		{27FB287F-4586-42F8-9854-CAA159135546}.Release|Any CPU.ActiveCfg = Release|Any CPU
		{27FB287F-4586-42F8-9854-CAA159135546}.Release|Any CPU.Build.0 = Release|Any CPU
		{27FB287F-4586-42F8-9854-CAA159135546}.Release|x64.ActiveCfg = Release|Any CPU
		{27FB287F-4586-42F8-9854-CAA159135546}.Release|x64.Build.0 = Release|Any CPU
		{27FB287F-4586-42F8-9854-CAA159135546}.Release|x86.ActiveCfg = Release|Any CPU
		{27FB287F-4586-42F8-9854-CAA159135546}.Release|x86.Build.0 = Release|Any CPU
		{976A8428-AB3C-4AE1-91B1-B950BDA08A5B}.Debug|Any CPU.ActiveCfg = Debug|Any CPU
		{976A8428-AB3C-4AE1-91B1-B950BDA08A5B}.Debug|Any CPU.Build.0 = Debug|Any CPU
		{976A8428-AB3C-4AE1-91B1-B950BDA08A5B}.Debug|x64.ActiveCfg = Debug|Any CPU
		{976A8428-AB3C-4AE1-91B1-B950BDA08A5B}.Debug|x64.Build.0 = Debug|Any CPU
		{976A8428-AB3C-4AE1-91B1-B950BDA08A5B}.Debug|x86.ActiveCfg = Debug|Any CPU
		{976A8428-AB3C-4AE1-91B1-B950BDA08A5B}.Debug|x86.Build.0 = Debug|Any CPU
		{976A8428-AB3C-4AE1-91B1-B950BDA08A5B}.Release|Any CPU.ActiveCfg = Release|Any CPU
		{976A8428-AB3C-4AE1-91B1-B950BDA08A5B}.Release|Any CPU.Build.0 = Release|Any CPU
		{976A8428-AB3C-4AE1-91B1-B950BDA08A5B}.Release|x64.ActiveCfg = Release|Any CPU
		{976A8428-AB3C-4AE1-91B1-B950BDA08A5B}.Release|x64.Build.0 = Release|Any CPU
		{976A8428-AB3C-4AE1-91B1-B950BDA08A5B}.Release|x86.ActiveCfg = Release|Any CPU
		{976A8428-AB3C-4AE1-91B1-B950BDA08A5B}.Release|x86.Build.0 = Release|Any CPU
		{928AA5CC-6F3E-4682-BA8A-E42A6DE58682}.Debug|Any CPU.ActiveCfg = Debug|Any CPU
		{928AA5CC-6F3E-4682-BA8A-E42A6DE58682}.Debug|Any CPU.Build.0 = Debug|Any CPU
		{928AA5CC-6F3E-4682-BA8A-E42A6DE58682}.Debug|x64.ActiveCfg = Debug|Any CPU
		{928AA5CC-6F3E-4682-BA8A-E42A6DE58682}.Debug|x64.Build.0 = Debug|Any CPU
		{928AA5CC-6F3E-4682-BA8A-E42A6DE58682}.Debug|x86.ActiveCfg = Debug|Any CPU
		{928AA5CC-6F3E-4682-BA8A-E42A6DE58682}.Debug|x86.Build.0 = Debug|Any CPU
		{928AA5CC-6F3E-4682-BA8A-E42A6DE58682}.Release|Any CPU.ActiveCfg = Release|Any CPU
		{928AA5CC-6F3E-4682-BA8A-E42A6DE58682}.Release|Any CPU.Build.0 = Release|Any CPU
		{928AA5CC-6F3E-4682-BA8A-E42A6DE58682}.Release|x64.ActiveCfg = Release|Any CPU
		{928AA5CC-6F3E-4682-BA8A-E42A6DE58682}.Release|x64.Build.0 = Release|Any CPU
		{928AA5CC-6F3E-4682-BA8A-E42A6DE58682}.Release|x86.ActiveCfg = Release|Any CPU
		{928AA5CC-6F3E-4682-BA8A-E42A6DE58682}.Release|x86.Build.0 = Release|Any CPU
		{3343EFDF-F2BE-40D6-B54A-017B92B2DD86}.Debug|Any CPU.ActiveCfg = Debug|Any CPU
		{3343EFDF-F2BE-40D6-B54A-017B92B2DD86}.Debug|Any CPU.Build.0 = Debug|Any CPU
		{3343EFDF-F2BE-40D6-B54A-017B92B2DD86}.Debug|x64.ActiveCfg = Debug|Any CPU
		{3343EFDF-F2BE-40D6-B54A-017B92B2DD86}.Debug|x64.Build.0 = Debug|Any CPU
		{3343EFDF-F2BE-40D6-B54A-017B92B2DD86}.Debug|x86.ActiveCfg = Debug|Any CPU
		{3343EFDF-F2BE-40D6-B54A-017B92B2DD86}.Debug|x86.Build.0 = Debug|Any CPU
		{3343EFDF-F2BE-40D6-B54A-017B92B2DD86}.Release|Any CPU.ActiveCfg = Release|Any CPU
		{3343EFDF-F2BE-40D6-B54A-017B92B2DD86}.Release|Any CPU.Build.0 = Release|Any CPU
		{3343EFDF-F2BE-40D6-B54A-017B92B2DD86}.Release|x64.ActiveCfg = Release|Any CPU
		{3343EFDF-F2BE-40D6-B54A-017B92B2DD86}.Release|x64.Build.0 = Release|Any CPU
		{3343EFDF-F2BE-40D6-B54A-017B92B2DD86}.Release|x86.ActiveCfg = Release|Any CPU
		{3343EFDF-F2BE-40D6-B54A-017B92B2DD86}.Release|x86.Build.0 = Release|Any CPU
		{9C3D1882-BD61-48F7-BB78-9F9E72A19529}.Debug|Any CPU.ActiveCfg = Debug|Any CPU
		{9C3D1882-BD61-48F7-BB78-9F9E72A19529}.Debug|Any CPU.Build.0 = Debug|Any CPU
		{9C3D1882-BD61-48F7-BB78-9F9E72A19529}.Debug|x64.ActiveCfg = Debug|Any CPU
		{9C3D1882-BD61-48F7-BB78-9F9E72A19529}.Debug|x64.Build.0 = Debug|Any CPU
		{9C3D1882-BD61-48F7-BB78-9F9E72A19529}.Debug|x86.ActiveCfg = Debug|Any CPU
		{9C3D1882-BD61-48F7-BB78-9F9E72A19529}.Debug|x86.Build.0 = Debug|Any CPU
		{9C3D1882-BD61-48F7-BB78-9F9E72A19529}.Release|Any CPU.ActiveCfg = Release|Any CPU
		{9C3D1882-BD61-48F7-BB78-9F9E72A19529}.Release|Any CPU.Build.0 = Release|Any CPU
		{9C3D1882-BD61-48F7-BB78-9F9E72A19529}.Release|x64.ActiveCfg = Release|Any CPU
		{9C3D1882-BD61-48F7-BB78-9F9E72A19529}.Release|x64.Build.0 = Release|Any CPU
		{9C3D1882-BD61-48F7-BB78-9F9E72A19529}.Release|x86.ActiveCfg = Release|Any CPU
		{9C3D1882-BD61-48F7-BB78-9F9E72A19529}.Release|x86.Build.0 = Release|Any CPU
		{29AC3A60-5C2D-42C8-8B66-C98010C1D3E0}.Debug|Any CPU.ActiveCfg = Debug|Any CPU
		{29AC3A60-5C2D-42C8-8B66-C98010C1D3E0}.Debug|Any CPU.Build.0 = Debug|Any CPU
		{29AC3A60-5C2D-42C8-8B66-C98010C1D3E0}.Debug|x64.ActiveCfg = Debug|Any CPU
		{29AC3A60-5C2D-42C8-8B66-C98010C1D3E0}.Debug|x64.Build.0 = Debug|Any CPU
		{29AC3A60-5C2D-42C8-8B66-C98010C1D3E0}.Debug|x86.ActiveCfg = Debug|Any CPU
		{29AC3A60-5C2D-42C8-8B66-C98010C1D3E0}.Debug|x86.Build.0 = Debug|Any CPU
		{29AC3A60-5C2D-42C8-8B66-C98010C1D3E0}.Release|Any CPU.ActiveCfg = Release|Any CPU
		{29AC3A60-5C2D-42C8-8B66-C98010C1D3E0}.Release|Any CPU.Build.0 = Release|Any CPU
		{29AC3A60-5C2D-42C8-8B66-C98010C1D3E0}.Release|x64.ActiveCfg = Release|Any CPU
		{29AC3A60-5C2D-42C8-8B66-C98010C1D3E0}.Release|x64.Build.0 = Release|Any CPU
		{29AC3A60-5C2D-42C8-8B66-C98010C1D3E0}.Release|x86.ActiveCfg = Release|Any CPU
		{29AC3A60-5C2D-42C8-8B66-C98010C1D3E0}.Release|x86.Build.0 = Release|Any CPU
		{01118750-8436-4CCC-92A4-C2059926EA61}.Debug|Any CPU.ActiveCfg = Debug|Any CPU
		{01118750-8436-4CCC-92A4-C2059926EA61}.Debug|Any CPU.Build.0 = Debug|Any CPU
		{01118750-8436-4CCC-92A4-C2059926EA61}.Debug|x64.ActiveCfg = Debug|Any CPU
		{01118750-8436-4CCC-92A4-C2059926EA61}.Debug|x64.Build.0 = Debug|Any CPU
		{01118750-8436-4CCC-92A4-C2059926EA61}.Debug|x86.ActiveCfg = Debug|Any CPU
		{01118750-8436-4CCC-92A4-C2059926EA61}.Debug|x86.Build.0 = Debug|Any CPU
		{01118750-8436-4CCC-92A4-C2059926EA61}.Release|Any CPU.ActiveCfg = Release|Any CPU
		{01118750-8436-4CCC-92A4-C2059926EA61}.Release|Any CPU.Build.0 = Release|Any CPU
		{01118750-8436-4CCC-92A4-C2059926EA61}.Release|x64.ActiveCfg = Release|Any CPU
		{01118750-8436-4CCC-92A4-C2059926EA61}.Release|x64.Build.0 = Release|Any CPU
		{01118750-8436-4CCC-92A4-C2059926EA61}.Release|x86.ActiveCfg = Release|Any CPU
		{01118750-8436-4CCC-92A4-C2059926EA61}.Release|x86.Build.0 = Release|Any CPU
		{827A5D89-31C8-4F22-AEDE-B0A46A8BDDEB}.Debug|Any CPU.ActiveCfg = Debug|Any CPU
		{827A5D89-31C8-4F22-AEDE-B0A46A8BDDEB}.Debug|Any CPU.Build.0 = Debug|Any CPU
		{827A5D89-31C8-4F22-AEDE-B0A46A8BDDEB}.Debug|x64.ActiveCfg = Debug|Any CPU
		{827A5D89-31C8-4F22-AEDE-B0A46A8BDDEB}.Debug|x64.Build.0 = Debug|Any CPU
		{827A5D89-31C8-4F22-AEDE-B0A46A8BDDEB}.Debug|x86.ActiveCfg = Debug|Any CPU
		{827A5D89-31C8-4F22-AEDE-B0A46A8BDDEB}.Debug|x86.Build.0 = Debug|Any CPU
		{827A5D89-31C8-4F22-AEDE-B0A46A8BDDEB}.Release|Any CPU.ActiveCfg = Release|Any CPU
		{827A5D89-31C8-4F22-AEDE-B0A46A8BDDEB}.Release|Any CPU.Build.0 = Release|Any CPU
		{827A5D89-31C8-4F22-AEDE-B0A46A8BDDEB}.Release|x64.ActiveCfg = Release|Any CPU
		{827A5D89-31C8-4F22-AEDE-B0A46A8BDDEB}.Release|x64.Build.0 = Release|Any CPU
		{827A5D89-31C8-4F22-AEDE-B0A46A8BDDEB}.Release|x86.ActiveCfg = Release|Any CPU
		{827A5D89-31C8-4F22-AEDE-B0A46A8BDDEB}.Release|x86.Build.0 = Release|Any CPU
		{F94BB79E-0ECA-4235-98E8-8E70C160144C}.Debug|Any CPU.ActiveCfg = Debug|Any CPU
		{F94BB79E-0ECA-4235-98E8-8E70C160144C}.Debug|Any CPU.Build.0 = Debug|Any CPU
		{F94BB79E-0ECA-4235-98E8-8E70C160144C}.Debug|x64.ActiveCfg = Debug|Any CPU
		{F94BB79E-0ECA-4235-98E8-8E70C160144C}.Debug|x64.Build.0 = Debug|Any CPU
		{F94BB79E-0ECA-4235-98E8-8E70C160144C}.Debug|x86.ActiveCfg = Debug|Any CPU
		{F94BB79E-0ECA-4235-98E8-8E70C160144C}.Debug|x86.Build.0 = Debug|Any CPU
		{F94BB79E-0ECA-4235-98E8-8E70C160144C}.Release|Any CPU.ActiveCfg = Release|Any CPU
		{F94BB79E-0ECA-4235-98E8-8E70C160144C}.Release|Any CPU.Build.0 = Release|Any CPU
		{F94BB79E-0ECA-4235-98E8-8E70C160144C}.Release|x64.ActiveCfg = Release|Any CPU
		{F94BB79E-0ECA-4235-98E8-8E70C160144C}.Release|x64.Build.0 = Release|Any CPU
		{F94BB79E-0ECA-4235-98E8-8E70C160144C}.Release|x86.ActiveCfg = Release|Any CPU
		{F94BB79E-0ECA-4235-98E8-8E70C160144C}.Release|x86.Build.0 = Release|Any CPU
		{F0ADE5A6-DE77-4B9F-908A-FAD4972378E8}.Debug|Any CPU.ActiveCfg = Debug|Any CPU
		{F0ADE5A6-DE77-4B9F-908A-FAD4972378E8}.Debug|Any CPU.Build.0 = Debug|Any CPU
		{F0ADE5A6-DE77-4B9F-908A-FAD4972378E8}.Debug|x64.ActiveCfg = Debug|Any CPU
		{F0ADE5A6-DE77-4B9F-908A-FAD4972378E8}.Debug|x64.Build.0 = Debug|Any CPU
		{F0ADE5A6-DE77-4B9F-908A-FAD4972378E8}.Debug|x86.ActiveCfg = Debug|Any CPU
		{F0ADE5A6-DE77-4B9F-908A-FAD4972378E8}.Debug|x86.Build.0 = Debug|Any CPU
		{F0ADE5A6-DE77-4B9F-908A-FAD4972378E8}.Release|Any CPU.ActiveCfg = Release|Any CPU
		{F0ADE5A6-DE77-4B9F-908A-FAD4972378E8}.Release|Any CPU.Build.0 = Release|Any CPU
		{F0ADE5A6-DE77-4B9F-908A-FAD4972378E8}.Release|x64.ActiveCfg = Release|Any CPU
		{F0ADE5A6-DE77-4B9F-908A-FAD4972378E8}.Release|x64.Build.0 = Release|Any CPU
		{F0ADE5A6-DE77-4B9F-908A-FAD4972378E8}.Release|x86.ActiveCfg = Release|Any CPU
		{F0ADE5A6-DE77-4B9F-908A-FAD4972378E8}.Release|x86.Build.0 = Release|Any CPU
		{BD012DEF-A38D-42B3-9329-4C01D876CECE}.Debug|Any CPU.ActiveCfg = Debug|Any CPU
		{BD012DEF-A38D-42B3-9329-4C01D876CECE}.Debug|Any CPU.Build.0 = Debug|Any CPU
		{BD012DEF-A38D-42B3-9329-4C01D876CECE}.Debug|x64.ActiveCfg = Debug|Any CPU
		{BD012DEF-A38D-42B3-9329-4C01D876CECE}.Debug|x64.Build.0 = Debug|Any CPU
		{BD012DEF-A38D-42B3-9329-4C01D876CECE}.Debug|x86.ActiveCfg = Debug|Any CPU
		{BD012DEF-A38D-42B3-9329-4C01D876CECE}.Debug|x86.Build.0 = Debug|Any CPU
		{BD012DEF-A38D-42B3-9329-4C01D876CECE}.Release|Any CPU.ActiveCfg = Release|Any CPU
		{BD012DEF-A38D-42B3-9329-4C01D876CECE}.Release|Any CPU.Build.0 = Release|Any CPU
		{BD012DEF-A38D-42B3-9329-4C01D876CECE}.Release|x64.ActiveCfg = Release|Any CPU
		{BD012DEF-A38D-42B3-9329-4C01D876CECE}.Release|x64.Build.0 = Release|Any CPU
		{BD012DEF-A38D-42B3-9329-4C01D876CECE}.Release|x86.ActiveCfg = Release|Any CPU
		{BD012DEF-A38D-42B3-9329-4C01D876CECE}.Release|x86.Build.0 = Release|Any CPU
		{0960672D-B9C3-49C2-9CC2-5866258AC28F}.Debug|Any CPU.ActiveCfg = Debug|Any CPU
		{0960672D-B9C3-49C2-9CC2-5866258AC28F}.Debug|Any CPU.Build.0 = Debug|Any CPU
		{0960672D-B9C3-49C2-9CC2-5866258AC28F}.Debug|x64.ActiveCfg = Debug|Any CPU
		{0960672D-B9C3-49C2-9CC2-5866258AC28F}.Debug|x64.Build.0 = Debug|Any CPU
		{0960672D-B9C3-49C2-9CC2-5866258AC28F}.Debug|x86.ActiveCfg = Debug|Any CPU
		{0960672D-B9C3-49C2-9CC2-5866258AC28F}.Debug|x86.Build.0 = Debug|Any CPU
		{0960672D-B9C3-49C2-9CC2-5866258AC28F}.Release|Any CPU.ActiveCfg = Release|Any CPU
		{0960672D-B9C3-49C2-9CC2-5866258AC28F}.Release|Any CPU.Build.0 = Release|Any CPU
		{0960672D-B9C3-49C2-9CC2-5866258AC28F}.Release|x64.ActiveCfg = Release|Any CPU
		{0960672D-B9C3-49C2-9CC2-5866258AC28F}.Release|x64.Build.0 = Release|Any CPU
		{0960672D-B9C3-49C2-9CC2-5866258AC28F}.Release|x86.ActiveCfg = Release|Any CPU
		{0960672D-B9C3-49C2-9CC2-5866258AC28F}.Release|x86.Build.0 = Release|Any CPU
		{872C0935-4D83-4B6E-B655-B24E4AD32160}.Debug|Any CPU.ActiveCfg = Debug|Any CPU
		{872C0935-4D83-4B6E-B655-B24E4AD32160}.Debug|Any CPU.Build.0 = Debug|Any CPU
		{872C0935-4D83-4B6E-B655-B24E4AD32160}.Debug|x64.ActiveCfg = Debug|Any CPU
		{872C0935-4D83-4B6E-B655-B24E4AD32160}.Debug|x64.Build.0 = Debug|Any CPU
		{872C0935-4D83-4B6E-B655-B24E4AD32160}.Debug|x86.ActiveCfg = Debug|Any CPU
		{872C0935-4D83-4B6E-B655-B24E4AD32160}.Debug|x86.Build.0 = Debug|Any CPU
		{872C0935-4D83-4B6E-B655-B24E4AD32160}.Release|Any CPU.ActiveCfg = Release|Any CPU
		{872C0935-4D83-4B6E-B655-B24E4AD32160}.Release|Any CPU.Build.0 = Release|Any CPU
		{872C0935-4D83-4B6E-B655-B24E4AD32160}.Release|x64.ActiveCfg = Release|Any CPU
		{872C0935-4D83-4B6E-B655-B24E4AD32160}.Release|x64.Build.0 = Release|Any CPU
		{872C0935-4D83-4B6E-B655-B24E4AD32160}.Release|x86.ActiveCfg = Release|Any CPU
		{872C0935-4D83-4B6E-B655-B24E4AD32160}.Release|x86.Build.0 = Release|Any CPU
		{EACEE1C0-BA27-4B9A-B0DA-67DBB4D8D22B}.Debug|Any CPU.ActiveCfg = Debug|Any CPU
		{EACEE1C0-BA27-4B9A-B0DA-67DBB4D8D22B}.Debug|Any CPU.Build.0 = Debug|Any CPU
		{EACEE1C0-BA27-4B9A-B0DA-67DBB4D8D22B}.Debug|x64.ActiveCfg = Debug|Any CPU
		{EACEE1C0-BA27-4B9A-B0DA-67DBB4D8D22B}.Debug|x64.Build.0 = Debug|Any CPU
		{EACEE1C0-BA27-4B9A-B0DA-67DBB4D8D22B}.Debug|x86.ActiveCfg = Debug|Any CPU
		{EACEE1C0-BA27-4B9A-B0DA-67DBB4D8D22B}.Debug|x86.Build.0 = Debug|Any CPU
		{EACEE1C0-BA27-4B9A-B0DA-67DBB4D8D22B}.Release|Any CPU.ActiveCfg = Release|Any CPU
		{EACEE1C0-BA27-4B9A-B0DA-67DBB4D8D22B}.Release|Any CPU.Build.0 = Release|Any CPU
		{EACEE1C0-BA27-4B9A-B0DA-67DBB4D8D22B}.Release|x64.ActiveCfg = Release|Any CPU
		{EACEE1C0-BA27-4B9A-B0DA-67DBB4D8D22B}.Release|x64.Build.0 = Release|Any CPU
		{EACEE1C0-BA27-4B9A-B0DA-67DBB4D8D22B}.Release|x86.ActiveCfg = Release|Any CPU
		{EACEE1C0-BA27-4B9A-B0DA-67DBB4D8D22B}.Release|x86.Build.0 = Release|Any CPU
		{26C50FA7-CEF6-415F-B170-C3E44A5E9670}.Debug|Any CPU.ActiveCfg = Debug|Any CPU
		{26C50FA7-CEF6-415F-B170-C3E44A5E9670}.Debug|Any CPU.Build.0 = Debug|Any CPU
		{26C50FA7-CEF6-415F-B170-C3E44A5E9670}.Debug|x64.ActiveCfg = Debug|Any CPU
		{26C50FA7-CEF6-415F-B170-C3E44A5E9670}.Debug|x64.Build.0 = Debug|Any CPU
		{26C50FA7-CEF6-415F-B170-C3E44A5E9670}.Debug|x86.ActiveCfg = Debug|Any CPU
		{26C50FA7-CEF6-415F-B170-C3E44A5E9670}.Debug|x86.Build.0 = Debug|Any CPU
		{26C50FA7-CEF6-415F-B170-C3E44A5E9670}.Release|Any CPU.ActiveCfg = Release|Any CPU
		{26C50FA7-CEF6-415F-B170-C3E44A5E9670}.Release|Any CPU.Build.0 = Release|Any CPU
		{26C50FA7-CEF6-415F-B170-C3E44A5E9670}.Release|x64.ActiveCfg = Release|Any CPU
		{26C50FA7-CEF6-415F-B170-C3E44A5E9670}.Release|x64.Build.0 = Release|Any CPU
		{26C50FA7-CEF6-415F-B170-C3E44A5E9670}.Release|x86.ActiveCfg = Release|Any CPU
		{26C50FA7-CEF6-415F-B170-C3E44A5E9670}.Release|x86.Build.0 = Release|Any CPU
		{12CAA6D4-5EFF-4600-82C3-8DC1FD00E0B8}.Debug|Any CPU.ActiveCfg = Debug|Any CPU
		{12CAA6D4-5EFF-4600-82C3-8DC1FD00E0B8}.Debug|Any CPU.Build.0 = Debug|Any CPU
		{12CAA6D4-5EFF-4600-82C3-8DC1FD00E0B8}.Debug|x64.ActiveCfg = Debug|Any CPU
		{12CAA6D4-5EFF-4600-82C3-8DC1FD00E0B8}.Debug|x64.Build.0 = Debug|Any CPU
		{12CAA6D4-5EFF-4600-82C3-8DC1FD00E0B8}.Debug|x86.ActiveCfg = Debug|Any CPU
		{12CAA6D4-5EFF-4600-82C3-8DC1FD00E0B8}.Debug|x86.Build.0 = Debug|Any CPU
		{12CAA6D4-5EFF-4600-82C3-8DC1FD00E0B8}.Release|Any CPU.ActiveCfg = Release|Any CPU
		{12CAA6D4-5EFF-4600-82C3-8DC1FD00E0B8}.Release|Any CPU.Build.0 = Release|Any CPU
		{12CAA6D4-5EFF-4600-82C3-8DC1FD00E0B8}.Release|x64.ActiveCfg = Release|Any CPU
		{12CAA6D4-5EFF-4600-82C3-8DC1FD00E0B8}.Release|x64.Build.0 = Release|Any CPU
		{12CAA6D4-5EFF-4600-82C3-8DC1FD00E0B8}.Release|x86.ActiveCfg = Release|Any CPU
		{12CAA6D4-5EFF-4600-82C3-8DC1FD00E0B8}.Release|x86.Build.0 = Release|Any CPU
		{0A1784BC-A202-42E8-BDD4-FFBAD956D0DC}.Debug|Any CPU.ActiveCfg = Debug|Any CPU
		{0A1784BC-A202-42E8-BDD4-FFBAD956D0DC}.Debug|Any CPU.Build.0 = Debug|Any CPU
		{0A1784BC-A202-42E8-BDD4-FFBAD956D0DC}.Debug|x64.ActiveCfg = Debug|Any CPU
		{0A1784BC-A202-42E8-BDD4-FFBAD956D0DC}.Debug|x64.Build.0 = Debug|Any CPU
		{0A1784BC-A202-42E8-BDD4-FFBAD956D0DC}.Debug|x86.ActiveCfg = Debug|Any CPU
		{0A1784BC-A202-42E8-BDD4-FFBAD956D0DC}.Debug|x86.Build.0 = Debug|Any CPU
		{0A1784BC-A202-42E8-BDD4-FFBAD956D0DC}.Release|Any CPU.ActiveCfg = Release|Any CPU
		{0A1784BC-A202-42E8-BDD4-FFBAD956D0DC}.Release|Any CPU.Build.0 = Release|Any CPU
		{0A1784BC-A202-42E8-BDD4-FFBAD956D0DC}.Release|x64.ActiveCfg = Release|Any CPU
		{0A1784BC-A202-42E8-BDD4-FFBAD956D0DC}.Release|x64.Build.0 = Release|Any CPU
		{0A1784BC-A202-42E8-BDD4-FFBAD956D0DC}.Release|x86.ActiveCfg = Release|Any CPU
		{0A1784BC-A202-42E8-BDD4-FFBAD956D0DC}.Release|x86.Build.0 = Release|Any CPU
		{549356A5-9D74-4F18-A0C5-D28860B2F6EB}.Debug|Any CPU.ActiveCfg = Debug|Any CPU
		{549356A5-9D74-4F18-A0C5-D28860B2F6EB}.Debug|Any CPU.Build.0 = Debug|Any CPU
		{549356A5-9D74-4F18-A0C5-D28860B2F6EB}.Debug|x64.ActiveCfg = Debug|Any CPU
		{549356A5-9D74-4F18-A0C5-D28860B2F6EB}.Debug|x64.Build.0 = Debug|Any CPU
		{549356A5-9D74-4F18-A0C5-D28860B2F6EB}.Debug|x86.ActiveCfg = Debug|Any CPU
		{549356A5-9D74-4F18-A0C5-D28860B2F6EB}.Debug|x86.Build.0 = Debug|Any CPU
		{549356A5-9D74-4F18-A0C5-D28860B2F6EB}.Release|Any CPU.ActiveCfg = Release|Any CPU
		{549356A5-9D74-4F18-A0C5-D28860B2F6EB}.Release|Any CPU.Build.0 = Release|Any CPU
		{549356A5-9D74-4F18-A0C5-D28860B2F6EB}.Release|x64.ActiveCfg = Release|Any CPU
		{549356A5-9D74-4F18-A0C5-D28860B2F6EB}.Release|x64.Build.0 = Release|Any CPU
		{549356A5-9D74-4F18-A0C5-D28860B2F6EB}.Release|x86.ActiveCfg = Release|Any CPU
		{549356A5-9D74-4F18-A0C5-D28860B2F6EB}.Release|x86.Build.0 = Release|Any CPU
		{B1B5A16B-43B9-48C2-9941-9A79C6AF032D}.Debug|Any CPU.ActiveCfg = Debug|Any CPU
		{B1B5A16B-43B9-48C2-9941-9A79C6AF032D}.Debug|Any CPU.Build.0 = Debug|Any CPU
		{B1B5A16B-43B9-48C2-9941-9A79C6AF032D}.Debug|x64.ActiveCfg = Debug|Any CPU
		{B1B5A16B-43B9-48C2-9941-9A79C6AF032D}.Debug|x64.Build.0 = Debug|Any CPU
		{B1B5A16B-43B9-48C2-9941-9A79C6AF032D}.Debug|x86.ActiveCfg = Debug|Any CPU
		{B1B5A16B-43B9-48C2-9941-9A79C6AF032D}.Debug|x86.Build.0 = Debug|Any CPU
		{B1B5A16B-43B9-48C2-9941-9A79C6AF032D}.Release|Any CPU.ActiveCfg = Release|Any CPU
		{B1B5A16B-43B9-48C2-9941-9A79C6AF032D}.Release|Any CPU.Build.0 = Release|Any CPU
		{B1B5A16B-43B9-48C2-9941-9A79C6AF032D}.Release|x64.ActiveCfg = Release|Any CPU
		{B1B5A16B-43B9-48C2-9941-9A79C6AF032D}.Release|x64.Build.0 = Release|Any CPU
		{B1B5A16B-43B9-48C2-9941-9A79C6AF032D}.Release|x86.ActiveCfg = Release|Any CPU
		{B1B5A16B-43B9-48C2-9941-9A79C6AF032D}.Release|x86.Build.0 = Release|Any CPU
		{06B2BABD-23B6-448B-84E6-5060E599C1C3}.Debug|Any CPU.ActiveCfg = Debug|Any CPU
		{06B2BABD-23B6-448B-84E6-5060E599C1C3}.Debug|Any CPU.Build.0 = Debug|Any CPU
		{06B2BABD-23B6-448B-84E6-5060E599C1C3}.Debug|x64.ActiveCfg = Debug|Any CPU
		{06B2BABD-23B6-448B-84E6-5060E599C1C3}.Debug|x64.Build.0 = Debug|Any CPU
		{06B2BABD-23B6-448B-84E6-5060E599C1C3}.Debug|x86.ActiveCfg = Debug|Any CPU
		{06B2BABD-23B6-448B-84E6-5060E599C1C3}.Debug|x86.Build.0 = Debug|Any CPU
		{06B2BABD-23B6-448B-84E6-5060E599C1C3}.Release|Any CPU.ActiveCfg = Release|Any CPU
		{06B2BABD-23B6-448B-84E6-5060E599C1C3}.Release|Any CPU.Build.0 = Release|Any CPU
		{06B2BABD-23B6-448B-84E6-5060E599C1C3}.Release|x64.ActiveCfg = Release|Any CPU
		{06B2BABD-23B6-448B-84E6-5060E599C1C3}.Release|x64.Build.0 = Release|Any CPU
		{06B2BABD-23B6-448B-84E6-5060E599C1C3}.Release|x86.ActiveCfg = Release|Any CPU
		{06B2BABD-23B6-448B-84E6-5060E599C1C3}.Release|x86.Build.0 = Release|Any CPU
		{D60298FA-D4C2-400B-815B-DF95C7879588}.Debug|Any CPU.ActiveCfg = Debug|Any CPU
		{D60298FA-D4C2-400B-815B-DF95C7879588}.Debug|Any CPU.Build.0 = Debug|Any CPU
		{D60298FA-D4C2-400B-815B-DF95C7879588}.Debug|x64.ActiveCfg = Debug|Any CPU
		{D60298FA-D4C2-400B-815B-DF95C7879588}.Debug|x64.Build.0 = Debug|Any CPU
		{D60298FA-D4C2-400B-815B-DF95C7879588}.Debug|x86.ActiveCfg = Debug|Any CPU
		{D60298FA-D4C2-400B-815B-DF95C7879588}.Debug|x86.Build.0 = Debug|Any CPU
		{D60298FA-D4C2-400B-815B-DF95C7879588}.Release|Any CPU.ActiveCfg = Release|Any CPU
		{D60298FA-D4C2-400B-815B-DF95C7879588}.Release|Any CPU.Build.0 = Release|Any CPU
		{D60298FA-D4C2-400B-815B-DF95C7879588}.Release|x64.ActiveCfg = Release|Any CPU
		{D60298FA-D4C2-400B-815B-DF95C7879588}.Release|x64.Build.0 = Release|Any CPU
		{D60298FA-D4C2-400B-815B-DF95C7879588}.Release|x86.ActiveCfg = Release|Any CPU
		{D60298FA-D4C2-400B-815B-DF95C7879588}.Release|x86.Build.0 = Release|Any CPU
		{86D08AF0-07A3-4344-9D64-47BD75D1EF8F}.Debug|Any CPU.ActiveCfg = Debug|Any CPU
		{86D08AF0-07A3-4344-9D64-47BD75D1EF8F}.Debug|Any CPU.Build.0 = Debug|Any CPU
		{86D08AF0-07A3-4344-9D64-47BD75D1EF8F}.Debug|x64.ActiveCfg = Debug|Any CPU
		{86D08AF0-07A3-4344-9D64-47BD75D1EF8F}.Debug|x64.Build.0 = Debug|Any CPU
		{86D08AF0-07A3-4344-9D64-47BD75D1EF8F}.Debug|x86.ActiveCfg = Debug|Any CPU
		{86D08AF0-07A3-4344-9D64-47BD75D1EF8F}.Debug|x86.Build.0 = Debug|Any CPU
		{86D08AF0-07A3-4344-9D64-47BD75D1EF8F}.Release|Any CPU.ActiveCfg = Release|Any CPU
		{86D08AF0-07A3-4344-9D64-47BD75D1EF8F}.Release|Any CPU.Build.0 = Release|Any CPU
		{86D08AF0-07A3-4344-9D64-47BD75D1EF8F}.Release|x64.ActiveCfg = Release|Any CPU
		{86D08AF0-07A3-4344-9D64-47BD75D1EF8F}.Release|x64.Build.0 = Release|Any CPU
		{86D08AF0-07A3-4344-9D64-47BD75D1EF8F}.Release|x86.ActiveCfg = Release|Any CPU
		{86D08AF0-07A3-4344-9D64-47BD75D1EF8F}.Release|x86.Build.0 = Release|Any CPU
		{B6872571-4D00-49F1-B14D-63D2FE6E19A6}.Debug|Any CPU.ActiveCfg = Debug|Any CPU
		{B6872571-4D00-49F1-B14D-63D2FE6E19A6}.Debug|Any CPU.Build.0 = Debug|Any CPU
		{B6872571-4D00-49F1-B14D-63D2FE6E19A6}.Debug|x64.ActiveCfg = Debug|Any CPU
		{B6872571-4D00-49F1-B14D-63D2FE6E19A6}.Debug|x64.Build.0 = Debug|Any CPU
		{B6872571-4D00-49F1-B14D-63D2FE6E19A6}.Debug|x86.ActiveCfg = Debug|Any CPU
		{B6872571-4D00-49F1-B14D-63D2FE6E19A6}.Debug|x86.Build.0 = Debug|Any CPU
		{B6872571-4D00-49F1-B14D-63D2FE6E19A6}.Release|Any CPU.ActiveCfg = Release|Any CPU
		{B6872571-4D00-49F1-B14D-63D2FE6E19A6}.Release|Any CPU.Build.0 = Release|Any CPU
		{B6872571-4D00-49F1-B14D-63D2FE6E19A6}.Release|x64.ActiveCfg = Release|Any CPU
		{B6872571-4D00-49F1-B14D-63D2FE6E19A6}.Release|x64.Build.0 = Release|Any CPU
		{B6872571-4D00-49F1-B14D-63D2FE6E19A6}.Release|x86.ActiveCfg = Release|Any CPU
		{B6872571-4D00-49F1-B14D-63D2FE6E19A6}.Release|x86.Build.0 = Release|Any CPU
		{B6AA3C4E-7C4B-4CC3-BC00-FA11D45FBD79}.Debug|Any CPU.ActiveCfg = Debug|Any CPU
		{B6AA3C4E-7C4B-4CC3-BC00-FA11D45FBD79}.Debug|Any CPU.Build.0 = Debug|Any CPU
		{B6AA3C4E-7C4B-4CC3-BC00-FA11D45FBD79}.Debug|x64.ActiveCfg = Debug|Any CPU
		{B6AA3C4E-7C4B-4CC3-BC00-FA11D45FBD79}.Debug|x64.Build.0 = Debug|Any CPU
		{B6AA3C4E-7C4B-4CC3-BC00-FA11D45FBD79}.Debug|x86.ActiveCfg = Debug|Any CPU
		{B6AA3C4E-7C4B-4CC3-BC00-FA11D45FBD79}.Debug|x86.Build.0 = Debug|Any CPU
		{B6AA3C4E-7C4B-4CC3-BC00-FA11D45FBD79}.Release|Any CPU.ActiveCfg = Release|Any CPU
		{B6AA3C4E-7C4B-4CC3-BC00-FA11D45FBD79}.Release|Any CPU.Build.0 = Release|Any CPU
		{B6AA3C4E-7C4B-4CC3-BC00-FA11D45FBD79}.Release|x64.ActiveCfg = Release|Any CPU
		{B6AA3C4E-7C4B-4CC3-BC00-FA11D45FBD79}.Release|x64.Build.0 = Release|Any CPU
		{B6AA3C4E-7C4B-4CC3-BC00-FA11D45FBD79}.Release|x86.ActiveCfg = Release|Any CPU
		{B6AA3C4E-7C4B-4CC3-BC00-FA11D45FBD79}.Release|x86.Build.0 = Release|Any CPU
		{78AA2F78-C272-4A2E-8D11-61237F0F1A13}.Debug|Any CPU.ActiveCfg = Debug|Any CPU
		{78AA2F78-C272-4A2E-8D11-61237F0F1A13}.Debug|Any CPU.Build.0 = Debug|Any CPU
		{78AA2F78-C272-4A2E-8D11-61237F0F1A13}.Debug|x64.ActiveCfg = Debug|Any CPU
		{78AA2F78-C272-4A2E-8D11-61237F0F1A13}.Debug|x64.Build.0 = Debug|Any CPU
		{78AA2F78-C272-4A2E-8D11-61237F0F1A13}.Debug|x86.ActiveCfg = Debug|Any CPU
		{78AA2F78-C272-4A2E-8D11-61237F0F1A13}.Debug|x86.Build.0 = Debug|Any CPU
		{78AA2F78-C272-4A2E-8D11-61237F0F1A13}.Release|Any CPU.ActiveCfg = Release|Any CPU
		{78AA2F78-C272-4A2E-8D11-61237F0F1A13}.Release|Any CPU.Build.0 = Release|Any CPU
		{78AA2F78-C272-4A2E-8D11-61237F0F1A13}.Release|x64.ActiveCfg = Release|Any CPU
		{78AA2F78-C272-4A2E-8D11-61237F0F1A13}.Release|x64.Build.0 = Release|Any CPU
		{78AA2F78-C272-4A2E-8D11-61237F0F1A13}.Release|x86.ActiveCfg = Release|Any CPU
		{78AA2F78-C272-4A2E-8D11-61237F0F1A13}.Release|x86.Build.0 = Release|Any CPU
		{BAC52847-FBC4-4C75-9505-4F8E7A9C1985}.Debug|Any CPU.ActiveCfg = Debug|Any CPU
		{BAC52847-FBC4-4C75-9505-4F8E7A9C1985}.Debug|Any CPU.Build.0 = Debug|Any CPU
		{BAC52847-FBC4-4C75-9505-4F8E7A9C1985}.Debug|x64.ActiveCfg = Debug|Any CPU
		{BAC52847-FBC4-4C75-9505-4F8E7A9C1985}.Debug|x64.Build.0 = Debug|Any CPU
		{BAC52847-FBC4-4C75-9505-4F8E7A9C1985}.Debug|x86.ActiveCfg = Debug|Any CPU
		{BAC52847-FBC4-4C75-9505-4F8E7A9C1985}.Debug|x86.Build.0 = Debug|Any CPU
		{BAC52847-FBC4-4C75-9505-4F8E7A9C1985}.Release|Any CPU.ActiveCfg = Release|Any CPU
		{BAC52847-FBC4-4C75-9505-4F8E7A9C1985}.Release|Any CPU.Build.0 = Release|Any CPU
		{BAC52847-FBC4-4C75-9505-4F8E7A9C1985}.Release|x64.ActiveCfg = Release|Any CPU
		{BAC52847-FBC4-4C75-9505-4F8E7A9C1985}.Release|x64.Build.0 = Release|Any CPU
		{BAC52847-FBC4-4C75-9505-4F8E7A9C1985}.Release|x86.ActiveCfg = Release|Any CPU
		{BAC52847-FBC4-4C75-9505-4F8E7A9C1985}.Release|x86.Build.0 = Release|Any CPU
		{C39B1FAA-1748-445A-AD5B-9AF3F12E901D}.Debug|Any CPU.ActiveCfg = Debug|Any CPU
		{C39B1FAA-1748-445A-AD5B-9AF3F12E901D}.Debug|Any CPU.Build.0 = Debug|Any CPU
		{C39B1FAA-1748-445A-AD5B-9AF3F12E901D}.Debug|x64.ActiveCfg = Debug|Any CPU
		{C39B1FAA-1748-445A-AD5B-9AF3F12E901D}.Debug|x64.Build.0 = Debug|Any CPU
		{C39B1FAA-1748-445A-AD5B-9AF3F12E901D}.Debug|x86.ActiveCfg = Debug|Any CPU
		{C39B1FAA-1748-445A-AD5B-9AF3F12E901D}.Debug|x86.Build.0 = Debug|Any CPU
		{C39B1FAA-1748-445A-AD5B-9AF3F12E901D}.Release|Any CPU.ActiveCfg = Release|Any CPU
		{C39B1FAA-1748-445A-AD5B-9AF3F12E901D}.Release|Any CPU.Build.0 = Release|Any CPU
		{C39B1FAA-1748-445A-AD5B-9AF3F12E901D}.Release|x64.ActiveCfg = Release|Any CPU
		{C39B1FAA-1748-445A-AD5B-9AF3F12E901D}.Release|x64.Build.0 = Release|Any CPU
		{C39B1FAA-1748-445A-AD5B-9AF3F12E901D}.Release|x86.ActiveCfg = Release|Any CPU
		{C39B1FAA-1748-445A-AD5B-9AF3F12E901D}.Release|x86.Build.0 = Release|Any CPU
		{5569F329-6B5E-4F60-8845-3DD03C6A398A}.Debug|Any CPU.ActiveCfg = Debug|Any CPU
		{5569F329-6B5E-4F60-8845-3DD03C6A398A}.Debug|Any CPU.Build.0 = Debug|Any CPU
		{5569F329-6B5E-4F60-8845-3DD03C6A398A}.Debug|x64.ActiveCfg = Debug|Any CPU
		{5569F329-6B5E-4F60-8845-3DD03C6A398A}.Debug|x64.Build.0 = Debug|Any CPU
		{5569F329-6B5E-4F60-8845-3DD03C6A398A}.Debug|x86.ActiveCfg = Debug|Any CPU
		{5569F329-6B5E-4F60-8845-3DD03C6A398A}.Debug|x86.Build.0 = Debug|Any CPU
		{5569F329-6B5E-4F60-8845-3DD03C6A398A}.Release|Any CPU.ActiveCfg = Release|Any CPU
		{5569F329-6B5E-4F60-8845-3DD03C6A398A}.Release|Any CPU.Build.0 = Release|Any CPU
		{5569F329-6B5E-4F60-8845-3DD03C6A398A}.Release|x64.ActiveCfg = Release|Any CPU
		{5569F329-6B5E-4F60-8845-3DD03C6A398A}.Release|x64.Build.0 = Release|Any CPU
		{5569F329-6B5E-4F60-8845-3DD03C6A398A}.Release|x86.ActiveCfg = Release|Any CPU
		{5569F329-6B5E-4F60-8845-3DD03C6A398A}.Release|x86.Build.0 = Release|Any CPU
		{21FA3EF0-961A-4825-918F-B1140AAA7D4E}.Debug|Any CPU.ActiveCfg = Debug|Any CPU
		{21FA3EF0-961A-4825-918F-B1140AAA7D4E}.Debug|Any CPU.Build.0 = Debug|Any CPU
		{21FA3EF0-961A-4825-918F-B1140AAA7D4E}.Debug|x64.ActiveCfg = Debug|Any CPU
		{21FA3EF0-961A-4825-918F-B1140AAA7D4E}.Debug|x64.Build.0 = Debug|Any CPU
		{21FA3EF0-961A-4825-918F-B1140AAA7D4E}.Debug|x86.ActiveCfg = Debug|Any CPU
		{21FA3EF0-961A-4825-918F-B1140AAA7D4E}.Debug|x86.Build.0 = Debug|Any CPU
		{21FA3EF0-961A-4825-918F-B1140AAA7D4E}.Release|Any CPU.ActiveCfg = Release|Any CPU
		{21FA3EF0-961A-4825-918F-B1140AAA7D4E}.Release|Any CPU.Build.0 = Release|Any CPU
		{21FA3EF0-961A-4825-918F-B1140AAA7D4E}.Release|x64.ActiveCfg = Release|Any CPU
		{21FA3EF0-961A-4825-918F-B1140AAA7D4E}.Release|x64.Build.0 = Release|Any CPU
		{21FA3EF0-961A-4825-918F-B1140AAA7D4E}.Release|x86.ActiveCfg = Release|Any CPU
		{21FA3EF0-961A-4825-918F-B1140AAA7D4E}.Release|x86.Build.0 = Release|Any CPU
	EndGlobalSection
	GlobalSection(SolutionProperties) = preSolution
		HideSolutionNode = FALSE
	EndGlobalSection
	GlobalSection(NestedProjects) = preSolution
		{1C2C2395-BCB2-8950-4214-433CDC37ED2E} = {6C4D298B-81FB-2B6B-5AB6-46205EDDC72C}
		{B6A0A56C-D110-3DB7-E6EB-535AF374CD51} = {1C2C2395-BCB2-8950-4214-433CDC37ED2E}
		{B3CAA1C0-BD1E-49CB-8C0F-A8DB96490C0D} = {B6A0A56C-D110-3DB7-E6EB-535AF374CD51}
		{C4E2A1D7-9F3B-4A8E-BF12-6D7A8E935C41} = {B6A0A56C-D110-3DB7-E6EB-535AF374CD51}
		{6F6008FD-A6C2-43F2-876B-AA49BD7310D8} = {B6A0A56C-D110-3DB7-E6EB-535AF374CD51}
		{2DBA0381-A6F2-4739-8A57-18630E80E6EA} = {B6A0A56C-D110-3DB7-E6EB-535AF374CD51}
		{2C1F83D5-781A-4EE3-9D44-7A127EFD4BB9} = {B6A0A56C-D110-3DB7-E6EB-535AF374CD51}
		{A1F5AB76-6892-418A-9D07-5D211000CFB3} = {B6A0A56C-D110-3DB7-E6EB-535AF374CD51}
		{53E68328-A0FE-B527-1FBE-1100FE20283E} = {1C2C2395-BCB2-8950-4214-433CDC37ED2E}
		{2A1081BE-63A5-482A-83B6-8335A5B8A1BF} = {53E68328-A0FE-B527-1FBE-1100FE20283E}
		{4331A49F-CFC4-4246-979C-FCCA48741EFE} = {53E68328-A0FE-B527-1FBE-1100FE20283E}
		{DD38F046-516B-4515-A8C4-AEE7EDE2CD25} = {53E68328-A0FE-B527-1FBE-1100FE20283E}
		{5408F31B-DDDE-40A2-98BB-934D2D9CD413} = {53E68328-A0FE-B527-1FBE-1100FE20283E}
		{D5663B33-DB7A-4D9D-9E65-784A13E5ADAF} = {53E68328-A0FE-B527-1FBE-1100FE20283E}
		{75441D4F-9766-496C-9E51-74A661254AC7} = {53E68328-A0FE-B527-1FBE-1100FE20283E}
		{B9FBADB8-F172-4AE2-8E8D-BE849C4F522E} = {53E68328-A0FE-B527-1FBE-1100FE20283E}
		{B3E787ED-A8D1-8798-B362-4423A32FC7B1} = {1C2C2395-BCB2-8950-4214-433CDC37ED2E}
		{535AD7A0-09A7-4EEA-B5FC-BA85FD16AFD9} = {B3E787ED-A8D1-8798-B362-4423A32FC7B1}
		{5645B84E-3DBE-4510-AE6D-3FC2D5412FCE} = {B3E787ED-A8D1-8798-B362-4423A32FC7B1}
		{1AA71F34-118A-4D38-A74A-A642DC7C040E} = {B3E787ED-A8D1-8798-B362-4423A32FC7B1}
		{21352AB7-134F-4DE2-8BB2-B91B5C9D373B} = {B3E787ED-A8D1-8798-B362-4423A32FC7B1}
		{35941D09-55C6-46B7-A135-AA6F1CE548C6} = {B3E787ED-A8D1-8798-B362-4423A32FC7B1}
		{5F00DC25-592E-C0F3-3685-F8A242BEDAF5} = {1C2C2395-BCB2-8950-4214-433CDC37ED2E}
		{CAE989C0-EDF0-4208-9444-98E4ACE8FCE2} = {5F00DC25-592E-C0F3-3685-F8A242BEDAF5}
		{55C97B76-B746-2748-6A13-0AE8838FAAAA} = {1C2C2395-BCB2-8950-4214-433CDC37ED2E}
		{F3EAF090-285C-4C35-887C-91BD31492186} = {55C97B76-B746-2748-6A13-0AE8838FAAAA}
		{A27B4CBC-42FE-496A-AAF9-70B1D54E14EC} = {55C97B76-B746-2748-6A13-0AE8838FAAAA}
		{61856710-123F-4B2C-9B62-DF9A3301A75E} = {55C97B76-B746-2748-6A13-0AE8838FAAAA}
		{6D5229AE-BDD7-4FB7-BCE7-DBF793164C08} = {55C97B76-B746-2748-6A13-0AE8838FAAAA}
		{1E34449F-C8A7-49B9-8EB4-CCC035F9F9E2} = {55C97B76-B746-2748-6A13-0AE8838FAAAA}
		{1E2B6A5F-8AB0-4814-056E-2232B1494CC6} = {1C2C2395-BCB2-8950-4214-433CDC37ED2E}
		{C3BD07E5-4EA8-43DC-9E2E-F1058DFCF500} = {1E2B6A5F-8AB0-4814-056E-2232B1494CC6}
		{C032D73D-0EFB-4393-AF1E-C9D7BE7461B0} = {1E2B6A5F-8AB0-4814-056E-2232B1494CC6}
		{12A621F9-E674-0EAA-5C20-628C7A461E52} = {1C2C2395-BCB2-8950-4214-433CDC37ED2E}
		{AD6AA3A8-FE0B-474A-B8D2-8FBA6DCFE7A0} = {12A621F9-E674-0EAA-5C20-628C7A461E52}
		{ACA4B701-162C-4D13-80C2-94F6ADB5AA6C} = {12A621F9-E674-0EAA-5C20-628C7A461E52}
		{E70624DB-5086-92EA-A7DA-DA400B6A823C} = {6C4D298B-81FB-2B6B-5AB6-46205EDDC72C}
		{B6BC6339-2154-4E66-997D-A599277D562A} = {E70624DB-5086-92EA-A7DA-DA400B6A823C}
		{72476DE5-6A7D-4254-86C5-32F38BB7DD89} = {E70624DB-5086-92EA-A7DA-DA400B6A823C}
		{FF2CA584-5342-4950-B776-6767E0DFBD5B} = {E70624DB-5086-92EA-A7DA-DA400B6A823C}
		{8B2A8B24-662F-4820-AA0F-7EAA3DFAC80D} = {E70624DB-5086-92EA-A7DA-DA400B6A823C}
		{27FB287F-4586-42F8-9854-CAA159135546} = {9123F88B-E531-3118-42D7-ED8CEF4BD00E}
		{976A8428-AB3C-4AE1-91B1-B950BDA08A5B} = {9123F88B-E531-3118-42D7-ED8CEF4BD00E}
		{928AA5CC-6F3E-4682-BA8A-E42A6DE58682} = {9123F88B-E531-3118-42D7-ED8CEF4BD00E}
		{AA000001-0000-0000-0000-000000000001} = {1787FE1D-075E-9E68-7218-25F1BD1BBEAB}
		{AA000002-0000-0000-0000-000000000002} = {1787FE1D-075E-9E68-7218-25F1BD1BBEAB}
		{3343EFDF-F2BE-40D6-B54A-017B92B2DD86} = {AA000001-0000-0000-0000-000000000001}
		{9C3D1882-BD61-48F7-BB78-9F9E72A19529} = {AA000001-0000-0000-0000-000000000001}
		{29AC3A60-5C2D-42C8-8B66-C98010C1D3E0} = {AA000002-0000-0000-0000-000000000002}
		{01118750-8436-4CCC-92A4-C2059926EA61} = {AA000002-0000-0000-0000-000000000002}
		{827A5D89-31C8-4F22-AEDE-B0A46A8BDDEB} = {AA000002-0000-0000-0000-000000000002}
		{F94BB79E-0ECA-4235-98E8-8E70C160144C} = {AA000002-0000-0000-0000-000000000002}
		{F0ADE5A6-DE77-4B9F-908A-FAD4972378E8} = {E70624DB-5086-92EA-A7DA-DA400B6A823C}
		{BD012DEF-A38D-42B3-9329-4C01D876CECE} = {E70624DB-5086-92EA-A7DA-DA400B6A823C}
		{A1B2C3D4-E5F6-7890-ABCD-EF1234567890} = {AA000001-0000-0000-0000-000000000001}
		{B2C3D4E5-F6A7-8901-BCDE-F12345678901} = {12A621F9-E674-0EAA-5C20-628C7A461E52}
		{C3D4E5F6-A7B8-9012-CDEF-123456789012} = {55C97B76-B746-2748-6A13-0AE8838FAAAA}
		{D4E5F6A7-B8C9-0123-DEF0-234567890123} = {55C97B76-B746-2748-6A13-0AE8838FAAAA}
		{E5F6A7B8-C9D0-1234-EF01-345678901234} = {5F00DC25-592E-C0F3-3685-F8A242BEDAF5}
		{F1A2B3C4-D5E6-7890-ABCD-EF0123456789} = {E70624DB-5086-92EA-A7DA-DA400B6A823C}
		{A2B3C4D5-E6F7-8901-BCDE-F01234567890} = {AA000001-0000-0000-0000-000000000001}
		{0960672D-B9C3-49C2-9CC2-5866258AC28F} = {AA000001-0000-0000-0000-000000000001}
		{872C0935-4D83-4B6E-B655-B24E4AD32160} = {AA000002-0000-0000-0000-000000000002}
		{EACEE1C0-BA27-4B9A-B0DA-67DBB4D8D22B} = {AA000002-0000-0000-0000-000000000002}
		{D0774FE0-2E3B-E84B-F064-6B274061C592} = {1C2C2395-BCB2-8950-4214-433CDC37ED2E}
		{26C50FA7-CEF6-415F-B170-C3E44A5E9670} = {D0774FE0-2E3B-E84B-F064-6B274061C592}
		{12CAA6D4-5EFF-4600-82C3-8DC1FD00E0B8} = {D0774FE0-2E3B-E84B-F064-6B274061C592}
		{0A1784BC-A202-42E8-BDD4-FFBAD956D0DC} = {D0774FE0-2E3B-E84B-F064-6B274061C592}
		{549356A5-9D74-4F18-A0C5-D28860B2F6EB} = {D0774FE0-2E3B-E84B-F064-6B274061C592}
		{B1B5A16B-43B9-48C2-9941-9A79C6AF032D} = {D0774FE0-2E3B-E84B-F064-6B274061C592}
		{06B2BABD-23B6-448B-84E6-5060E599C1C3} = {D0774FE0-2E3B-E84B-F064-6B274061C592}
		{D60298FA-D4C2-400B-815B-DF95C7879588} = {D0774FE0-2E3B-E84B-F064-6B274061C592}
		{86D08AF0-07A3-4344-9D64-47BD75D1EF8F} = {D0774FE0-2E3B-E84B-F064-6B274061C592}
		{B6872571-4D00-49F1-B14D-63D2FE6E19A6} = {E70624DB-5086-92EA-A7DA-DA400B6A823C}
		{155D99DD-D690-8AD6-E0BC-CC6A5C77773A} = {1C2C2395-BCB2-8950-4214-433CDC37ED2E}
		{B6AA3C4E-7C4B-4CC3-BC00-FA11D45FBD79} = {155D99DD-D690-8AD6-E0BC-CC6A5C77773A}
		{F1E0D065-1409-F45D-17BF-A2CC4A6495D3} = {1787FE1D-075E-9E68-7218-25F1BD1BBEAB}
		{2008C063-1415-AA01-E543-F0ABDFF087CD} = {F1E0D065-1409-F45D-17BF-A2CC4A6495D3}
		{8C6B1457-25B0-E6F5-550E-3BC059FF514E} = {2008C063-1415-AA01-E543-F0ABDFF087CD}
		{78AA2F78-C272-4A2E-8D11-61237F0F1A13} = {8C6B1457-25B0-E6F5-550E-3BC059FF514E}
		{4230969C-DA4E-B534-922E-8FE32E7537A2} = {2008C063-1415-AA01-E543-F0ABDFF087CD}
		{BAC52847-FBC4-4C75-9505-4F8E7A9C1985} = {4230969C-DA4E-B534-922E-8FE32E7537A2}
		{C39B1FAA-1748-445A-AD5B-9AF3F12E901D} = {0AB3BF05-4346-4AA6-1389-037BE0695223}
		{76574C50-D78A-F699-2FF7-A4DFD19DE699} = {1787FE1D-075E-9E68-7218-25F1BD1BBEAB}
		{EAA23161-32F9-C476-033F-BEF3F6E6D6CE} = {76574C50-D78A-F699-2FF7-A4DFD19DE699}
		{D27943CA-10A9-B451-78CE-C59B7CE453F2} = {EAA23161-32F9-C476-033F-BEF3F6E6D6CE}
		{5569F329-6B5E-4F60-8845-3DD03C6A398A} = {D27943CA-10A9-B451-78CE-C59B7CE453F2}
		{08D9A4D4-749F-6758-6281-928F4AAABEC8} = {EAA23161-32F9-C476-033F-BEF3F6E6D6CE}
		{21FA3EF0-961A-4825-918F-B1140AAA7D4E} = {08D9A4D4-749F-6758-6281-928F4AAABEC8}
	EndGlobalSection
EndGlobal
