Microsoft Visual Studio Solution File, Format Version 12.00
# Visual Studio Version 17
VisualStudioVersion = 17.0.31903.59
MinimumVisualStudioVersion = 10.0.40219.1
Project("{2150E333-8FDC-42A3-9474-1A3956D46DE8}") = "Apps", "Apps", "{0DC47552-51BE-4F2A-A3E4-D556C3BD6EC8}"
EndProject
Project("{2150E333-8FDC-42A3-9474-1A3956D46DE8}") = "clients", "clients", "{80249A4A-BDC8-4AD1-8F6E-00F1DECC3FF4}"
EndProject
Project("{2150E333-8FDC-42A3-9474-1A3956D46DE8}") = "libs", "libs", "{23781BA6-140D-4BE7-8219-D0B86157B093}"
EndProject
Project("{2150E333-8FDC-42A3-9474-1A3956D46DE8}") = "tests", "tests", "{982112C6-35D5-4377-8B21-829490682942}"
EndProject
Project("{2150E333-8FDC-42A3-9474-1A3956D46DE8}") = "tools", "tools", "{BC645269-352A-4BB1-A075-CB6872F6CC25}"
EndProject
Project("{2150E333-8FDC-42A3-9474-1A3956D46DE8}") = "Ashare", "Ashare", "{966BCF94-794D-4CB6-B549-87D6CD4B398D}"
EndProject
Project("{2150E333-8FDC-42A3-9474-1A3956D46DE8}") = "Ashare.V2", "Ashare.V2", "{F8D41C69-D2BF-434B-A931-E2EF94F0B1DE}"
EndProject
Project("{2150E333-8FDC-42A3-9474-1A3956D46DE8}") = "Ejar", "Ejar", "{FE21FC7E-3B17-44D8-8E05-19D51CBAA0B0}"
EndProject
Project("{2150E333-8FDC-42A3-9474-1A3956D46DE8}") = "Order", "Order", "{0F53A8D0-B704-4083-B583-BA813C2770D1}"
EndProject
Project("{2150E333-8FDC-42A3-9474-1A3956D46DE8}") = "Order.V2", "Order.V2", "{6E5B01FA-7146-460F-8C0C-F847FE22E34B}"
EndProject
Project("{2150E333-8FDC-42A3-9474-1A3956D46DE8}") = "kits", "kits", "{DBEB11E1-DFB2-4EDD-8D11-6A574405B15E}"
EndProject
Project("{2150E333-8FDC-42A3-9474-1A3956D46DE8}") = "_archive", "_archive", "{7089033E-1D59-4872-9EA8-40B3E1393F99}"
EndProject
Project("{2150E333-8FDC-42A3-9474-1A3956D46DE8}") = "Admin", "Admin", "{5CE3A108-F9C6-4FB4-82F2-97B85CB75043}"
EndProject
Project("{2150E333-8FDC-42A3-9474-1A3956D46DE8}") = "Customer", "Customer", "{87F6C71F-9203-46C8-81B2-EF6AA9450E23}"
EndProject
Project("{2150E333-8FDC-42A3-9474-1A3956D46DE8}") = "Provider", "Provider", "{88AAE69E-7CBA-417A-BFC9-0B4CCFAF67D1}"
EndProject
Project("{2150E333-8FDC-42A3-9474-1A3956D46DE8}") = "Admin", "Admin", "{6F1BD5A4-8866-4792-8907-8BB36BFFC161}"
EndProject
Project("{2150E333-8FDC-42A3-9474-1A3956D46DE8}") = "Customer", "Customer", "{D918997E-5F95-48BB-AD18-7B17CDF162D4}"
EndProject
Project("{2150E333-8FDC-42A3-9474-1A3956D46DE8}") = "Provider", "Provider", "{B86D53FC-CCD8-4AC5-8287-60DC3BA75F6B}"
EndProject
Project("{2150E333-8FDC-42A3-9474-1A3956D46DE8}") = "Admin", "Admin", "{74E61C1F-E5B4-4FF0-9384-282EFDBA8611}"
EndProject
Project("{2150E333-8FDC-42A3-9474-1A3956D46DE8}") = "Customer", "Customer", "{C16D120B-27CB-4BF9-A549-CFA6F054967F}"
EndProject
Project("{2150E333-8FDC-42A3-9474-1A3956D46DE8}") = "Provider", "Provider", "{81A861EE-4E46-4ACB-8A49-C0B554CBF7CC}"
EndProject
Project("{2150E333-8FDC-42A3-9474-1A3956D46DE8}") = "Admin", "Admin", "{CBF3CF45-489C-4FE2-81B1-312AEFDEE38F}"
EndProject
Project("{2150E333-8FDC-42A3-9474-1A3956D46DE8}") = "Customer", "Customer", "{51EF774C-DA54-4584-89B4-23D700FC8250}"
EndProject
Project("{2150E333-8FDC-42A3-9474-1A3956D46DE8}") = "Vendor", "Vendor", "{97DB352D-A94B-4178-B8D9-7DFE13D2A8AC}"
EndProject
Project("{2150E333-8FDC-42A3-9474-1A3956D46DE8}") = "Admin", "Admin", "{D75D89DB-D1C1-469C-B3D8-56C0981E7649}"
EndProject
Project("{2150E333-8FDC-42A3-9474-1A3956D46DE8}") = "Customer", "Customer", "{4EDCBCBB-B470-4536-8226-5A34B0F50911}"
EndProject
Project("{2150E333-8FDC-42A3-9474-1A3956D46DE8}") = "Vendor", "Vendor", "{9B74342E-A6B5-4E13-AA7E-8FC955EF70E6}"
EndProject
Project("{2150E333-8FDC-42A3-9474-1A3956D46DE8}") = "Auth", "Auth", "{879392CE-ABE0-40D0-82BB-75AB7DB51F73}"
EndProject
Project("{2150E333-8FDC-42A3-9474-1A3956D46DE8}") = "Auth.TwoFactor", "Auth.TwoFactor", "{9C8526E1-7853-4F68-96A0-4C6EB1DE2660}"
EndProject
Project("{2150E333-8FDC-42A3-9474-1A3956D46DE8}") = "Bookings", "Bookings", "{7D6136D2-86C5-4BB8-8E1D-3364EEEC0980}"
EndProject
Project("{2150E333-8FDC-42A3-9474-1A3956D46DE8}") = "Cache", "Cache", "{C4D61E5E-0EEF-4700-8407-99AD07A132A3}"
EndProject
Project("{2150E333-8FDC-42A3-9474-1A3956D46DE8}") = "Chat", "Chat", "{A305E617-E460-43EC-9574-FBF311FE6895}"
EndProject
Project("{2150E333-8FDC-42A3-9474-1A3956D46DE8}") = "Core", "Core", "{BC0EBBAB-57AF-42A0-ACEC-645A70FAE0A8}"
EndProject
Project("{2150E333-8FDC-42A3-9474-1A3956D46DE8}") = "Culture", "Culture", "{B9A0F377-FA34-4F40-AB1D-9A59687AE3A9}"
EndProject
Project("{2150E333-8FDC-42A3-9474-1A3956D46DE8}") = "Favorites", "Favorites", "{8DECB31D-E898-49FF-B834-4ED43DC6528B}"
EndProject
Project("{2150E333-8FDC-42A3-9474-1A3956D46DE8}") = "Files", "Files", "{B94E46AC-EFC5-4736-BEB8-BE231E3DB6F5}"
EndProject
Project("{2150E333-8FDC-42A3-9474-1A3956D46DE8}") = "L10n", "L10n", "{FEA52277-3099-456C-99AC-A305264A4F2C}"
EndProject
Project("{2150E333-8FDC-42A3-9474-1A3956D46DE8}") = "Notifications", "Notifications", "{2D149EDD-402F-4374-B870-36EFB0F27D08}"
EndProject
Project("{2150E333-8FDC-42A3-9474-1A3956D46DE8}") = "Payments", "Payments", "{C5C1BFAB-4AAE-4EEF-8685-D1722194D5C3}"
EndProject
Project("{2150E333-8FDC-42A3-9474-1A3956D46DE8}") = "Permissions", "Permissions", "{A24832A1-97CF-4F6F-BBDB-96E7BA43EC0D}"
EndProject
Project("{2150E333-8FDC-42A3-9474-1A3956D46DE8}") = "Platform", "Platform", "{0B6185B2-30D1-4695-AEE6-091BF9E631E4}"
EndProject
Project("{2150E333-8FDC-42A3-9474-1A3956D46DE8}") = "Realtime", "Realtime", "{7EEF52B6-2960-4AE7-BF0F-C94328074ABC}"
EndProject
Project("{2150E333-8FDC-42A3-9474-1A3956D46DE8}") = "Subscriptions", "Subscriptions", "{ADEBDB8D-038B-4CBF-8209-57DC6886522E}"
EndProject
Project("{2150E333-8FDC-42A3-9474-1A3956D46DE8}") = "Templates", "Templates", "{1C95BA10-1245-49D9-9B8B-D8C388598C4F}"
EndProject
Project("{2150E333-8FDC-42A3-9474-1A3956D46DE8}") = "Translations", "Translations", "{659B41D9-DB5A-4865-B517-B719F50DE44E}"
EndProject
Project("{2150E333-8FDC-42A3-9474-1A3956D46DE8}") = "Widgets", "Widgets", "{25939398-54F0-475E-940C-FFFF63642639}"
EndProject
Project("{2150E333-8FDC-42A3-9474-1A3956D46DE8}") = "Backend", "Backend", "{256EDF10-E382-4B9E-9C88-30BBC81BBEF3}"
EndProject
Project("{2150E333-8FDC-42A3-9474-1A3956D46DE8}") = "Frontend", "Frontend", "{AEB3604A-EFA9-4D4B-8F12-DB605FE703C1}"
EndProject
Project("{2150E333-8FDC-42A3-9474-1A3956D46DE8}") = "Backend", "Backend", "{2AE81444-50F2-4F09-BD5B-396112EFB340}"
EndProject
Project("{2150E333-8FDC-42A3-9474-1A3956D46DE8}") = "Frontend", "Frontend", "{5F6D2FF8-9E9E-4BCB-8410-B200CB33A6DF}"
EndProject
Project("{2150E333-8FDC-42A3-9474-1A3956D46DE8}") = "Frontend", "Frontend", "{0088B899-741F-4A5A-AF7F-4A3726F21C2C}"
EndProject
Project("{2150E333-8FDC-42A3-9474-1A3956D46DE8}") = "Backend", "Backend", "{C691FB5B-DFD5-499A-9467-67C5ED2A375A}"
EndProject
Project("{2150E333-8FDC-42A3-9474-1A3956D46DE8}") = "Frontend", "Frontend", "{0EA3544F-6F1E-4721-A3B4-4EF57F1A00E4}"
EndProject
Project("{2150E333-8FDC-42A3-9474-1A3956D46DE8}") = "Backend", "Backend", "{5C36C008-0C8E-4D71-A26F-F273C55E6C90}"
EndProject
Project("{2150E333-8FDC-42A3-9474-1A3956D46DE8}") = "Frontend", "Frontend", "{6A7DF1D4-EFA1-4D93-AA55-2190FE45BD1E}"
EndProject
Project("{2150E333-8FDC-42A3-9474-1A3956D46DE8}") = "Frontend", "Frontend", "{2582E582-7410-4337-804C-4653493574B8}"
EndProject
Project("{2150E333-8FDC-42A3-9474-1A3956D46DE8}") = "Backend", "Backend", "{49C07700-4A93-44B9-8162-CBBF1D59D6E0}"
EndProject
Project("{2150E333-8FDC-42A3-9474-1A3956D46DE8}") = "Frontend", "Frontend", "{5F0CB696-B175-4039-AA9A-ED7EABFCE151}"
EndProject
Project("{2150E333-8FDC-42A3-9474-1A3956D46DE8}") = "Backend", "Backend", "{DD485284-BD65-4710-A3FD-33E31DCD7AEC}"
EndProject
Project("{2150E333-8FDC-42A3-9474-1A3956D46DE8}") = "Frontend", "Frontend", "{A9921F0E-79DB-42FE-AB97-216541590553}"
EndProject
Project("{2150E333-8FDC-42A3-9474-1A3956D46DE8}") = "Backend", "Backend", "{C5C653E4-1801-498B-9887-4E3013476562}"
EndProject
Project("{2150E333-8FDC-42A3-9474-1A3956D46DE8}") = "Frontend", "Frontend", "{40074939-7135-445C-A12E-79EB0DE28F04}"
EndProject
Project("{2150E333-8FDC-42A3-9474-1A3956D46DE8}") = "Backend", "Backend", "{C6ED75C8-07EC-4338-A664-23115348F218}"
EndProject
Project("{2150E333-8FDC-42A3-9474-1A3956D46DE8}") = "Frontend", "Frontend", "{CEABCF48-2710-47E4-8BE1-A8409C34D017}"
EndProject
Project("{2150E333-8FDC-42A3-9474-1A3956D46DE8}") = "Backend", "Backend", "{55A88190-C954-477F-95D0-1C1D53A54436}"
EndProject
Project("{2150E333-8FDC-42A3-9474-1A3956D46DE8}") = "Frontend", "Frontend", "{190AC64D-B185-4E4F-9D3F-27CF9796E7EE}"
EndProject
Project("{2150E333-8FDC-42A3-9474-1A3956D46DE8}") = "Backend", "Backend", "{F3CED857-8B9C-410F-A24D-B4A48FE686CB}"
EndProject
Project("{2150E333-8FDC-42A3-9474-1A3956D46DE8}") = "Frontend", "Frontend", "{2DB69706-DE80-46D2-AD64-E542A9BBF983}"
EndProject
Project("{2150E333-8FDC-42A3-9474-1A3956D46DE8}") = "Backend", "Backend", "{CC04B0CE-0408-4ED4-9B48-0DB2E04928CC}"
EndProject
Project("{2150E333-8FDC-42A3-9474-1A3956D46DE8}") = "Frontend", "Frontend", "{31939650-ED3F-4196-93C5-E90C7CBA3F3C}"
EndProject
Project("{2150E333-8FDC-42A3-9474-1A3956D46DE8}") = "Backend", "Backend", "{B495270E-E593-44FF-B850-222D5FD1A44A}"
EndProject
Project("{2150E333-8FDC-42A3-9474-1A3956D46DE8}") = "Frontend", "Frontend", "{CB24AC4F-7DD2-40BE-ABC3-BAF597357B75}"
EndProject
Project("{2150E333-8FDC-42A3-9474-1A3956D46DE8}") = "Backend", "Backend", "{A906DE21-A340-46E5-AB3D-C275FFFA65E5}"
EndProject
Project("{2150E333-8FDC-42A3-9474-1A3956D46DE8}") = "Frontend", "Frontend", "{A3839E00-E6C4-461B-9441-435DB668F2D1}"
EndProject
Project("{2150E333-8FDC-42A3-9474-1A3956D46DE8}") = "Providers", "Providers", "{EC312C0F-5B19-4B68-8823-9FE64379E727}"
EndProject
Project("{2150E333-8FDC-42A3-9474-1A3956D46DE8}") = "Providers", "Providers", "{F233328F-DD5B-4A82-8443-E887096359DD}"
EndProject
Project("{2150E333-8FDC-42A3-9474-1A3956D46DE8}") = "Providers", "Providers", "{19F6D1DD-6CCD-43F0-BF20-DCEAD31653C5}"
EndProject
Project("{2150E333-8FDC-42A3-9474-1A3956D46DE8}") = "OperationEngine", "OperationEngine", "{41CC3E5A-D9D3-464F-A09B-C8C855BB0458}"
EndProject
Project("{2150E333-8FDC-42A3-9474-1A3956D46DE8}") = "SharedKernel", "SharedKernel", "{1E36C855-2618-41C5-9646-E665F684CC23}"
EndProject
Project("{2150E333-8FDC-42A3-9474-1A3956D46DE8}") = "Providers", "Providers", "{B96EE5BD-63BD-4FBD-A92F-865C504FA7D0}"
EndProject
Project("{2150E333-8FDC-42A3-9474-1A3956D46DE8}") = "Providers", "Providers", "{43DE8279-5F51-453C-850E-960E31A2A3B5}"
EndProject
Project("{2150E333-8FDC-42A3-9474-1A3956D46DE8}") = "Providers", "Providers", "{F1E82BD7-7DD3-4C8D-AF3E-094B1A20243B}"
EndProject
Project("{2150E333-8FDC-42A3-9474-1A3956D46DE8}") = "Providers", "Providers", "{FBFAF696-8D4D-4F4E-AA35-41D00CF67BC0}"
EndProject
Project("{2150E333-8FDC-42A3-9474-1A3956D46DE8}") = "Order", "Order", "{9BE69496-C2D5-4CDC-B27B-45466DCF8DFD}"
EndProject
Project("{2150E333-8FDC-42A3-9474-1A3956D46DE8}") = "Providers", "Providers", "{18597FC3-F312-4EDA-8879-E45DFD263BC8}"
EndProject
Project("{2150E333-8FDC-42A3-9474-1A3956D46DE8}") = "Admin", "Admin", "{78554D27-2E5B-4A60-9CDF-5DDED0616BD6}"
EndProject
Project("{2150E333-8FDC-42A3-9474-1A3956D46DE8}") = "Commerce", "Commerce", "{4AF4761B-70C7-4D83-97A6-2E22F73CAADA}"
EndProject
Project("{2150E333-8FDC-42A3-9474-1A3956D46DE8}") = "Commerce.Customer", "Commerce.Customer", "{05CB108B-8981-4FBF-ACF1-58B250E07FCC}"
EndProject
Project("{2150E333-8FDC-42A3-9474-1A3956D46DE8}") = "Commerce.Merchant", "Commerce.Merchant", "{BA79BA0C-D196-4C32-8DC8-ED3F5B5A8DA3}"
EndProject
Project("{2150E333-8FDC-42A3-9474-1A3956D46DE8}") = "Marketplace", "Marketplace", "{C10FC053-A01C-4824-80DA-1700AE59B190}"
EndProject
Project("{2150E333-8FDC-42A3-9474-1A3956D46DE8}") = "Shared", "Shared", "{39E93B57-3056-446D-B88E-2F3673F69AA3}"
EndProject
Project("{2150E333-8FDC-42A3-9474-1A3956D46DE8}") = "Email", "Email", "{4098D364-AB44-4D08-BDFF-22DBEDB448AD}"
EndProject
Project("{2150E333-8FDC-42A3-9474-1A3956D46DE8}") = "Nafath", "Nafath", "{0E52181B-3680-4CC0-829F-833E6B6F5925}"
EndProject
Project("{2150E333-8FDC-42A3-9474-1A3956D46DE8}") = "Sms", "Sms", "{F781BF34-5E97-468B-9712-432956718986}"
EndProject
Project("{2150E333-8FDC-42A3-9474-1A3956D46DE8}") = "Token", "Token", "{ACA1BF59-9CAE-4026-9B37-39656B9FD944}"
EndProject
Project("{2150E333-8FDC-42A3-9474-1A3956D46DE8}") = "InMemory", "InMemory", "{518B523F-2025-447A-8012-75E87D9A300C}"
EndProject
Project("{2150E333-8FDC-42A3-9474-1A3956D46DE8}") = "Redis", "Redis", "{CBF15CD0-35EE-4CEE-B55A-D4A848B6323B}"
EndProject
Project("{2150E333-8FDC-42A3-9474-1A3956D46DE8}") = "Phone.LibPhoneNumber", "Phone.LibPhoneNumber", "{319106AF-3D52-4529-AE1E-1A2184012D73}"
EndProject
Project("{2150E333-8FDC-42A3-9474-1A3956D46DE8}") = "Translation.Ai", "Translation.Ai", "{3207C7E0-6114-44EF-B512-756BB515E615}"
EndProject
Project("{2150E333-8FDC-42A3-9474-1A3956D46DE8}") = "Translation.Echo", "Translation.Echo", "{9017A921-7886-434A-91ED-613EEE3329AB}"
EndProject
Project("{2150E333-8FDC-42A3-9474-1A3956D46DE8}") = "Translation.Google", "Translation.Google", "{6D6F5532-A4C4-4649-93BE-77C1C0634444}"
EndProject
Project("{2150E333-8FDC-42A3-9474-1A3956D46DE8}") = "AliyunOSS", "AliyunOSS", "{DE88BC43-6A41-46E6-9D86-CD39ACF7A837}"
EndProject
Project("{2150E333-8FDC-42A3-9474-1A3956D46DE8}") = "GoogleCloud", "GoogleCloud", "{077F0E96-A80E-4FBD-99E2-FD403F460436}"
EndProject
Project("{2150E333-8FDC-42A3-9474-1A3956D46DE8}") = "Local", "Local", "{6A58E5C7-2664-4175-8522-0C5F8A1B9365}"
EndProject
Project("{2150E333-8FDC-42A3-9474-1A3956D46DE8}") = "Email", "Email", "{56320F17-50A2-4E9C-A831-11F258414809}"
EndProject
Project("{2150E333-8FDC-42A3-9474-1A3956D46DE8}") = "Firebase", "Firebase", "{7DD153BA-FEF8-442C-8C57-C83C7C0E2FD5}"
EndProject
Project("{2150E333-8FDC-42A3-9474-1A3956D46DE8}") = "InApp", "InApp", "{C0ADA25F-FF91-4B85-BE0D-9FC56C343932}"
EndProject
Project("{2150E333-8FDC-42A3-9474-1A3956D46DE8}") = "Moyasar", "Moyasar", "{20EB2438-5E71-4912-B460-F598DCF4356E}"
EndProject
Project("{2150E333-8FDC-42A3-9474-1A3956D46DE8}") = "Noon", "Noon", "{EDDAD43A-CE11-49D6-8FEC-6ACAEB195880}"
EndProject
Project("{2150E333-8FDC-42A3-9474-1A3956D46DE8}") = "InMemory", "InMemory", "{5CD90B2A-2F68-4101-A276-4DE91001C8DE}"
EndProject
Project("{2150E333-8FDC-42A3-9474-1A3956D46DE8}") = "SignalR", "SignalR", "{EB9BE325-99AF-4E2E-94C2-B3585395D22C}"
EndProject
Project("{2150E333-8FDC-42A3-9474-1A3956D46DE8}") = "SignalR.Redis", "SignalR.Redis", "{88546053-68E6-467C-A5F1-F23201382BE1}"
EndProject
Project("{FAE04EC0-301F-11D3-BF4B-00C04F79EFBC}") = "Ejar.Provider.Web", "Apps\Ejar\Provider\Frontend\Ejar.Provider.Web\Ejar.Provider.Web.csproj", "{D5170A34-4E6C-47EE-B20C-26E4B9589278}"
EndProject
Project("{FAE04EC0-301F-11D3-BF4B-00C04F79EFBC}") = "Ejar.Provider.Api", "Apps\Ejar\Provider\Backend\Ejar.Provider.Api\Ejar.Provider.Api.csproj", "{E29BAAAF-E779-47D0-A5E1-DE6F20A307D5}"
EndProject
Project("{FAE04EC0-301F-11D3-BF4B-00C04F79EFBC}") = "Ejar.Admin.Web", "Apps\Ejar\Admin\Frontend\Ejar.Admin.Web\Ejar.Admin.Web.csproj", "{0C6E44EE-5B69-49E0-80EE-4825CA7499F3}"
EndProject
Project("{FAE04EC0-301F-11D3-BF4B-00C04F79EFBC}") = "Ejar.Admin.Api", "Apps\Ejar\Admin\Backend\Ejar.Admin.Api\Ejar.Admin.Api.csproj", "{DE643AF2-1BE3-47B6-8515-3976E7931348}"
EndProject
Project("{FAE04EC0-301F-11D3-BF4B-00C04F79EFBC}") = "Ejar.Domain", "Apps\Ejar\Domain\Ejar.Domain.csproj", "{6886DF38-E6A4-4130-BED2-32FC798700D7}"
EndProject
Project("{FAE04EC0-301F-11D3-BF4B-00C04F79EFBC}") = "Ejar.Web", "Apps\Ejar\Customer\Frontend\Ejar.Web\Ejar.Web.csproj", "{F52D9CA2-61A2-45CA-A6BB-F4BDC7A395E9}"
EndProject
Project("{FAE04EC0-301F-11D3-BF4B-00C04F79EFBC}") = "Ejar.Api", "Apps\Ejar\Customer\Backend\Ejar.Api\Ejar.Api.csproj", "{6E3777B7-D3CE-4733-8E5F-DAF9E618EFF2}"
EndProject
Project("{FAE04EC0-301F-11D3-BF4B-00C04F79EFBC}") = "Order.Admin.Web", "Apps\Order\Admin\Frontend\Order.Admin.Web\Order.Admin.Web.csproj", "{F7621D80-ABE1-4F6E-A118-2746569564EC}"
EndProject
Project("{FAE04EC0-301F-11D3-BF4B-00C04F79EFBC}") = "Order.Admin.Api", "Apps\Order\Admin\Backend\Order.Admin.Api\Order.Admin.Api.csproj", "{3BC904F0-0FA9-4926-916F-7D23D80A2AC7}"
EndProject
Project("{FAE04EC0-301F-11D3-BF4B-00C04F79EFBC}") = "Order.Web", "Apps\Order\Customer\Frontend\Order.Web\Order.Web.csproj", "{A2544D1F-E992-4FD0-A4F6-BBE378456F67}"
EndProject
Project("{FAE04EC0-301F-11D3-BF4B-00C04F79EFBC}") = "Order.Api", "Apps\Order\Customer\Backend\Order.Api\Order.Api.csproj", "{17484014-53D5-4B57-87A8-BB83A9459E39}"
EndProject
Project("{FAE04EC0-301F-11D3-BF4B-00C04F79EFBC}") = "Vendor.Web", "Apps\Order\Vendor\Frontend\Vendor.Web\Vendor.Web.csproj", "{9EFA6F74-2360-4773-82A7-D1CEABF5B7A4}"
EndProject
Project("{FAE04EC0-301F-11D3-BF4B-00C04F79EFBC}") = "Vendor.Api", "Apps\Order\Vendor\Backend\Vendor.Api\Vendor.Api.csproj", "{623CEFF4-B241-4649-AB21-CDA88C972674}"
EndProject
Project("{FAE04EC0-301F-11D3-BF4B-00C04F79EFBC}") = "Ashare.Provider.Web", "Apps\Ashare\Provider\Frontend\Ashare.Provider.Web\Ashare.Provider.Web.csproj", "{5EA363C1-3BE3-4AA9-9F51-8E50280CA27B}"
EndProject
Project("{FAE04EC0-301F-11D3-BF4B-00C04F79EFBC}") = "Ashare.Admin.Web", "Apps\Ashare\Admin\Frontend\Ashare.Admin.Web\Ashare.Admin.Web.csproj", "{545957A2-B852-4747-BC74-EF5AC71160B3}"
EndProject
Project("{FAE04EC0-301F-11D3-BF4B-00C04F79EFBC}") = "Ashare.Admin.Api", "Apps\Ashare\Admin\Backend\Ashare.Admin.Api\Ashare.Admin.Api.csproj", "{B66F13AB-2452-4681-8037-D3EA05968A1B}"
EndProject
Project("{FAE04EC0-301F-11D3-BF4B-00C04F79EFBC}") = "Ashare.Web", "Apps\Ashare\Customer\Frontend\Ashare.Web\Ashare.Web.csproj", "{839A22A7-EF39-42CF-A130-6EAF67C37B6D}"
EndProject
Project("{FAE04EC0-301F-11D3-BF4B-00C04F79EFBC}") = "Ashare.Api", "Apps\Ashare\Customer\Backend\Ashare.Api\Ashare.Api.csproj", "{642A4EF4-3F5A-49CD-9C34-796F3D8B041B}"
EndProject
Project("{FAE04EC0-301F-11D3-BF4B-00C04F79EFBC}") = "Ashare.V2.Provider.Web", "Apps\Ashare.V2\Provider\Frontend\Ashare.V2.Provider.Web\Ashare.V2.Provider.Web.csproj", "{9DE8DF4C-3B05-4FF6-93D8-5E34F788913F}"
EndProject
Project("{FAE04EC0-301F-11D3-BF4B-00C04F79EFBC}") = "Ashare.V2.Admin.Web", "Apps\Ashare.V2\Admin\Frontend\Ashare.V2.Admin.Web\Ashare.V2.Admin.Web.csproj", "{C39114DC-045A-454D-AD03-2599E4754609}"
EndProject
Project("{FAE04EC0-301F-11D3-BF4B-00C04F79EFBC}") = "Ashare.V2.Admin.Api", "Apps\Ashare.V2\Admin\Backend\Ashare.V2.Admin.Api\Ashare.V2.Admin.Api.csproj", "{8F3AFC7E-03C1-47A4-A39C-CF86B8BE1F09}"
EndProject
Project("{FAE04EC0-301F-11D3-BF4B-00C04F79EFBC}") = "Ashare.V2.Domain", "Apps\Ashare.V2\Domain\Ashare.V2.Domain.csproj", "{3FC9728D-64EA-4B99-B2A1-D450698B7C26}"
EndProject
Project("{FAE04EC0-301F-11D3-BF4B-00C04F79EFBC}") = "Ashare.V2.Web", "Apps\Ashare.V2\Customer\Frontend\Ashare.V2.Web\Ashare.V2.Web.csproj", "{E51029B6-2091-404D-8765-93C34F503A32}"
EndProject
Project("{FAE04EC0-301F-11D3-BF4B-00C04F79EFBC}") = "Ashare.V2.Api", "Apps\Ashare.V2\Customer\Backend\Ashare.V2.Api\Ashare.V2.Api.csproj", "{EE3E40C5-FEDA-4DEA-8B9C-19EC8A542C5E}"
EndProject
Project("{FAE04EC0-301F-11D3-BF4B-00C04F79EFBC}") = "Order.V2.Admin.Web", "Apps\Order.V2\Admin\Frontend\Order.V2.Admin.Web\Order.V2.Admin.Web.csproj", "{350E5734-0CEC-4631-B885-C9705807CEF8}"
EndProject
Project("{FAE04EC0-301F-11D3-BF4B-00C04F79EFBC}") = "Order.V2.Admin.Api", "Apps\Order.V2\Admin\Backend\Order.V2.Admin.Api\Order.V2.Admin.Api.csproj", "{EA47F620-DA27-416D-9759-E98334C7AC3C}"
EndProject
Project("{FAE04EC0-301F-11D3-BF4B-00C04F79EFBC}") = "Order.V2.Domain", "Apps\Order.V2\Domain\Order.V2.Domain.csproj", "{078900E0-7454-4AFC-9C33-2F8A9B58ADD3}"
EndProject
Project("{FAE04EC0-301F-11D3-BF4B-00C04F79EFBC}") = "Order.V2.Web", "Apps\Order.V2\Customer\Frontend\Order.V2.Web\Order.V2.Web.csproj", "{21FC26A4-4469-4748-960D-8F08D946BBC6}"
EndProject
Project("{FAE04EC0-301F-11D3-BF4B-00C04F79EFBC}") = "Order.V2.Api", "Apps\Order.V2\Customer\Backend\Order.V2.Api\Order.V2.Api.csproj", "{C710BC1C-3C37-4855-9727-1A2C8ECE1195}"
EndProject
Project("{FAE04EC0-301F-11D3-BF4B-00C04F79EFBC}") = "Order.V2.Vendor.Web", "Apps\Order.V2\Vendor\Frontend\Order.V2.Vendor.Web\Order.V2.Vendor.Web.csproj", "{06C94846-A8F7-4976-8598-AA8DA986CF86}"
EndProject
Project("{FAE04EC0-301F-11D3-BF4B-00C04F79EFBC}") = "Order.V2.Vendor.Api", "Apps\Order.V2\Vendor\Backend\Order.V2.Vendor.Api\Order.V2.Vendor.Api.csproj", "{DB647C04-DBAD-4947-8F24-144155629BC9}"
EndProject
Project("{FAE04EC0-301F-11D3-BF4B-00C04F79EFBC}") = "ACommerce.Client.Http", "clients\ACommerce.Client.Http\ACommerce.Client.Http.csproj", "{F30F1088-83A0-4959-A328-B02864F38C5A}"
EndProject
Project("{FAE04EC0-301F-11D3-BF4B-00C04F79EFBC}") = "ACommerce.Client.StateBridge", "clients\ACommerce.Client.StateBridge\ACommerce.Client.StateBridge.csproj", "{D0B22FFB-C7AE-4295-B85E-99B49C129647}"
EndProject
Project("{FAE04EC0-301F-11D3-BF4B-00C04F79EFBC}") = "ACommerce.Client.Operations", "clients\ACommerce.Client.Operations\ACommerce.Client.Operations.csproj", "{4A4D3B61-B154-4BF9-9E73-4919C3E5502D}"
EndProject
Project("{FAE04EC0-301F-11D3-BF4B-00C04F79EFBC}") = "AshareMigrator", "tools\_archive\AshareMigrator\AshareMigrator.csproj", "{153672DD-8A1E-46F0-9C39-5764BF885FF3}"
EndProject
Project("{FAE04EC0-301F-11D3-BF4B-00C04F79EFBC}") = "ACommerce.OrderPlatform.Entities", "libs\kits\Platform\Order\ACommerce.OrderPlatform.Entities\ACommerce.OrderPlatform.Entities.csproj", "{F967FD83-897B-43B9-B9C2-A57DB0A44108}"
EndProject
Project("{FAE04EC0-301F-11D3-BF4B-00C04F79EFBC}") = "ACommerce.Payments.Operations", "libs\kits\Payments\ACommerce.Payments.Operations\ACommerce.Payments.Operations.csproj", "{42B8D407-E0AB-462C-9E99-16FBA0AD2DB4}"
EndProject
Project("{FAE04EC0-301F-11D3-BF4B-00C04F79EFBC}") = "ACommerce.Payments.Providers.Moyasar", "libs\kits\Payments\Providers\Moyasar\ACommerce.Payments.Providers.Moyasar\ACommerce.Payments.Providers.Moyasar.csproj", "{C7177D3C-148D-41D2-BC01-C6AF141495BD}"
EndProject
Project("{FAE04EC0-301F-11D3-BF4B-00C04F79EFBC}") = "ACommerce.Payments.Providers.Noon", "libs\kits\Payments\Providers\Noon\ACommerce.Payments.Providers.Noon\ACommerce.Payments.Providers.Noon.csproj", "{59C36BAF-3A39-4531-9B79-7BC387217E54}"
EndProject
Project("{FAE04EC0-301F-11D3-BF4B-00C04F79EFBC}") = "ACommerce.Cache.Providers.InMemory", "libs\kits\Cache\Providers\InMemory\ACommerce.Cache.Providers.InMemory\ACommerce.Cache.Providers.InMemory.csproj", "{3C3ACA9E-4802-4C10-B37B-BFB25C7D261F}"
EndProject
Project("{FAE04EC0-301F-11D3-BF4B-00C04F79EFBC}") = "ACommerce.Cache.Providers.Redis", "libs\kits\Cache\Providers\Redis\ACommerce.Cache.Providers.Redis\ACommerce.Cache.Providers.Redis.csproj", "{4BF27085-33DF-4303-A659-A1616D4DF99F}"
EndProject
Project("{FAE04EC0-301F-11D3-BF4B-00C04F79EFBC}") = "ACommerce.Cache.Operations", "libs\kits\Cache\ACommerce.Cache.Operations\ACommerce.Cache.Operations.csproj", "{0555740D-8013-46F7-8B3B-50C68925790B}"
EndProject
Project("{FAE04EC0-301F-11D3-BF4B-00C04F79EFBC}") = "ACommerce.Translations.Operations", "libs\kits\Translations\ACommerce.Translations.Operations\ACommerce.Translations.Operations.csproj", "{0F59B427-6769-4C18-B25F-88B224C247D8}"
EndProject
Project("{FAE04EC0-301F-11D3-BF4B-00C04F79EFBC}") = "ACommerce.Kits.Notifications.Backend", "libs\kits\Notifications\ACommerce.Kits.Notifications.Backend\ACommerce.Kits.Notifications.Backend.csproj", "{34EE7A4F-D3E9-470F-A05B-F9BA0A78DAB4}"
EndProject
Project("{FAE04EC0-301F-11D3-BF4B-00C04F79EFBC}") = "ACommerce.Notification.Operations", "libs\kits\Notifications\ACommerce.Notification.Operations\ACommerce.Notification.Operations.csproj", "{54FEE841-24CB-44A4-9CC1-69E4DB15BE1B}"
EndProject
Project("{FAE04EC0-301F-11D3-BF4B-00C04F79EFBC}") = "ACommerce.Notification.Providers.InApp", "libs\kits\Notifications\Providers\InApp\ACommerce.Notification.Providers.InApp\ACommerce.Notification.Providers.InApp.csproj", "{6C790FA2-FD25-4E48-8A83-9BC16BCE3181}"
EndProject
Project("{FAE04EC0-301F-11D3-BF4B-00C04F79EFBC}") = "ACommerce.Notification.Providers.Email", "libs\kits\Notifications\Providers\Email\ACommerce.Notification.Providers.Email\ACommerce.Notification.Providers.Email.csproj", "{1A44631E-37D0-4412-909F-777DA3808365}"
EndProject
Project("{FAE04EC0-301F-11D3-BF4B-00C04F79EFBC}") = "ACommerce.Notification.Providers.Firebase", "libs\kits\Notifications\Providers\Firebase\ACommerce.Notification.Providers.Firebase\ACommerce.Notification.Providers.Firebase.csproj", "{FBBCAAA6-E19A-4B02-AE1D-59D6C97FD561}"
EndProject
Project("{FAE04EC0-301F-11D3-BF4B-00C04F79EFBC}") = "ACommerce.Kits.Notifications", "libs\kits\Notifications\ACommerce.Kits.Notifications\ACommerce.Kits.Notifications.csproj", "{5C695806-3D9A-4EE4-9624-29B9D2CE9D3C}"
EndProject
Project("{FAE04EC0-301F-11D3-BF4B-00C04F79EFBC}") = "ACommerce.L10n.Blazor", "libs\kits\L10n\ACommerce.L10n.Blazor\ACommerce.L10n.Blazor.csproj", "{5709EF07-4322-48A1-AC57-8F0718B24B26}"
EndProject
Project("{FAE04EC0-301F-11D3-BF4B-00C04F79EFBC}") = "ACommerce.Favorites.Operations", "libs\kits\Favorites\ACommerce.Favorites.Operations\ACommerce.Favorites.Operations.csproj", "{0A24BE8F-09EC-4759-8A0E-BF906F6D5763}"
EndProject
Project("{FAE04EC0-301F-11D3-BF4B-00C04F79EFBC}") = "ACommerce.Files.Storage.AliyunOSS", "libs\kits\Files\Providers\AliyunOSS\ACommerce.Files.Storage.AliyunOSS\ACommerce.Files.Storage.AliyunOSS.csproj", "{52E70112-60DA-4A3A-BCB2-C7EBFD45F56B}"
EndProject
Project("{FAE04EC0-301F-11D3-BF4B-00C04F79EFBC}") = "ACommerce.Files.Storage.GoogleCloud", "libs\kits\Files\Providers\GoogleCloud\ACommerce.Files.Storage.GoogleCloud\ACommerce.Files.Storage.GoogleCloud.csproj", "{EAF488FE-718D-4ECE-AA2A-AF150F26180D}"
EndProject
Project("{FAE04EC0-301F-11D3-BF4B-00C04F79EFBC}") = "ACommerce.Files.Storage.Local", "libs\kits\Files\Providers\Local\ACommerce.Files.Storage.Local\ACommerce.Files.Storage.Local.csproj", "{CCE13F71-ABC0-496C-B715-128846D7BAE0}"
EndProject
Project("{FAE04EC0-301F-11D3-BF4B-00C04F79EFBC}") = "ACommerce.Files.Operations", "libs\kits\Files\ACommerce.Files.Operations\ACommerce.Files.Operations.csproj", "{987B15F2-C0BB-47F2-9250-C9FC0A641ADA}"
EndProject
Project("{FAE04EC0-301F-11D3-BF4B-00C04F79EFBC}") = "ACommerce.Files.Abstractions", "libs\kits\Files\ACommerce.Files.Abstractions\ACommerce.Files.Abstractions.csproj", "{B55A2C58-9129-4A5D-8A95-6C8EF3FBDE3D}"
EndProject
Project("{FAE04EC0-301F-11D3-BF4B-00C04F79EFBC}") = "ACommerce.Kits.Auth.TwoFactor.AsAuth", "libs\kits\Auth.TwoFactor\ACommerce.Kits.Auth.TwoFactor.AsAuth\ACommerce.Kits.Auth.TwoFactor.AsAuth.csproj", "{478343B3-6F45-4F74-A222-BE0A8F433A39}"
EndProject
Project("{FAE04EC0-301F-11D3-BF4B-00C04F79EFBC}") = "ACommerce.Authentication.TwoFactor.Operations", "libs\kits\Auth.TwoFactor\ACommerce.Authentication.TwoFactor.Operations\ACommerce.Authentication.TwoFactor.Operations.csproj", "{45BB874E-F240-43CE-8241-DC4F69D2873B}"
EndProject
Project("{FAE04EC0-301F-11D3-BF4B-00C04F79EFBC}") = "ACommerce.Kits.Auth.TwoFactor", "libs\kits\Auth.TwoFactor\ACommerce.Kits.Auth.TwoFactor\ACommerce.Kits.Auth.TwoFactor.csproj", "{25143589-60C3-4A61-90DF-7F336FF23F13}"
EndProject
Project("{FAE04EC0-301F-11D3-BF4B-00C04F79EFBC}") = "ACommerce.Authentication.TwoFactor.Providers.Sms", "libs\kits\Auth.TwoFactor\Providers\Sms\ACommerce.Authentication.TwoFactor.Providers.Sms\ACommerce.Authentication.TwoFactor.Providers.Sms.csproj", "{7C22B55A-E155-4B21-8C10-D6C18C19119D}"
EndProject
Project("{FAE04EC0-301F-11D3-BF4B-00C04F79EFBC}") = "ACommerce.Kits.Auth.TwoFactor.Sms.Templates", "libs\kits\Auth.TwoFactor\Providers\Sms\ACommerce.Kits.Auth.TwoFactor.Sms.Templates\ACommerce.Kits.Auth.TwoFactor.Sms.Templates.csproj", "{6C9343B7-8EC6-4DA3-A0A5-AC555139A624}"
EndProject
Project("{FAE04EC0-301F-11D3-BF4B-00C04F79EFBC}") = "ACommerce.Authentication.TwoFactor.Providers.Sms.Mock", "libs\kits\Auth.TwoFactor\Providers\Sms\ACommerce.Authentication.TwoFactor.Providers.Sms.Mock\ACommerce.Authentication.TwoFactor.Providers.Sms.Mock.csproj", "{6BF1805E-ADC5-496D-A896-8C6A60E68392}"
EndProject
Project("{FAE04EC0-301F-11D3-BF4B-00C04F79EFBC}") = "ACommerce.Kits.Auth.TwoFactor.Sms", "libs\kits\Auth.TwoFactor\Providers\Sms\ACommerce.Kits.Auth.TwoFactor.Sms\ACommerce.Kits.Auth.TwoFactor.Sms.csproj", "{67FD1CF7-54A8-4B26-93F5-B533B73F139B}"
EndProject
Project("{FAE04EC0-301F-11D3-BF4B-00C04F79EFBC}") = "ACommerce.Authentication.TwoFactor.Providers.Nafath.Mock", "libs\kits\Auth.TwoFactor\Providers\Nafath\ACommerce.Authentication.TwoFactor.Providers.Nafath.Mock\ACommerce.Authentication.TwoFactor.Providers.Nafath.Mock.csproj", "{DA61342B-3959-4020-8F11-295CF017D41F}"
EndProject
Project("{FAE04EC0-301F-11D3-BF4B-00C04F79EFBC}") = "ACommerce.Authentication.TwoFactor.Providers.Nafath", "libs\kits\Auth.TwoFactor\Providers\Nafath\ACommerce.Authentication.TwoFactor.Providers.Nafath\ACommerce.Authentication.TwoFactor.Providers.Nafath.csproj", "{0F5F68C6-C089-4F48-89C9-6DE6558B82AA}"
EndProject
Project("{FAE04EC0-301F-11D3-BF4B-00C04F79EFBC}") = "ACommerce.Authentication.TwoFactor.Providers.Email", "libs\kits\Auth.TwoFactor\Providers\Email\ACommerce.Authentication.TwoFactor.Providers.Email\ACommerce.Authentication.TwoFactor.Providers.Email.csproj", "{D6C867E5-EB47-4A84-BD13-92833F30B1F0}"
EndProject
Project("{FAE04EC0-301F-11D3-BF4B-00C04F79EFBC}") = "ACommerce.Culture.Defaults", "libs\kits\Culture\ACommerce.Culture.Defaults\ACommerce.Culture.Defaults.csproj", "{14223600-22DC-4764-BA42-6F369C853187}"
EndProject
Project("{FAE04EC0-301F-11D3-BF4B-00C04F79EFBC}") = "ACommerce.Culture.Blazor", "libs\kits\Culture\ACommerce.Culture.Blazor\ACommerce.Culture.Blazor.csproj", "{6E5F665B-7D7A-4C46-9B3D-80DEF211EE5D}"
EndProject
Project("{FAE04EC0-301F-11D3-BF4B-00C04F79EFBC}") = "ACommerce.Culture.Translation.Abstractions", "libs\kits\Culture\ACommerce.Culture.Translation.Abstractions\ACommerce.Culture.Translation.Abstractions.csproj", "{26261DCC-0C9D-46EE-9DDF-B989148E4BDD}"
EndProject
Project("{FAE04EC0-301F-11D3-BF4B-00C04F79EFBC}") = "ACommerce.Culture.Phone.Providers.LibPhoneNumber", "libs\kits\Culture\Providers\Phone.LibPhoneNumber\ACommerce.Culture.Phone.Providers.LibPhoneNumber\ACommerce.Culture.Phone.Providers.LibPhoneNumber.csproj", "{2FD68DFC-5572-45B5-A3E7-6B6EF8F96D06}"
EndProject
Project("{FAE04EC0-301F-11D3-BF4B-00C04F79EFBC}") = "ACommerce.Culture.Translation.Providers.Ai", "libs\kits\Culture\Providers\Translation.Ai\ACommerce.Culture.Translation.Providers.Ai\ACommerce.Culture.Translation.Providers.Ai.csproj", "{AA14AC82-BBA8-479C-90BE-275403D214F3}"
EndProject
Project("{FAE04EC0-301F-11D3-BF4B-00C04F79EFBC}") = "ACommerce.Culture.Translation.Providers.Echo", "libs\kits\Culture\Providers\Translation.Echo\ACommerce.Culture.Translation.Providers.Echo\ACommerce.Culture.Translation.Providers.Echo.csproj", "{BD24B21E-54D1-46D0-96CF-E48E2B960929}"
EndProject
Project("{FAE04EC0-301F-11D3-BF4B-00C04F79EFBC}") = "ACommerce.Culture.Translation.Providers.Google", "libs\kits\Culture\Providers\Translation.Google\ACommerce.Culture.Translation.Providers.Google\ACommerce.Culture.Translation.Providers.Google.csproj", "{2C90CB36-28F4-4CD8-8441-06B0936C18F5}"
EndProject
Project("{FAE04EC0-301F-11D3-BF4B-00C04F79EFBC}") = "ACommerce.Culture.Abstractions", "libs\kits\Culture\ACommerce.Culture.Abstractions\ACommerce.Culture.Abstractions.csproj", "{EE427895-0009-42AB-8DA3-7B7BFF7DC534}"
EndProject
Project("{FAE04EC0-301F-11D3-BF4B-00C04F79EFBC}") = "ACommerce.Culture.Interceptors", "libs\kits\Culture\ACommerce.Culture.Interceptors\ACommerce.Culture.Interceptors.csproj", "{E0E63EB4-DF48-4327-98BF-62BE1F522C08}"
EndProject
Project("{FAE04EC0-301F-11D3-BF4B-00C04F79EFBC}") = "ACommerce.Chat.Client.Blazor", "libs\kits\Chat\ACommerce.Chat.Client.Blazor\ACommerce.Chat.Client.Blazor.csproj", "{71C7DC1A-2FF7-46BE-921C-C1F9A58858DF}"
EndProject
Project("{FAE04EC0-301F-11D3-BF4B-00C04F79EFBC}") = "ACommerce.Kits.Chat.Backend", "libs\kits\Chat\ACommerce.Kits.Chat.Backend\ACommerce.Kits.Chat.Backend.csproj", "{F36FAA7E-BB26-44FB-9F6C-287B01C58534}"
EndProject
Project("{FAE04EC0-301F-11D3-BF4B-00C04F79EFBC}") = "ACommerce.Kits.Chat", "libs\kits\Chat\ACommerce.Kits.Chat\ACommerce.Kits.Chat.csproj", "{9D5F65C5-1433-4822-B985-5A84994E21DF}"
EndProject
Project("{FAE04EC0-301F-11D3-BF4B-00C04F79EFBC}") = "ACommerce.Kits.Chat.Templates", "libs\kits\Chat\ACommerce.Kits.Chat.Templates\ACommerce.Kits.Chat.Templates.csproj", "{AC1AA2EE-6FF4-4570-9784-43DB270D1076}"
EndProject
Project("{FAE04EC0-301F-11D3-BF4B-00C04F79EFBC}") = "ACommerce.Chat.Operations", "libs\kits\Chat\ACommerce.Chat.Operations\ACommerce.Chat.Operations.csproj", "{1057A3E0-9E39-4A5E-A7E5-4494239EAAD1}"
EndProject
Project("{FAE04EC0-301F-11D3-BF4B-00C04F79EFBC}") = "ACommerce.Widgets", "libs\kits\Widgets\ACommerce.Widgets\ACommerce.Widgets.csproj", "{8E2D10E5-3216-4613-B53E-C9F8D6363024}"
EndProject
Project("{FAE04EC0-301F-11D3-BF4B-00C04F79EFBC}") = "ACommerce.Bookings.Operations", "libs\kits\Bookings\ACommerce.Bookings.Operations\ACommerce.Bookings.Operations.csproj", "{385EF1C3-939E-4D05-A66E-0B29B814C05B}"
EndProject
Project("{FAE04EC0-301F-11D3-BF4B-00C04F79EFBC}") = "ACommerce.OperationEngine.Interceptors", "libs\kits\Core\OperationEngine\ACommerce.OperationEngine.Interceptors\ACommerce.OperationEngine.Interceptors.csproj", "{DF4FC1C7-D64E-4DEF-BC09-7E24CBA36546}"
EndProject
Project("{FAE04EC0-301F-11D3-BF4B-00C04F79EFBC}") = "ACommerce.OperationEngine", "libs\kits\Core\OperationEngine\ACommerce.OperationEngine\ACommerce.OperationEngine.csproj", "{46D54DC3-5CDB-4BE6-AFB1-BD7B9F2BDD0A}"
EndProject
Project("{FAE04EC0-301F-11D3-BF4B-00C04F79EFBC}") = "ACommerce.OperationEngine.Wire", "libs\kits\Core\OperationEngine\ACommerce.OperationEngine.Wire\ACommerce.OperationEngine.Wire.csproj", "{71F2F610-CA83-43F2-8450-F7FCEDB829E3}"
EndProject
Project("{FAE04EC0-301F-11D3-BF4B-00C04F79EFBC}") = "ACommerce.OperationEngine.Journal", "libs\kits\Core\OperationEngine\ACommerce.OperationEngine.Journal\ACommerce.OperationEngine.Journal.csproj", "{F051A9F5-2E7E-4F4A-B4C8-4A7BDD7669AB}"
EndProject
Project("{FAE04EC0-301F-11D3-BF4B-00C04F79EFBC}") = "ACommerce.SharedKernel.Infrastructure.EFCores", "libs\kits\Core\SharedKernel\ACommerce.SharedKernel.Infrastructure.EFCores\ACommerce.SharedKernel.Infrastructure.EFCores.csproj", "{5434430D-F784-469B-8671-67EA6DF9140E}"
EndProject
Project("{FAE04EC0-301F-11D3-BF4B-00C04F79EFBC}") = "ACommerce.SharedKernel.Abstractions", "libs\kits\Core\SharedKernel\ACommerce.SharedKernel.Abstractions\ACommerce.SharedKernel.Abstractions.csproj", "{A8033378-413E-42A8-B68E-94878C5E97BF}"
EndProject
Project("{FAE04EC0-301F-11D3-BF4B-00C04F79EFBC}") = "ACommerce.Kits.Auth.Operations", "libs\kits\Auth\ACommerce.Kits.Auth.Operations\ACommerce.Kits.Auth.Operations.csproj", "{877F53D5-493D-4F7B-9DF6-9E0B67B382A4}"
EndProject
Project("{FAE04EC0-301F-11D3-BF4B-00C04F79EFBC}") = "ACommerce.Kits.Auth.Backend", "libs\kits\Auth\ACommerce.Kits.Auth.Backend\ACommerce.Kits.Auth.Backend.csproj", "{5DFA54FF-8F33-449A-BF04-00ADF760F5B5}"
EndProject
Project("{FAE04EC0-301F-11D3-BF4B-00C04F79EFBC}") = "ACommerce.Kits.Auth", "libs\kits\Auth\ACommerce.Kits.Auth\ACommerce.Kits.Auth.csproj", "{007D419D-6259-4D22-A1E7-43CA9A7966BF}"
EndProject
Project("{FAE04EC0-301F-11D3-BF4B-00C04F79EFBC}") = "ACommerce.Authentication.Providers.Token", "libs\kits\Auth\Providers\Token\ACommerce.Authentication.Providers.Token\ACommerce.Authentication.Providers.Token.csproj", "{8BF79AE7-11EB-40D4-B872-B271BEFED865}"
EndProject
Project("{FAE04EC0-301F-11D3-BF4B-00C04F79EFBC}") = "ACommerce.Authentication.Operations", "libs\kits\Auth\ACommerce.Authentication.Operations\ACommerce.Authentication.Operations.csproj", "{AAB49E37-D537-4218-9FBE-E375409C3A3E}"
EndProject
Project("{FAE04EC0-301F-11D3-BF4B-00C04F79EFBC}") = "ACommerce.Kits.Auth.Templates", "libs\kits\Auth\ACommerce.Kits.Auth.Templates\ACommerce.Kits.Auth.Templates.csproj", "{5DF6743B-D086-4073-A8CD-C8B334D8BCB0}"
EndProject
Project("{FAE04EC0-301F-11D3-BF4B-00C04F79EFBC}") = "ACommerce.Realtime.Operations", "libs\kits\Realtime\ACommerce.Realtime.Operations\ACommerce.Realtime.Operations.csproj", "{7032C1FA-F7DC-4754-ADA5-2D915347EE6A}"
EndProject
Project("{FAE04EC0-301F-11D3-BF4B-00C04F79EFBC}") = "ACommerce.Realtime.Providers.SignalR", "libs\kits\Realtime\Providers\SignalR\ACommerce.Realtime.Providers.SignalR\ACommerce.Realtime.Providers.SignalR.csproj", "{E08FC38A-A0F7-44DC-884E-4859D6D4C34F}"
EndProject
Project("{FAE04EC0-301F-11D3-BF4B-00C04F79EFBC}") = "ACommerce.Realtime.Providers.InMemory", "libs\kits\Realtime\Providers\InMemory\ACommerce.Realtime.Providers.InMemory\ACommerce.Realtime.Providers.InMemory.csproj", "{AD49C237-759F-4EC0-B68A-A8A053FC66DE}"
EndProject
Project("{FAE04EC0-301F-11D3-BF4B-00C04F79EFBC}") = "ACommerce.Realtime.Providers.SignalR.Redis", "libs\kits\Realtime\Providers\SignalR.Redis\ACommerce.Realtime.Providers.SignalR.Redis\ACommerce.Realtime.Providers.SignalR.Redis.csproj", "{F89D1640-5736-41B7-AC9D-4F722141C284}"
EndProject
Project("{FAE04EC0-301F-11D3-BF4B-00C04F79EFBC}") = "ACommerce.Templates.Commerce", "libs\kits\Templates\Commerce\ACommerce.Templates.Commerce\ACommerce.Templates.Commerce.csproj", "{05C07DBD-0B65-4E74-B1AA-C569C7F46AEC}"
EndProject
Project("{FAE04EC0-301F-11D3-BF4B-00C04F79EFBC}") = "ACommerce.Templates.Marketplace", "libs\kits\Templates\Marketplace\ACommerce.Templates.Marketplace\ACommerce.Templates.Marketplace.csproj", "{85A28899-3F65-4B3B-A4E3-1DFF52F985F8}"
EndProject
Project("{FAE04EC0-301F-11D3-BF4B-00C04F79EFBC}") = "ACommerce.Templates.Merchant.Commerce", "libs\kits\Templates\Commerce.Merchant\ACommerce.Templates.Merchant.Commerce\ACommerce.Templates.Merchant.Commerce.csproj", "{28B8BB8D-06B8-473D-AFBB-F526FA524BDA}"
EndProject
Project("{FAE04EC0-301F-11D3-BF4B-00C04F79EFBC}") = "ACommerce.Templates.Admin", "libs\kits\Templates\Admin\ACommerce.Templates.Admin\ACommerce.Templates.Admin.csproj", "{786CBD2C-A0BF-4C3E-B5EA-A6C0B6A813F2}"
EndProject
Project("{FAE04EC0-301F-11D3-BF4B-00C04F79EFBC}") = "ACommerce.Templates.Shared", "libs\kits\Templates\Shared\ACommerce.Templates.Shared\ACommerce.Templates.Shared.csproj", "{E89CF383-DC21-42DE-9AE0-01771512F557}"
EndProject
Project("{FAE04EC0-301F-11D3-BF4B-00C04F79EFBC}") = "ACommerce.Templates.Customer.Commerce", "libs\kits\Templates\Commerce.Customer\ACommerce.Templates.Customer.Commerce\ACommerce.Templates.Customer.Commerce.csproj", "{D40A226A-9DD7-463F-B126-07C4F10A29CE}"
EndProject
Project("{FAE04EC0-301F-11D3-BF4B-00C04F79EFBC}") = "ACommerce.Permissions.Operations", "libs\kits\Permissions\ACommerce.Permissions.Operations\ACommerce.Permissions.Operations.csproj", "{179B3028-9584-44CD-8950-D22ABEE0E0C0}"
EndProject
Project("{FAE04EC0-301F-11D3-BF4B-00C04F79EFBC}") = "ACommerce.Subscriptions.Operations", "libs\kits\Subscriptions\ACommerce.Subscriptions.Operations\ACommerce.Subscriptions.Operations.csproj", "{33652DEE-F951-40D6-831A-9F775528F129}"
EndProject
Project("{FAE04EC0-301F-11D3-BF4B-00C04F79EFBC}") = "Ashare.V2.Api.Tests", "tests\Ashare.V2.Api.Tests\Ashare.V2.Api.Tests.csproj", "{2DAED31F-A14A-415D-AC35-6FAF852FEABB}"
EndProject
Global
	GlobalSection(SolutionConfigurationPlatforms) = preSolution
		Debug|Any CPU = Debug|Any CPU
		Release|Any CPU = Release|Any CPU
	EndGlobalSection
	GlobalSection(ProjectConfigurationPlatforms) = postSolution
		{D5170A34-4E6C-47EE-B20C-26E4B9589278}.Debug|Any CPU.ActiveCfg = Debug|Any CPU
		{D5170A34-4E6C-47EE-B20C-26E4B9589278}.Debug|Any CPU.Build.0 = Debug|Any CPU
		{D5170A34-4E6C-47EE-B20C-26E4B9589278}.Release|Any CPU.ActiveCfg = Release|Any CPU
		{D5170A34-4E6C-47EE-B20C-26E4B9589278}.Release|Any CPU.Build.0 = Release|Any CPU
		{E29BAAAF-E779-47D0-A5E1-DE6F20A307D5}.Debug|Any CPU.ActiveCfg = Debug|Any CPU
		{E29BAAAF-E779-47D0-A5E1-DE6F20A307D5}.Debug|Any CPU.Build.0 = Debug|Any CPU
		{E29BAAAF-E779-47D0-A5E1-DE6F20A307D5}.Release|Any CPU.ActiveCfg = Release|Any CPU
		{E29BAAAF-E779-47D0-A5E1-DE6F20A307D5}.Release|Any CPU.Build.0 = Release|Any CPU
		{0C6E44EE-5B69-49E0-80EE-4825CA7499F3}.Debug|Any CPU.ActiveCfg = Debug|Any CPU
		{0C6E44EE-5B69-49E0-80EE-4825CA7499F3}.Debug|Any CPU.Build.0 = Debug|Any CPU
		{0C6E44EE-5B69-49E0-80EE-4825CA7499F3}.Release|Any CPU.ActiveCfg = Release|Any CPU
		{0C6E44EE-5B69-49E0-80EE-4825CA7499F3}.Release|Any CPU.Build.0 = Release|Any CPU
		{DE643AF2-1BE3-47B6-8515-3976E7931348}.Debug|Any CPU.ActiveCfg = Debug|Any CPU
		{DE643AF2-1BE3-47B6-8515-3976E7931348}.Debug|Any CPU.Build.0 = Debug|Any CPU
		{DE643AF2-1BE3-47B6-8515-3976E7931348}.Release|Any CPU.ActiveCfg = Release|Any CPU
		{DE643AF2-1BE3-47B6-8515-3976E7931348}.Release|Any CPU.Build.0 = Release|Any CPU
		{6886DF38-E6A4-4130-BED2-32FC798700D7}.Debug|Any CPU.ActiveCfg = Debug|Any CPU
		{6886DF38-E6A4-4130-BED2-32FC798700D7}.Debug|Any CPU.Build.0 = Debug|Any CPU
		{6886DF38-E6A4-4130-BED2-32FC798700D7}.Release|Any CPU.ActiveCfg = Release|Any CPU
		{6886DF38-E6A4-4130-BED2-32FC798700D7}.Release|Any CPU.Build.0 = Release|Any CPU
		{F52D9CA2-61A2-45CA-A6BB-F4BDC7A395E9}.Debug|Any CPU.ActiveCfg = Debug|Any CPU
		{F52D9CA2-61A2-45CA-A6BB-F4BDC7A395E9}.Debug|Any CPU.Build.0 = Debug|Any CPU
		{F52D9CA2-61A2-45CA-A6BB-F4BDC7A395E9}.Release|Any CPU.ActiveCfg = Release|Any CPU
		{F52D9CA2-61A2-45CA-A6BB-F4BDC7A395E9}.Release|Any CPU.Build.0 = Release|Any CPU
		{6E3777B7-D3CE-4733-8E5F-DAF9E618EFF2}.Debug|Any CPU.ActiveCfg = Debug|Any CPU
		{6E3777B7-D3CE-4733-8E5F-DAF9E618EFF2}.Debug|Any CPU.Build.0 = Debug|Any CPU
		{6E3777B7-D3CE-4733-8E5F-DAF9E618EFF2}.Release|Any CPU.ActiveCfg = Release|Any CPU
		{6E3777B7-D3CE-4733-8E5F-DAF9E618EFF2}.Release|Any CPU.Build.0 = Release|Any CPU
		{F7621D80-ABE1-4F6E-A118-2746569564EC}.Debug|Any CPU.ActiveCfg = Debug|Any CPU
		{F7621D80-ABE1-4F6E-A118-2746569564EC}.Debug|Any CPU.Build.0 = Debug|Any CPU
		{F7621D80-ABE1-4F6E-A118-2746569564EC}.Release|Any CPU.ActiveCfg = Release|Any CPU
		{F7621D80-ABE1-4F6E-A118-2746569564EC}.Release|Any CPU.Build.0 = Release|Any CPU
		{3BC904F0-0FA9-4926-916F-7D23D80A2AC7}.Debug|Any CPU.ActiveCfg = Debug|Any CPU
		{3BC904F0-0FA9-4926-916F-7D23D80A2AC7}.Debug|Any CPU.Build.0 = Debug|Any CPU
		{3BC904F0-0FA9-4926-916F-7D23D80A2AC7}.Release|Any CPU.ActiveCfg = Release|Any CPU
		{3BC904F0-0FA9-4926-916F-7D23D80A2AC7}.Release|Any CPU.Build.0 = Release|Any CPU
		{A2544D1F-E992-4FD0-A4F6-BBE378456F67}.Debug|Any CPU.ActiveCfg = Debug|Any CPU
		{A2544D1F-E992-4FD0-A4F6-BBE378456F67}.Debug|Any CPU.Build.0 = Debug|Any CPU
		{A2544D1F-E992-4FD0-A4F6-BBE378456F67}.Release|Any CPU.ActiveCfg = Release|Any CPU
		{A2544D1F-E992-4FD0-A4F6-BBE378456F67}.Release|Any CPU.Build.0 = Release|Any CPU
		{17484014-53D5-4B57-87A8-BB83A9459E39}.Debug|Any CPU.ActiveCfg = Debug|Any CPU
		{17484014-53D5-4B57-87A8-BB83A9459E39}.Debug|Any CPU.Build.0 = Debug|Any CPU
		{17484014-53D5-4B57-87A8-BB83A9459E39}.Release|Any CPU.ActiveCfg = Release|Any CPU
		{17484014-53D5-4B57-87A8-BB83A9459E39}.Release|Any CPU.Build.0 = Release|Any CPU
		{9EFA6F74-2360-4773-82A7-D1CEABF5B7A4}.Debug|Any CPU.ActiveCfg = Debug|Any CPU
		{9EFA6F74-2360-4773-82A7-D1CEABF5B7A4}.Debug|Any CPU.Build.0 = Debug|Any CPU
		{9EFA6F74-2360-4773-82A7-D1CEABF5B7A4}.Release|Any CPU.ActiveCfg = Release|Any CPU
		{9EFA6F74-2360-4773-82A7-D1CEABF5B7A4}.Release|Any CPU.Build.0 = Release|Any CPU
		{623CEFF4-B241-4649-AB21-CDA88C972674}.Debug|Any CPU.ActiveCfg = Debug|Any CPU
		{623CEFF4-B241-4649-AB21-CDA88C972674}.Debug|Any CPU.Build.0 = Debug|Any CPU
		{623CEFF4-B241-4649-AB21-CDA88C972674}.Release|Any CPU.ActiveCfg = Release|Any CPU
		{623CEFF4-B241-4649-AB21-CDA88C972674}.Release|Any CPU.Build.0 = Release|Any CPU
		{5EA363C1-3BE3-4AA9-9F51-8E50280CA27B}.Debug|Any CPU.ActiveCfg = Debug|Any CPU
		{5EA363C1-3BE3-4AA9-9F51-8E50280CA27B}.Debug|Any CPU.Build.0 = Debug|Any CPU
		{5EA363C1-3BE3-4AA9-9F51-8E50280CA27B}.Release|Any CPU.ActiveCfg = Release|Any CPU
		{5EA363C1-3BE3-4AA9-9F51-8E50280CA27B}.Release|Any CPU.Build.0 = Release|Any CPU
		{545957A2-B852-4747-BC74-EF5AC71160B3}.Debug|Any CPU.ActiveCfg = Debug|Any CPU
		{545957A2-B852-4747-BC74-EF5AC71160B3}.Debug|Any CPU.Build.0 = Debug|Any CPU
		{545957A2-B852-4747-BC74-EF5AC71160B3}.Release|Any CPU.ActiveCfg = Release|Any CPU
		{545957A2-B852-4747-BC74-EF5AC71160B3}.Release|Any CPU.Build.0 = Release|Any CPU
		{B66F13AB-2452-4681-8037-D3EA05968A1B}.Debug|Any CPU.ActiveCfg = Debug|Any CPU
		{B66F13AB-2452-4681-8037-D3EA05968A1B}.Debug|Any CPU.Build.0 = Debug|Any CPU
		{B66F13AB-2452-4681-8037-D3EA05968A1B}.Release|Any CPU.ActiveCfg = Release|Any CPU
		{B66F13AB-2452-4681-8037-D3EA05968A1B}.Release|Any CPU.Build.0 = Release|Any CPU
		{839A22A7-EF39-42CF-A130-6EAF67C37B6D}.Debug|Any CPU.ActiveCfg = Debug|Any CPU
		{839A22A7-EF39-42CF-A130-6EAF67C37B6D}.Debug|Any CPU.Build.0 = Debug|Any CPU
		{839A22A7-EF39-42CF-A130-6EAF67C37B6D}.Release|Any CPU.ActiveCfg = Release|Any CPU
		{839A22A7-EF39-42CF-A130-6EAF67C37B6D}.Release|Any CPU.Build.0 = Release|Any CPU
		{642A4EF4-3F5A-49CD-9C34-796F3D8B041B}.Debug|Any CPU.ActiveCfg = Debug|Any CPU
		{642A4EF4-3F5A-49CD-9C34-796F3D8B041B}.Debug|Any CPU.Build.0 = Debug|Any CPU
		{642A4EF4-3F5A-49CD-9C34-796F3D8B041B}.Release|Any CPU.ActiveCfg = Release|Any CPU
		{642A4EF4-3F5A-49CD-9C34-796F3D8B041B}.Release|Any CPU.Build.0 = Release|Any CPU
		{9DE8DF4C-3B05-4FF6-93D8-5E34F788913F}.Debug|Any CPU.ActiveCfg = Debug|Any CPU
		{9DE8DF4C-3B05-4FF6-93D8-5E34F788913F}.Debug|Any CPU.Build.0 = Debug|Any CPU
		{9DE8DF4C-3B05-4FF6-93D8-5E34F788913F}.Release|Any CPU.ActiveCfg = Release|Any CPU
		{9DE8DF4C-3B05-4FF6-93D8-5E34F788913F}.Release|Any CPU.Build.0 = Release|Any CPU
		{C39114DC-045A-454D-AD03-2599E4754609}.Debug|Any CPU.ActiveCfg = Debug|Any CPU
		{C39114DC-045A-454D-AD03-2599E4754609}.Debug|Any CPU.Build.0 = Debug|Any CPU
		{C39114DC-045A-454D-AD03-2599E4754609}.Release|Any CPU.ActiveCfg = Release|Any CPU
		{C39114DC-045A-454D-AD03-2599E4754609}.Release|Any CPU.Build.0 = Release|Any CPU
		{8F3AFC7E-03C1-47A4-A39C-CF86B8BE1F09}.Debug|Any CPU.ActiveCfg = Debug|Any CPU
		{8F3AFC7E-03C1-47A4-A39C-CF86B8BE1F09}.Debug|Any CPU.Build.0 = Debug|Any CPU
		{8F3AFC7E-03C1-47A4-A39C-CF86B8BE1F09}.Release|Any CPU.ActiveCfg = Release|Any CPU
		{8F3AFC7E-03C1-47A4-A39C-CF86B8BE1F09}.Release|Any CPU.Build.0 = Release|Any CPU
		{3FC9728D-64EA-4B99-B2A1-D450698B7C26}.Debug|Any CPU.ActiveCfg = Debug|Any CPU
		{3FC9728D-64EA-4B99-B2A1-D450698B7C26}.Debug|Any CPU.Build.0 = Debug|Any CPU
		{3FC9728D-64EA-4B99-B2A1-D450698B7C26}.Release|Any CPU.ActiveCfg = Release|Any CPU
		{3FC9728D-64EA-4B99-B2A1-D450698B7C26}.Release|Any CPU.Build.0 = Release|Any CPU
		{E51029B6-2091-404D-8765-93C34F503A32}.Debug|Any CPU.ActiveCfg = Debug|Any CPU
		{E51029B6-2091-404D-8765-93C34F503A32}.Debug|Any CPU.Build.0 = Debug|Any CPU
		{E51029B6-2091-404D-8765-93C34F503A32}.Release|Any CPU.ActiveCfg = Release|Any CPU
		{E51029B6-2091-404D-8765-93C34F503A32}.Release|Any CPU.Build.0 = Release|Any CPU
		{EE3E40C5-FEDA-4DEA-8B9C-19EC8A542C5E}.Debug|Any CPU.ActiveCfg = Debug|Any CPU
		{EE3E40C5-FEDA-4DEA-8B9C-19EC8A542C5E}.Debug|Any CPU.Build.0 = Debug|Any CPU
		{EE3E40C5-FEDA-4DEA-8B9C-19EC8A542C5E}.Release|Any CPU.ActiveCfg = Release|Any CPU
		{EE3E40C5-FEDA-4DEA-8B9C-19EC8A542C5E}.Release|Any CPU.Build.0 = Release|Any CPU
		{350E5734-0CEC-4631-B885-C9705807CEF8}.Debug|Any CPU.ActiveCfg = Debug|Any CPU
		{350E5734-0CEC-4631-B885-C9705807CEF8}.Debug|Any CPU.Build.0 = Debug|Any CPU
		{350E5734-0CEC-4631-B885-C9705807CEF8}.Release|Any CPU.ActiveCfg = Release|Any CPU
		{350E5734-0CEC-4631-B885-C9705807CEF8}.Release|Any CPU.Build.0 = Release|Any CPU
		{EA47F620-DA27-416D-9759-E98334C7AC3C}.Debug|Any CPU.ActiveCfg = Debug|Any CPU
		{EA47F620-DA27-416D-9759-E98334C7AC3C}.Debug|Any CPU.Build.0 = Debug|Any CPU
		{EA47F620-DA27-416D-9759-E98334C7AC3C}.Release|Any CPU.ActiveCfg = Release|Any CPU
		{EA47F620-DA27-416D-9759-E98334C7AC3C}.Release|Any CPU.Build.0 = Release|Any CPU
		{078900E0-7454-4AFC-9C33-2F8A9B58ADD3}.Debug|Any CPU.ActiveCfg = Debug|Any CPU
		{078900E0-7454-4AFC-9C33-2F8A9B58ADD3}.Debug|Any CPU.Build.0 = Debug|Any CPU
		{078900E0-7454-4AFC-9C33-2F8A9B58ADD3}.Release|Any CPU.ActiveCfg = Release|Any CPU
		{078900E0-7454-4AFC-9C33-2F8A9B58ADD3}.Release|Any CPU.Build.0 = Release|Any CPU
		{21FC26A4-4469-4748-960D-8F08D946BBC6}.Debug|Any CPU.ActiveCfg = Debug|Any CPU
		{21FC26A4-4469-4748-960D-8F08D946BBC6}.Debug|Any CPU.Build.0 = Debug|Any CPU
		{21FC26A4-4469-4748-960D-8F08D946BBC6}.Release|Any CPU.ActiveCfg = Release|Any CPU
		{21FC26A4-4469-4748-960D-8F08D946BBC6}.Release|Any CPU.Build.0 = Release|Any CPU
		{C710BC1C-3C37-4855-9727-1A2C8ECE1195}.Debug|Any CPU.ActiveCfg = Debug|Any CPU
		{C710BC1C-3C37-4855-9727-1A2C8ECE1195}.Debug|Any CPU.Build.0 = Debug|Any CPU
		{C710BC1C-3C37-4855-9727-1A2C8ECE1195}.Release|Any CPU.ActiveCfg = Release|Any CPU
		{C710BC1C-3C37-4855-9727-1A2C8ECE1195}.Release|Any CPU.Build.0 = Release|Any CPU
		{06C94846-A8F7-4976-8598-AA8DA986CF86}.Debug|Any CPU.ActiveCfg = Debug|Any CPU
		{06C94846-A8F7-4976-8598-AA8DA986CF86}.Debug|Any CPU.Build.0 = Debug|Any CPU
		{06C94846-A8F7-4976-8598-AA8DA986CF86}.Release|Any CPU.ActiveCfg = Release|Any CPU
		{06C94846-A8F7-4976-8598-AA8DA986CF86}.Release|Any CPU.Build.0 = Release|Any CPU
		{DB647C04-DBAD-4947-8F24-144155629BC9}.Debug|Any CPU.ActiveCfg = Debug|Any CPU
		{DB647C04-DBAD-4947-8F24-144155629BC9}.Debug|Any CPU.Build.0 = Debug|Any CPU
		{DB647C04-DBAD-4947-8F24-144155629BC9}.Release|Any CPU.ActiveCfg = Release|Any CPU
		{DB647C04-DBAD-4947-8F24-144155629BC9}.Release|Any CPU.Build.0 = Release|Any CPU
		{F30F1088-83A0-4959-A328-B02864F38C5A}.Debug|Any CPU.ActiveCfg = Debug|Any CPU
		{F30F1088-83A0-4959-A328-B02864F38C5A}.Debug|Any CPU.Build.0 = Debug|Any CPU
		{F30F1088-83A0-4959-A328-B02864F38C5A}.Release|Any CPU.ActiveCfg = Release|Any CPU
		{F30F1088-83A0-4959-A328-B02864F38C5A}.Release|Any CPU.Build.0 = Release|Any CPU
		{D0B22FFB-C7AE-4295-B85E-99B49C129647}.Debug|Any CPU.ActiveCfg = Debug|Any CPU
		{D0B22FFB-C7AE-4295-B85E-99B49C129647}.Debug|Any CPU.Build.0 = Debug|Any CPU
		{D0B22FFB-C7AE-4295-B85E-99B49C129647}.Release|Any CPU.ActiveCfg = Release|Any CPU
		{D0B22FFB-C7AE-4295-B85E-99B49C129647}.Release|Any CPU.Build.0 = Release|Any CPU
		{4A4D3B61-B154-4BF9-9E73-4919C3E5502D}.Debug|Any CPU.ActiveCfg = Debug|Any CPU
		{4A4D3B61-B154-4BF9-9E73-4919C3E5502D}.Debug|Any CPU.Build.0 = Debug|Any CPU
		{4A4D3B61-B154-4BF9-9E73-4919C3E5502D}.Release|Any CPU.ActiveCfg = Release|Any CPU
		{4A4D3B61-B154-4BF9-9E73-4919C3E5502D}.Release|Any CPU.Build.0 = Release|Any CPU
		{153672DD-8A1E-46F0-9C39-5764BF885FF3}.Debug|Any CPU.ActiveCfg = Debug|Any CPU
		{153672DD-8A1E-46F0-9C39-5764BF885FF3}.Debug|Any CPU.Build.0 = Debug|Any CPU
		{153672DD-8A1E-46F0-9C39-5764BF885FF3}.Release|Any CPU.ActiveCfg = Release|Any CPU
		{153672DD-8A1E-46F0-9C39-5764BF885FF3}.Release|Any CPU.Build.0 = Release|Any CPU
		{F967FD83-897B-43B9-B9C2-A57DB0A44108}.Debug|Any CPU.ActiveCfg = Debug|Any CPU
		{F967FD83-897B-43B9-B9C2-A57DB0A44108}.Debug|Any CPU.Build.0 = Debug|Any CPU
		{F967FD83-897B-43B9-B9C2-A57DB0A44108}.Release|Any CPU.ActiveCfg = Release|Any CPU
		{F967FD83-897B-43B9-B9C2-A57DB0A44108}.Release|Any CPU.Build.0 = Release|Any CPU
		{42B8D407-E0AB-462C-9E99-16FBA0AD2DB4}.Debug|Any CPU.ActiveCfg = Debug|Any CPU
		{42B8D407-E0AB-462C-9E99-16FBA0AD2DB4}.Debug|Any CPU.Build.0 = Debug|Any CPU
		{42B8D407-E0AB-462C-9E99-16FBA0AD2DB4}.Release|Any CPU.ActiveCfg = Release|Any CPU
		{42B8D407-E0AB-462C-9E99-16FBA0AD2DB4}.Release|Any CPU.Build.0 = Release|Any CPU
		{C7177D3C-148D-41D2-BC01-C6AF141495BD}.Debug|Any CPU.ActiveCfg = Debug|Any CPU
		{C7177D3C-148D-41D2-BC01-C6AF141495BD}.Debug|Any CPU.Build.0 = Debug|Any CPU
		{C7177D3C-148D-41D2-BC01-C6AF141495BD}.Release|Any CPU.ActiveCfg = Release|Any CPU
		{C7177D3C-148D-41D2-BC01-C6AF141495BD}.Release|Any CPU.Build.0 = Release|Any CPU
		{59C36BAF-3A39-4531-9B79-7BC387217E54}.Debug|Any CPU.ActiveCfg = Debug|Any CPU
		{59C36BAF-3A39-4531-9B79-7BC387217E54}.Debug|Any CPU.Build.0 = Debug|Any CPU
		{59C36BAF-3A39-4531-9B79-7BC387217E54}.Release|Any CPU.ActiveCfg = Release|Any CPU
		{59C36BAF-3A39-4531-9B79-7BC387217E54}.Release|Any CPU.Build.0 = Release|Any CPU
		{3C3ACA9E-4802-4C10-B37B-BFB25C7D261F}.Debug|Any CPU.ActiveCfg = Debug|Any CPU
		{3C3ACA9E-4802-4C10-B37B-BFB25C7D261F}.Debug|Any CPU.Build.0 = Debug|Any CPU
		{3C3ACA9E-4802-4C10-B37B-BFB25C7D261F}.Release|Any CPU.ActiveCfg = Release|Any CPU
		{3C3ACA9E-4802-4C10-B37B-BFB25C7D261F}.Release|Any CPU.Build.0 = Release|Any CPU
		{4BF27085-33DF-4303-A659-A1616D4DF99F}.Debug|Any CPU.ActiveCfg = Debug|Any CPU
		{4BF27085-33DF-4303-A659-A1616D4DF99F}.Debug|Any CPU.Build.0 = Debug|Any CPU
		{4BF27085-33DF-4303-A659-A1616D4DF99F}.Release|Any CPU.ActiveCfg = Release|Any CPU
		{4BF27085-33DF-4303-A659-A1616D4DF99F}.Release|Any CPU.Build.0 = Release|Any CPU
		{0555740D-8013-46F7-8B3B-50C68925790B}.Debug|Any CPU.ActiveCfg = Debug|Any CPU
		{0555740D-8013-46F7-8B3B-50C68925790B}.Debug|Any CPU.Build.0 = Debug|Any CPU
		{0555740D-8013-46F7-8B3B-50C68925790B}.Release|Any CPU.ActiveCfg = Release|Any CPU
		{0555740D-8013-46F7-8B3B-50C68925790B}.Release|Any CPU.Build.0 = Release|Any CPU
		{0F59B427-6769-4C18-B25F-88B224C247D8}.Debug|Any CPU.ActiveCfg = Debug|Any CPU
		{0F59B427-6769-4C18-B25F-88B224C247D8}.Debug|Any CPU.Build.0 = Debug|Any CPU
		{0F59B427-6769-4C18-B25F-88B224C247D8}.Release|Any CPU.ActiveCfg = Release|Any CPU
		{0F59B427-6769-4C18-B25F-88B224C247D8}.Release|Any CPU.Build.0 = Release|Any CPU
		{34EE7A4F-D3E9-470F-A05B-F9BA0A78DAB4}.Debug|Any CPU.ActiveCfg = Debug|Any CPU
		{34EE7A4F-D3E9-470F-A05B-F9BA0A78DAB4}.Debug|Any CPU.Build.0 = Debug|Any CPU
		{34EE7A4F-D3E9-470F-A05B-F9BA0A78DAB4}.Release|Any CPU.ActiveCfg = Release|Any CPU
		{34EE7A4F-D3E9-470F-A05B-F9BA0A78DAB4}.Release|Any CPU.Build.0 = Release|Any CPU
		{54FEE841-24CB-44A4-9CC1-69E4DB15BE1B}.Debug|Any CPU.ActiveCfg = Debug|Any CPU
		{54FEE841-24CB-44A4-9CC1-69E4DB15BE1B}.Debug|Any CPU.Build.0 = Debug|Any CPU
		{54FEE841-24CB-44A4-9CC1-69E4DB15BE1B}.Release|Any CPU.ActiveCfg = Release|Any CPU
		{54FEE841-24CB-44A4-9CC1-69E4DB15BE1B}.Release|Any CPU.Build.0 = Release|Any CPU
		{6C790FA2-FD25-4E48-8A83-9BC16BCE3181}.Debug|Any CPU.ActiveCfg = Debug|Any CPU
		{6C790FA2-FD25-4E48-8A83-9BC16BCE3181}.Debug|Any CPU.Build.0 = Debug|Any CPU
		{6C790FA2-FD25-4E48-8A83-9BC16BCE3181}.Release|Any CPU.ActiveCfg = Release|Any CPU
		{6C790FA2-FD25-4E48-8A83-9BC16BCE3181}.Release|Any CPU.Build.0 = Release|Any CPU
		{1A44631E-37D0-4412-909F-777DA3808365}.Debug|Any CPU.ActiveCfg = Debug|Any CPU
		{1A44631E-37D0-4412-909F-777DA3808365}.Debug|Any CPU.Build.0 = Debug|Any CPU
		{1A44631E-37D0-4412-909F-777DA3808365}.Release|Any CPU.ActiveCfg = Release|Any CPU
		{1A44631E-37D0-4412-909F-777DA3808365}.Release|Any CPU.Build.0 = Release|Any CPU
		{FBBCAAA6-E19A-4B02-AE1D-59D6C97FD561}.Debug|Any CPU.ActiveCfg = Debug|Any CPU
		{FBBCAAA6-E19A-4B02-AE1D-59D6C97FD561}.Debug|Any CPU.Build.0 = Debug|Any CPU
		{FBBCAAA6-E19A-4B02-AE1D-59D6C97FD561}.Release|Any CPU.ActiveCfg = Release|Any CPU
		{FBBCAAA6-E19A-4B02-AE1D-59D6C97FD561}.Release|Any CPU.Build.0 = Release|Any CPU
		{5C695806-3D9A-4EE4-9624-29B9D2CE9D3C}.Debug|Any CPU.ActiveCfg = Debug|Any CPU
		{5C695806-3D9A-4EE4-9624-29B9D2CE9D3C}.Debug|Any CPU.Build.0 = Debug|Any CPU
		{5C695806-3D9A-4EE4-9624-29B9D2CE9D3C}.Release|Any CPU.ActiveCfg = Release|Any CPU
		{5C695806-3D9A-4EE4-9624-29B9D2CE9D3C}.Release|Any CPU.Build.0 = Release|Any CPU
		{5709EF07-4322-48A1-AC57-8F0718B24B26}.Debug|Any CPU.ActiveCfg = Debug|Any CPU
		{5709EF07-4322-48A1-AC57-8F0718B24B26}.Debug|Any CPU.Build.0 = Debug|Any CPU
		{5709EF07-4322-48A1-AC57-8F0718B24B26}.Release|Any CPU.ActiveCfg = Release|Any CPU
		{5709EF07-4322-48A1-AC57-8F0718B24B26}.Release|Any CPU.Build.0 = Release|Any CPU
		{0A24BE8F-09EC-4759-8A0E-BF906F6D5763}.Debug|Any CPU.ActiveCfg = Debug|Any CPU
		{0A24BE8F-09EC-4759-8A0E-BF906F6D5763}.Debug|Any CPU.Build.0 = Debug|Any CPU
		{0A24BE8F-09EC-4759-8A0E-BF906F6D5763}.Release|Any CPU.ActiveCfg = Release|Any CPU
		{0A24BE8F-09EC-4759-8A0E-BF906F6D5763}.Release|Any CPU.Build.0 = Release|Any CPU
		{52E70112-60DA-4A3A-BCB2-C7EBFD45F56B}.Debug|Any CPU.ActiveCfg = Debug|Any CPU
		{52E70112-60DA-4A3A-BCB2-C7EBFD45F56B}.Debug|Any CPU.Build.0 = Debug|Any CPU
		{52E70112-60DA-4A3A-BCB2-C7EBFD45F56B}.Release|Any CPU.ActiveCfg = Release|Any CPU
		{52E70112-60DA-4A3A-BCB2-C7EBFD45F56B}.Release|Any CPU.Build.0 = Release|Any CPU
		{EAF488FE-718D-4ECE-AA2A-AF150F26180D}.Debug|Any CPU.ActiveCfg = Debug|Any CPU
		{EAF488FE-718D-4ECE-AA2A-AF150F26180D}.Debug|Any CPU.Build.0 = Debug|Any CPU
		{EAF488FE-718D-4ECE-AA2A-AF150F26180D}.Release|Any CPU.ActiveCfg = Release|Any CPU
		{EAF488FE-718D-4ECE-AA2A-AF150F26180D}.Release|Any CPU.Build.0 = Release|Any CPU
		{CCE13F71-ABC0-496C-B715-128846D7BAE0}.Debug|Any CPU.ActiveCfg = Debug|Any CPU
		{CCE13F71-ABC0-496C-B715-128846D7BAE0}.Debug|Any CPU.Build.0 = Debug|Any CPU
		{CCE13F71-ABC0-496C-B715-128846D7BAE0}.Release|Any CPU.ActiveCfg = Release|Any CPU
		{CCE13F71-ABC0-496C-B715-128846D7BAE0}.Release|Any CPU.Build.0 = Release|Any CPU
		{987B15F2-C0BB-47F2-9250-C9FC0A641ADA}.Debug|Any CPU.ActiveCfg = Debug|Any CPU
		{987B15F2-C0BB-47F2-9250-C9FC0A641ADA}.Debug|Any CPU.Build.0 = Debug|Any CPU
		{987B15F2-C0BB-47F2-9250-C9FC0A641ADA}.Release|Any CPU.ActiveCfg = Release|Any CPU
		{987B15F2-C0BB-47F2-9250-C9FC0A641ADA}.Release|Any CPU.Build.0 = Release|Any CPU
		{B55A2C58-9129-4A5D-8A95-6C8EF3FBDE3D}.Debug|Any CPU.ActiveCfg = Debug|Any CPU
		{B55A2C58-9129-4A5D-8A95-6C8EF3FBDE3D}.Debug|Any CPU.Build.0 = Debug|Any CPU
		{B55A2C58-9129-4A5D-8A95-6C8EF3FBDE3D}.Release|Any CPU.ActiveCfg = Release|Any CPU
		{B55A2C58-9129-4A5D-8A95-6C8EF3FBDE3D}.Release|Any CPU.Build.0 = Release|Any CPU
		{478343B3-6F45-4F74-A222-BE0A8F433A39}.Debug|Any CPU.ActiveCfg = Debug|Any CPU
		{478343B3-6F45-4F74-A222-BE0A8F433A39}.Debug|Any CPU.Build.0 = Debug|Any CPU
		{478343B3-6F45-4F74-A222-BE0A8F433A39}.Release|Any CPU.ActiveCfg = Release|Any CPU
		{478343B3-6F45-4F74-A222-BE0A8F433A39}.Release|Any CPU.Build.0 = Release|Any CPU
		{45BB874E-F240-43CE-8241-DC4F69D2873B}.Debug|Any CPU.ActiveCfg = Debug|Any CPU
		{45BB874E-F240-43CE-8241-DC4F69D2873B}.Debug|Any CPU.Build.0 = Debug|Any CPU
		{45BB874E-F240-43CE-8241-DC4F69D2873B}.Release|Any CPU.ActiveCfg = Release|Any CPU
		{45BB874E-F240-43CE-8241-DC4F69D2873B}.Release|Any CPU.Build.0 = Release|Any CPU
		{25143589-60C3-4A61-90DF-7F336FF23F13}.Debug|Any CPU.ActiveCfg = Debug|Any CPU
		{25143589-60C3-4A61-90DF-7F336FF23F13}.Debug|Any CPU.Build.0 = Debug|Any CPU
		{25143589-60C3-4A61-90DF-7F336FF23F13}.Release|Any CPU.ActiveCfg = Release|Any CPU
		{25143589-60C3-4A61-90DF-7F336FF23F13}.Release|Any CPU.Build.0 = Release|Any CPU
		{7C22B55A-E155-4B21-8C10-D6C18C19119D}.Debug|Any CPU.ActiveCfg = Debug|Any CPU
		{7C22B55A-E155-4B21-8C10-D6C18C19119D}.Debug|Any CPU.Build.0 = Debug|Any CPU
		{7C22B55A-E155-4B21-8C10-D6C18C19119D}.Release|Any CPU.ActiveCfg = Release|Any CPU
		{7C22B55A-E155-4B21-8C10-D6C18C19119D}.Release|Any CPU.Build.0 = Release|Any CPU
		{6C9343B7-8EC6-4DA3-A0A5-AC555139A624}.Debug|Any CPU.ActiveCfg = Debug|Any CPU
		{6C9343B7-8EC6-4DA3-A0A5-AC555139A624}.Debug|Any CPU.Build.0 = Debug|Any CPU
		{6C9343B7-8EC6-4DA3-A0A5-AC555139A624}.Release|Any CPU.ActiveCfg = Release|Any CPU
		{6C9343B7-8EC6-4DA3-A0A5-AC555139A624}.Release|Any CPU.Build.0 = Release|Any CPU
		{6BF1805E-ADC5-496D-A896-8C6A60E68392}.Debug|Any CPU.ActiveCfg = Debug|Any CPU
		{6BF1805E-ADC5-496D-A896-8C6A60E68392}.Debug|Any CPU.Build.0 = Debug|Any CPU
		{6BF1805E-ADC5-496D-A896-8C6A60E68392}.Release|Any CPU.ActiveCfg = Release|Any CPU
		{6BF1805E-ADC5-496D-A896-8C6A60E68392}.Release|Any CPU.Build.0 = Release|Any CPU
		{67FD1CF7-54A8-4B26-93F5-B533B73F139B}.Debug|Any CPU.ActiveCfg = Debug|Any CPU
		{67FD1CF7-54A8-4B26-93F5-B533B73F139B}.Debug|Any CPU.Build.0 = Debug|Any CPU
		{67FD1CF7-54A8-4B26-93F5-B533B73F139B}.Release|Any CPU.ActiveCfg = Release|Any CPU
		{67FD1CF7-54A8-4B26-93F5-B533B73F139B}.Release|Any CPU.Build.0 = Release|Any CPU
		{DA61342B-3959-4020-8F11-295CF017D41F}.Debug|Any CPU.ActiveCfg = Debug|Any CPU
		{DA61342B-3959-4020-8F11-295CF017D41F}.Debug|Any CPU.Build.0 = Debug|Any CPU
		{DA61342B-3959-4020-8F11-295CF017D41F}.Release|Any CPU.ActiveCfg = Release|Any CPU
		{DA61342B-3959-4020-8F11-295CF017D41F}.Release|Any CPU.Build.0 = Release|Any CPU
		{0F5F68C6-C089-4F48-89C9-6DE6558B82AA}.Debug|Any CPU.ActiveCfg = Debug|Any CPU
		{0F5F68C6-C089-4F48-89C9-6DE6558B82AA}.Debug|Any CPU.Build.0 = Debug|Any CPU
		{0F5F68C6-C089-4F48-89C9-6DE6558B82AA}.Release|Any CPU.ActiveCfg = Release|Any CPU
		{0F5F68C6-C089-4F48-89C9-6DE6558B82AA}.Release|Any CPU.Build.0 = Release|Any CPU
		{D6C867E5-EB47-4A84-BD13-92833F30B1F0}.Debug|Any CPU.ActiveCfg = Debug|Any CPU
		{D6C867E5-EB47-4A84-BD13-92833F30B1F0}.Debug|Any CPU.Build.0 = Debug|Any CPU
		{D6C867E5-EB47-4A84-BD13-92833F30B1F0}.Release|Any CPU.ActiveCfg = Release|Any CPU
		{D6C867E5-EB47-4A84-BD13-92833F30B1F0}.Release|Any CPU.Build.0 = Release|Any CPU
		{14223600-22DC-4764-BA42-6F369C853187}.Debug|Any CPU.ActiveCfg = Debug|Any CPU
		{14223600-22DC-4764-BA42-6F369C853187}.Debug|Any CPU.Build.0 = Debug|Any CPU
		{14223600-22DC-4764-BA42-6F369C853187}.Release|Any CPU.ActiveCfg = Release|Any CPU
		{14223600-22DC-4764-BA42-6F369C853187}.Release|Any CPU.Build.0 = Release|Any CPU
		{6E5F665B-7D7A-4C46-9B3D-80DEF211EE5D}.Debug|Any CPU.ActiveCfg = Debug|Any CPU
		{6E5F665B-7D7A-4C46-9B3D-80DEF211EE5D}.Debug|Any CPU.Build.0 = Debug|Any CPU
		{6E5F665B-7D7A-4C46-9B3D-80DEF211EE5D}.Release|Any CPU.ActiveCfg = Release|Any CPU
		{6E5F665B-7D7A-4C46-9B3D-80DEF211EE5D}.Release|Any CPU.Build.0 = Release|Any CPU
		{26261DCC-0C9D-46EE-9DDF-B989148E4BDD}.Debug|Any CPU.ActiveCfg = Debug|Any CPU
		{26261DCC-0C9D-46EE-9DDF-B989148E4BDD}.Debug|Any CPU.Build.0 = Debug|Any CPU
		{26261DCC-0C9D-46EE-9DDF-B989148E4BDD}.Release|Any CPU.ActiveCfg = Release|Any CPU
		{26261DCC-0C9D-46EE-9DDF-B989148E4BDD}.Release|Any CPU.Build.0 = Release|Any CPU
		{2FD68DFC-5572-45B5-A3E7-6B6EF8F96D06}.Debug|Any CPU.ActiveCfg = Debug|Any CPU
		{2FD68DFC-5572-45B5-A3E7-6B6EF8F96D06}.Debug|Any CPU.Build.0 = Debug|Any CPU
		{2FD68DFC-5572-45B5-A3E7-6B6EF8F96D06}.Release|Any CPU.ActiveCfg = Release|Any CPU
		{2FD68DFC-5572-45B5-A3E7-6B6EF8F96D06}.Release|Any CPU.Build.0 = Release|Any CPU
		{AA14AC82-BBA8-479C-90BE-275403D214F3}.Debug|Any CPU.ActiveCfg = Debug|Any CPU
		{AA14AC82-BBA8-479C-90BE-275403D214F3}.Debug|Any CPU.Build.0 = Debug|Any CPU
		{AA14AC82-BBA8-479C-90BE-275403D214F3}.Release|Any CPU.ActiveCfg = Release|Any CPU
		{AA14AC82-BBA8-479C-90BE-275403D214F3}.Release|Any CPU.Build.0 = Release|Any CPU
		{BD24B21E-54D1-46D0-96CF-E48E2B960929}.Debug|Any CPU.ActiveCfg = Debug|Any CPU
		{BD24B21E-54D1-46D0-96CF-E48E2B960929}.Debug|Any CPU.Build.0 = Debug|Any CPU
		{BD24B21E-54D1-46D0-96CF-E48E2B960929}.Release|Any CPU.ActiveCfg = Release|Any CPU
		{BD24B21E-54D1-46D0-96CF-E48E2B960929}.Release|Any CPU.Build.0 = Release|Any CPU
		{2C90CB36-28F4-4CD8-8441-06B0936C18F5}.Debug|Any CPU.ActiveCfg = Debug|Any CPU
		{2C90CB36-28F4-4CD8-8441-06B0936C18F5}.Debug|Any CPU.Build.0 = Debug|Any CPU
		{2C90CB36-28F4-4CD8-8441-06B0936C18F5}.Release|Any CPU.ActiveCfg = Release|Any CPU
		{2C90CB36-28F4-4CD8-8441-06B0936C18F5}.Release|Any CPU.Build.0 = Release|Any CPU
		{EE427895-0009-42AB-8DA3-7B7BFF7DC534}.Debug|Any CPU.ActiveCfg = Debug|Any CPU
		{EE427895-0009-42AB-8DA3-7B7BFF7DC534}.Debug|Any CPU.Build.0 = Debug|Any CPU
		{EE427895-0009-42AB-8DA3-7B7BFF7DC534}.Release|Any CPU.ActiveCfg = Release|Any CPU
		{EE427895-0009-42AB-8DA3-7B7BFF7DC534}.Release|Any CPU.Build.0 = Release|Any CPU
		{E0E63EB4-DF48-4327-98BF-62BE1F522C08}.Debug|Any CPU.ActiveCfg = Debug|Any CPU
		{E0E63EB4-DF48-4327-98BF-62BE1F522C08}.Debug|Any CPU.Build.0 = Debug|Any CPU
		{E0E63EB4-DF48-4327-98BF-62BE1F522C08}.Release|Any CPU.ActiveCfg = Release|Any CPU
		{E0E63EB4-DF48-4327-98BF-62BE1F522C08}.Release|Any CPU.Build.0 = Release|Any CPU
		{71C7DC1A-2FF7-46BE-921C-C1F9A58858DF}.Debug|Any CPU.ActiveCfg = Debug|Any CPU
		{71C7DC1A-2FF7-46BE-921C-C1F9A58858DF}.Debug|Any CPU.Build.0 = Debug|Any CPU
		{71C7DC1A-2FF7-46BE-921C-C1F9A58858DF}.Release|Any CPU.ActiveCfg = Release|Any CPU
		{71C7DC1A-2FF7-46BE-921C-C1F9A58858DF}.Release|Any CPU.Build.0 = Release|Any CPU
		{F36FAA7E-BB26-44FB-9F6C-287B01C58534}.Debug|Any CPU.ActiveCfg = Debug|Any CPU
		{F36FAA7E-BB26-44FB-9F6C-287B01C58534}.Debug|Any CPU.Build.0 = Debug|Any CPU
		{F36FAA7E-BB26-44FB-9F6C-287B01C58534}.Release|Any CPU.ActiveCfg = Release|Any CPU
		{F36FAA7E-BB26-44FB-9F6C-287B01C58534}.Release|Any CPU.Build.0 = Release|Any CPU
		{9D5F65C5-1433-4822-B985-5A84994E21DF}.Debug|Any CPU.ActiveCfg = Debug|Any CPU
		{9D5F65C5-1433-4822-B985-5A84994E21DF}.Debug|Any CPU.Build.0 = Debug|Any CPU
		{9D5F65C5-1433-4822-B985-5A84994E21DF}.Release|Any CPU.ActiveCfg = Release|Any CPU
		{9D5F65C5-1433-4822-B985-5A84994E21DF}.Release|Any CPU.Build.0 = Release|Any CPU
		{AC1AA2EE-6FF4-4570-9784-43DB270D1076}.Debug|Any CPU.ActiveCfg = Debug|Any CPU
		{AC1AA2EE-6FF4-4570-9784-43DB270D1076}.Debug|Any CPU.Build.0 = Debug|Any CPU
		{AC1AA2EE-6FF4-4570-9784-43DB270D1076}.Release|Any CPU.ActiveCfg = Release|Any CPU
		{AC1AA2EE-6FF4-4570-9784-43DB270D1076}.Release|Any CPU.Build.0 = Release|Any CPU
		{1057A3E0-9E39-4A5E-A7E5-4494239EAAD1}.Debug|Any CPU.ActiveCfg = Debug|Any CPU
		{1057A3E0-9E39-4A5E-A7E5-4494239EAAD1}.Debug|Any CPU.Build.0 = Debug|Any CPU
		{1057A3E0-9E39-4A5E-A7E5-4494239EAAD1}.Release|Any CPU.ActiveCfg = Release|Any CPU
		{1057A3E0-9E39-4A5E-A7E5-4494239EAAD1}.Release|Any CPU.Build.0 = Release|Any CPU
		{8E2D10E5-3216-4613-B53E-C9F8D6363024}.Debug|Any CPU.ActiveCfg = Debug|Any CPU
		{8E2D10E5-3216-4613-B53E-C9F8D6363024}.Debug|Any CPU.Build.0 = Debug|Any CPU
		{8E2D10E5-3216-4613-B53E-C9F8D6363024}.Release|Any CPU.ActiveCfg = Release|Any CPU
		{8E2D10E5-3216-4613-B53E-C9F8D6363024}.Release|Any CPU.Build.0 = Release|Any CPU
		{385EF1C3-939E-4D05-A66E-0B29B814C05B}.Debug|Any CPU.ActiveCfg = Debug|Any CPU
		{385EF1C3-939E-4D05-A66E-0B29B814C05B}.Debug|Any CPU.Build.0 = Debug|Any CPU
		{385EF1C3-939E-4D05-A66E-0B29B814C05B}.Release|Any CPU.ActiveCfg = Release|Any CPU
		{385EF1C3-939E-4D05-A66E-0B29B814C05B}.Release|Any CPU.Build.0 = Release|Any CPU
		{DF4FC1C7-D64E-4DEF-BC09-7E24CBA36546}.Debug|Any CPU.ActiveCfg = Debug|Any CPU
		{DF4FC1C7-D64E-4DEF-BC09-7E24CBA36546}.Debug|Any CPU.Build.0 = Debug|Any CPU
		{DF4FC1C7-D64E-4DEF-BC09-7E24CBA36546}.Release|Any CPU.ActiveCfg = Release|Any CPU
		{DF4FC1C7-D64E-4DEF-BC09-7E24CBA36546}.Release|Any CPU.Build.0 = Release|Any CPU
		{46D54DC3-5CDB-4BE6-AFB1-BD7B9F2BDD0A}.Debug|Any CPU.ActiveCfg = Debug|Any CPU
		{46D54DC3-5CDB-4BE6-AFB1-BD7B9F2BDD0A}.Debug|Any CPU.Build.0 = Debug|Any CPU
		{46D54DC3-5CDB-4BE6-AFB1-BD7B9F2BDD0A}.Release|Any CPU.ActiveCfg = Release|Any CPU
		{46D54DC3-5CDB-4BE6-AFB1-BD7B9F2BDD0A}.Release|Any CPU.Build.0 = Release|Any CPU
		{71F2F610-CA83-43F2-8450-F7FCEDB829E3}.Debug|Any CPU.ActiveCfg = Debug|Any CPU
		{71F2F610-CA83-43F2-8450-F7FCEDB829E3}.Debug|Any CPU.Build.0 = Debug|Any CPU
		{71F2F610-CA83-43F2-8450-F7FCEDB829E3}.Release|Any CPU.ActiveCfg = Release|Any CPU
		{71F2F610-CA83-43F2-8450-F7FCEDB829E3}.Release|Any CPU.Build.0 = Release|Any CPU
		{F051A9F5-2E7E-4F4A-B4C8-4A7BDD7669AB}.Debug|Any CPU.ActiveCfg = Debug|Any CPU
		{F051A9F5-2E7E-4F4A-B4C8-4A7BDD7669AB}.Debug|Any CPU.Build.0 = Debug|Any CPU
		{F051A9F5-2E7E-4F4A-B4C8-4A7BDD7669AB}.Release|Any CPU.ActiveCfg = Release|Any CPU
		{F051A9F5-2E7E-4F4A-B4C8-4A7BDD7669AB}.Release|Any CPU.Build.0 = Release|Any CPU
		{5434430D-F784-469B-8671-67EA6DF9140E}.Debug|Any CPU.ActiveCfg = Debug|Any CPU
		{5434430D-F784-469B-8671-67EA6DF9140E}.Debug|Any CPU.Build.0 = Debug|Any CPU
		{5434430D-F784-469B-8671-67EA6DF9140E}.Release|Any CPU.ActiveCfg = Release|Any CPU
		{5434430D-F784-469B-8671-67EA6DF9140E}.Release|Any CPU.Build.0 = Release|Any CPU
		{A8033378-413E-42A8-B68E-94878C5E97BF}.Debug|Any CPU.ActiveCfg = Debug|Any CPU
		{A8033378-413E-42A8-B68E-94878C5E97BF}.Debug|Any CPU.Build.0 = Debug|Any CPU
		{A8033378-413E-42A8-B68E-94878C5E97BF}.Release|Any CPU.ActiveCfg = Release|Any CPU
		{A8033378-413E-42A8-B68E-94878C5E97BF}.Release|Any CPU.Build.0 = Release|Any CPU
		{877F53D5-493D-4F7B-9DF6-9E0B67B382A4}.Debug|Any CPU.ActiveCfg = Debug|Any CPU
		{877F53D5-493D-4F7B-9DF6-9E0B67B382A4}.Debug|Any CPU.Build.0 = Debug|Any CPU
		{877F53D5-493D-4F7B-9DF6-9E0B67B382A4}.Release|Any CPU.ActiveCfg = Release|Any CPU
		{877F53D5-493D-4F7B-9DF6-9E0B67B382A4}.Release|Any CPU.Build.0 = Release|Any CPU
		{5DFA54FF-8F33-449A-BF04-00ADF760F5B5}.Debug|Any CPU.ActiveCfg = Debug|Any CPU
		{5DFA54FF-8F33-449A-BF04-00ADF760F5B5}.Debug|Any CPU.Build.0 = Debug|Any CPU
		{5DFA54FF-8F33-449A-BF04-00ADF760F5B5}.Release|Any CPU.ActiveCfg = Release|Any CPU
		{5DFA54FF-8F33-449A-BF04-00ADF760F5B5}.Release|Any CPU.Build.0 = Release|Any CPU
		{007D419D-6259-4D22-A1E7-43CA9A7966BF}.Debug|Any CPU.ActiveCfg = Debug|Any CPU
		{007D419D-6259-4D22-A1E7-43CA9A7966BF}.Debug|Any CPU.Build.0 = Debug|Any CPU
		{007D419D-6259-4D22-A1E7-43CA9A7966BF}.Release|Any CPU.ActiveCfg = Release|Any CPU
		{007D419D-6259-4D22-A1E7-43CA9A7966BF}.Release|Any CPU.Build.0 = Release|Any CPU
		{8BF79AE7-11EB-40D4-B872-B271BEFED865}.Debug|Any CPU.ActiveCfg = Debug|Any CPU
		{8BF79AE7-11EB-40D4-B872-B271BEFED865}.Debug|Any CPU.Build.0 = Debug|Any CPU
		{8BF79AE7-11EB-40D4-B872-B271BEFED865}.Release|Any CPU.ActiveCfg = Release|Any CPU
		{8BF79AE7-11EB-40D4-B872-B271BEFED865}.Release|Any CPU.Build.0 = Release|Any CPU
		{AAB49E37-D537-4218-9FBE-E375409C3A3E}.Debug|Any CPU.ActiveCfg = Debug|Any CPU
		{AAB49E37-D537-4218-9FBE-E375409C3A3E}.Debug|Any CPU.Build.0 = Debug|Any CPU
		{AAB49E37-D537-4218-9FBE-E375409C3A3E}.Release|Any CPU.ActiveCfg = Release|Any CPU
		{AAB49E37-D537-4218-9FBE-E375409C3A3E}.Release|Any CPU.Build.0 = Release|Any CPU
		{5DF6743B-D086-4073-A8CD-C8B334D8BCB0}.Debug|Any CPU.ActiveCfg = Debug|Any CPU
		{5DF6743B-D086-4073-A8CD-C8B334D8BCB0}.Debug|Any CPU.Build.0 = Debug|Any CPU
		{5DF6743B-D086-4073-A8CD-C8B334D8BCB0}.Release|Any CPU.ActiveCfg = Release|Any CPU
		{5DF6743B-D086-4073-A8CD-C8B334D8BCB0}.Release|Any CPU.Build.0 = Release|Any CPU
		{7032C1FA-F7DC-4754-ADA5-2D915347EE6A}.Debug|Any CPU.ActiveCfg = Debug|Any CPU
		{7032C1FA-F7DC-4754-ADA5-2D915347EE6A}.Debug|Any CPU.Build.0 = Debug|Any CPU
		{7032C1FA-F7DC-4754-ADA5-2D915347EE6A}.Release|Any CPU.ActiveCfg = Release|Any CPU
		{7032C1FA-F7DC-4754-ADA5-2D915347EE6A}.Release|Any CPU.Build.0 = Release|Any CPU
		{E08FC38A-A0F7-44DC-884E-4859D6D4C34F}.Debug|Any CPU.ActiveCfg = Debug|Any CPU
		{E08FC38A-A0F7-44DC-884E-4859D6D4C34F}.Debug|Any CPU.Build.0 = Debug|Any CPU
		{E08FC38A-A0F7-44DC-884E-4859D6D4C34F}.Release|Any CPU.ActiveCfg = Release|Any CPU
		{E08FC38A-A0F7-44DC-884E-4859D6D4C34F}.Release|Any CPU.Build.0 = Release|Any CPU
		{AD49C237-759F-4EC0-B68A-A8A053FC66DE}.Debug|Any CPU.ActiveCfg = Debug|Any CPU
		{AD49C237-759F-4EC0-B68A-A8A053FC66DE}.Debug|Any CPU.Build.0 = Debug|Any CPU
		{AD49C237-759F-4EC0-B68A-A8A053FC66DE}.Release|Any CPU.ActiveCfg = Release|Any CPU
		{AD49C237-759F-4EC0-B68A-A8A053FC66DE}.Release|Any CPU.Build.0 = Release|Any CPU
		{F89D1640-5736-41B7-AC9D-4F722141C284}.Debug|Any CPU.ActiveCfg = Debug|Any CPU
		{F89D1640-5736-41B7-AC9D-4F722141C284}.Debug|Any CPU.Build.0 = Debug|Any CPU
		{F89D1640-5736-41B7-AC9D-4F722141C284}.Release|Any CPU.ActiveCfg = Release|Any CPU
		{F89D1640-5736-41B7-AC9D-4F722141C284}.Release|Any CPU.Build.0 = Release|Any CPU
		{05C07DBD-0B65-4E74-B1AA-C569C7F46AEC}.Debug|Any CPU.ActiveCfg = Debug|Any CPU
		{05C07DBD-0B65-4E74-B1AA-C569C7F46AEC}.Debug|Any CPU.Build.0 = Debug|Any CPU
		{05C07DBD-0B65-4E74-B1AA-C569C7F46AEC}.Release|Any CPU.ActiveCfg = Release|Any CPU
		{05C07DBD-0B65-4E74-B1AA-C569C7F46AEC}.Release|Any CPU.Build.0 = Release|Any CPU
		{85A28899-3F65-4B3B-A4E3-1DFF52F985F8}.Debug|Any CPU.ActiveCfg = Debug|Any CPU
		{85A28899-3F65-4B3B-A4E3-1DFF52F985F8}.Debug|Any CPU.Build.0 = Debug|Any CPU
		{85A28899-3F65-4B3B-A4E3-1DFF52F985F8}.Release|Any CPU.ActiveCfg = Release|Any CPU
		{85A28899-3F65-4B3B-A4E3-1DFF52F985F8}.Release|Any CPU.Build.0 = Release|Any CPU
		{28B8BB8D-06B8-473D-AFBB-F526FA524BDA}.Debug|Any CPU.ActiveCfg = Debug|Any CPU
		{28B8BB8D-06B8-473D-AFBB-F526FA524BDA}.Debug|Any CPU.Build.0 = Debug|Any CPU
		{28B8BB8D-06B8-473D-AFBB-F526FA524BDA}.Release|Any CPU.ActiveCfg = Release|Any CPU
		{28B8BB8D-06B8-473D-AFBB-F526FA524BDA}.Release|Any CPU.Build.0 = Release|Any CPU
		{786CBD2C-A0BF-4C3E-B5EA-A6C0B6A813F2}.Debug|Any CPU.ActiveCfg = Debug|Any CPU
		{786CBD2C-A0BF-4C3E-B5EA-A6C0B6A813F2}.Debug|Any CPU.Build.0 = Debug|Any CPU
		{786CBD2C-A0BF-4C3E-B5EA-A6C0B6A813F2}.Release|Any CPU.ActiveCfg = Release|Any CPU
		{786CBD2C-A0BF-4C3E-B5EA-A6C0B6A813F2}.Release|Any CPU.Build.0 = Release|Any CPU
		{E89CF383-DC21-42DE-9AE0-01771512F557}.Debug|Any CPU.ActiveCfg = Debug|Any CPU
		{E89CF383-DC21-42DE-9AE0-01771512F557}.Debug|Any CPU.Build.0 = Debug|Any CPU
		{E89CF383-DC21-42DE-9AE0-01771512F557}.Release|Any CPU.ActiveCfg = Release|Any CPU
		{E89CF383-DC21-42DE-9AE0-01771512F557}.Release|Any CPU.Build.0 = Release|Any CPU
		{D40A226A-9DD7-463F-B126-07C4F10A29CE}.Debug|Any CPU.ActiveCfg = Debug|Any CPU
		{D40A226A-9DD7-463F-B126-07C4F10A29CE}.Debug|Any CPU.Build.0 = Debug|Any CPU
		{D40A226A-9DD7-463F-B126-07C4F10A29CE}.Release|Any CPU.ActiveCfg = Release|Any CPU
		{D40A226A-9DD7-463F-B126-07C4F10A29CE}.Release|Any CPU.Build.0 = Release|Any CPU
		{179B3028-9584-44CD-8950-D22ABEE0E0C0}.Debug|Any CPU.ActiveCfg = Debug|Any CPU
		{179B3028-9584-44CD-8950-D22ABEE0E0C0}.Debug|Any CPU.Build.0 = Debug|Any CPU
		{179B3028-9584-44CD-8950-D22ABEE0E0C0}.Release|Any CPU.ActiveCfg = Release|Any CPU
		{179B3028-9584-44CD-8950-D22ABEE0E0C0}.Release|Any CPU.Build.0 = Release|Any CPU
		{33652DEE-F951-40D6-831A-9F775528F129}.Debug|Any CPU.ActiveCfg = Debug|Any CPU
		{33652DEE-F951-40D6-831A-9F775528F129}.Debug|Any CPU.Build.0 = Debug|Any CPU
		{33652DEE-F951-40D6-831A-9F775528F129}.Release|Any CPU.ActiveCfg = Release|Any CPU
		{33652DEE-F951-40D6-831A-9F775528F129}.Release|Any CPU.Build.0 = Release|Any CPU
		{2DAED31F-A14A-415D-AC35-6FAF852FEABB}.Debug|Any CPU.ActiveCfg = Debug|Any CPU
		{2DAED31F-A14A-415D-AC35-6FAF852FEABB}.Debug|Any CPU.Build.0 = Debug|Any CPU
		{2DAED31F-A14A-415D-AC35-6FAF852FEABB}.Release|Any CPU.ActiveCfg = Release|Any CPU
		{2DAED31F-A14A-415D-AC35-6FAF852FEABB}.Release|Any CPU.Build.0 = Release|Any CPU
	EndGlobalSection
	GlobalSection(SolutionProperties) = preSolution
		HideSolutionNode = FALSE
	EndGlobalSection
	GlobalSection(NestedProjects) = preSolution
		{966BCF94-794D-4CB6-B549-87D6CD4B398D} = {0DC47552-51BE-4F2A-A3E4-D556C3BD6EC8}
		{F8D41C69-D2BF-434B-A931-E2EF94F0B1DE} = {0DC47552-51BE-4F2A-A3E4-D556C3BD6EC8}
		{FE21FC7E-3B17-44D8-8E05-19D51CBAA0B0} = {0DC47552-51BE-4F2A-A3E4-D556C3BD6EC8}
		{0F53A8D0-B704-4083-B583-BA813C2770D1} = {0DC47552-51BE-4F2A-A3E4-D556C3BD6EC8}
		{6E5B01FA-7146-460F-8C0C-F847FE22E34B} = {0DC47552-51BE-4F2A-A3E4-D556C3BD6EC8}
		{DBEB11E1-DFB2-4EDD-8D11-6A574405B15E} = {23781BA6-140D-4BE7-8219-D0B86157B093}
		{7089033E-1D59-4872-9EA8-40B3E1393F99} = {BC645269-352A-4BB1-A075-CB6872F6CC25}
		{5CE3A108-F9C6-4FB4-82F2-97B85CB75043} = {F8D41C69-D2BF-434B-A931-E2EF94F0B1DE}
		{87F6C71F-9203-46C8-81B2-EF6AA9450E23} = {F8D41C69-D2BF-434B-A931-E2EF94F0B1DE}
		{88AAE69E-7CBA-417A-BFC9-0B4CCFAF67D1} = {F8D41C69-D2BF-434B-A931-E2EF94F0B1DE}
		{6F1BD5A4-8866-4792-8907-8BB36BFFC161} = {966BCF94-794D-4CB6-B549-87D6CD4B398D}
		{D918997E-5F95-48BB-AD18-7B17CDF162D4} = {966BCF94-794D-4CB6-B549-87D6CD4B398D}
		{B86D53FC-CCD8-4AC5-8287-60DC3BA75F6B} = {966BCF94-794D-4CB6-B549-87D6CD4B398D}
		{74E61C1F-E5B4-4FF0-9384-282EFDBA8611} = {FE21FC7E-3B17-44D8-8E05-19D51CBAA0B0}
		{C16D120B-27CB-4BF9-A549-CFA6F054967F} = {FE21FC7E-3B17-44D8-8E05-19D51CBAA0B0}
		{81A861EE-4E46-4ACB-8A49-C0B554CBF7CC} = {FE21FC7E-3B17-44D8-8E05-19D51CBAA0B0}
		{CBF3CF45-489C-4FE2-81B1-312AEFDEE38F} = {6E5B01FA-7146-460F-8C0C-F847FE22E34B}
		{51EF774C-DA54-4584-89B4-23D700FC8250} = {6E5B01FA-7146-460F-8C0C-F847FE22E34B}
		{97DB352D-A94B-4178-B8D9-7DFE13D2A8AC} = {6E5B01FA-7146-460F-8C0C-F847FE22E34B}
		{D75D89DB-D1C1-469C-B3D8-56C0981E7649} = {0F53A8D0-B704-4083-B583-BA813C2770D1}
		{4EDCBCBB-B470-4536-8226-5A34B0F50911} = {0F53A8D0-B704-4083-B583-BA813C2770D1}
		{9B74342E-A6B5-4E13-AA7E-8FC955EF70E6} = {0F53A8D0-B704-4083-B583-BA813C2770D1}
		{879392CE-ABE0-40D0-82BB-75AB7DB51F73} = {DBEB11E1-DFB2-4EDD-8D11-6A574405B15E}
		{9C8526E1-7853-4F68-96A0-4C6EB1DE2660} = {DBEB11E1-DFB2-4EDD-8D11-6A574405B15E}
		{7D6136D2-86C5-4BB8-8E1D-3364EEEC0980} = {DBEB11E1-DFB2-4EDD-8D11-6A574405B15E}
		{C4D61E5E-0EEF-4700-8407-99AD07A132A3} = {DBEB11E1-DFB2-4EDD-8D11-6A574405B15E}
		{A305E617-E460-43EC-9574-FBF311FE6895} = {DBEB11E1-DFB2-4EDD-8D11-6A574405B15E}
		{BC0EBBAB-57AF-42A0-ACEC-645A70FAE0A8} = {DBEB11E1-DFB2-4EDD-8D11-6A574405B15E}
		{B9A0F377-FA34-4F40-AB1D-9A59687AE3A9} = {DBEB11E1-DFB2-4EDD-8D11-6A574405B15E}
		{8DECB31D-E898-49FF-B834-4ED43DC6528B} = {DBEB11E1-DFB2-4EDD-8D11-6A574405B15E}
		{B94E46AC-EFC5-4736-BEB8-BE231E3DB6F5} = {DBEB11E1-DFB2-4EDD-8D11-6A574405B15E}
		{FEA52277-3099-456C-99AC-A305264A4F2C} = {DBEB11E1-DFB2-4EDD-8D11-6A574405B15E}
		{2D149EDD-402F-4374-B870-36EFB0F27D08} = {DBEB11E1-DFB2-4EDD-8D11-6A574405B15E}
		{C5C1BFAB-4AAE-4EEF-8685-D1722194D5C3} = {DBEB11E1-DFB2-4EDD-8D11-6A574405B15E}
		{A24832A1-97CF-4F6F-BBDB-96E7BA43EC0D} = {DBEB11E1-DFB2-4EDD-8D11-6A574405B15E}
		{0B6185B2-30D1-4695-AEE6-091BF9E631E4} = {DBEB11E1-DFB2-4EDD-8D11-6A574405B15E}
		{7EEF52B6-2960-4AE7-BF0F-C94328074ABC} = {DBEB11E1-DFB2-4EDD-8D11-6A574405B15E}
		{ADEBDB8D-038B-4CBF-8209-57DC6886522E} = {DBEB11E1-DFB2-4EDD-8D11-6A574405B15E}
		{1C95BA10-1245-49D9-9B8B-D8C388598C4F} = {DBEB11E1-DFB2-4EDD-8D11-6A574405B15E}
		{659B41D9-DB5A-4865-B517-B719F50DE44E} = {DBEB11E1-DFB2-4EDD-8D11-6A574405B15E}
		{25939398-54F0-475E-940C-FFFF63642639} = {DBEB11E1-DFB2-4EDD-8D11-6A574405B15E}
		{256EDF10-E382-4B9E-9C88-30BBC81BBEF3} = {5CE3A108-F9C6-4FB4-82F2-97B85CB75043}
		{AEB3604A-EFA9-4D4B-8F12-DB605FE703C1} = {5CE3A108-F9C6-4FB4-82F2-97B85CB75043}
		{2AE81444-50F2-4F09-BD5B-396112EFB340} = {87F6C71F-9203-46C8-81B2-EF6AA9450E23}
		{5F6D2FF8-9E9E-4BCB-8410-B200CB33A6DF} = {87F6C71F-9203-46C8-81B2-EF6AA9450E23}
		{0088B899-741F-4A5A-AF7F-4A3726F21C2C} = {88AAE69E-7CBA-417A-BFC9-0B4CCFAF67D1}
		{C691FB5B-DFD5-499A-9467-67C5ED2A375A} = {6F1BD5A4-8866-4792-8907-8BB36BFFC161}
		{0EA3544F-6F1E-4721-A3B4-4EF57F1A00E4} = {6F1BD5A4-8866-4792-8907-8BB36BFFC161}
		{5C36C008-0C8E-4D71-A26F-F273C55E6C90} = {D918997E-5F95-48BB-AD18-7B17CDF162D4}
		{6A7DF1D4-EFA1-4D93-AA55-2190FE45BD1E} = {D918997E-5F95-48BB-AD18-7B17CDF162D4}
		{2582E582-7410-4337-804C-4653493574B8} = {B86D53FC-CCD8-4AC5-8287-60DC3BA75F6B}
		{49C07700-4A93-44B9-8162-CBBF1D59D6E0} = {74E61C1F-E5B4-4FF0-9384-282EFDBA8611}
		{5F0CB696-B175-4039-AA9A-ED7EABFCE151} = {74E61C1F-E5B4-4FF0-9384-282EFDBA8611}
		{DD485284-BD65-4710-A3FD-33E31DCD7AEC} = {C16D120B-27CB-4BF9-A549-CFA6F054967F}
		{A9921F0E-79DB-42FE-AB97-216541590553} = {C16D120B-27CB-4BF9-A549-CFA6F054967F}
		{C5C653E4-1801-498B-9887-4E3013476562} = {81A861EE-4E46-4ACB-8A49-C0B554CBF7CC}
		{40074939-7135-445C-A12E-79EB0DE28F04} = {81A861EE-4E46-4ACB-8A49-C0B554CBF7CC}
		{C6ED75C8-07EC-4338-A664-23115348F218} = {CBF3CF45-489C-4FE2-81B1-312AEFDEE38F}
		{CEABCF48-2710-47E4-8BE1-A8409C34D017} = {CBF3CF45-489C-4FE2-81B1-312AEFDEE38F}
		{55A88190-C954-477F-95D0-1C1D53A54436} = {51EF774C-DA54-4584-89B4-23D700FC8250}
		{190AC64D-B185-4E4F-9D3F-27CF9796E7EE} = {51EF774C-DA54-4584-89B4-23D700FC8250}
		{F3CED857-8B9C-410F-A24D-B4A48FE686CB} = {97DB352D-A94B-4178-B8D9-7DFE13D2A8AC}
		{2DB69706-DE80-46D2-AD64-E542A9BBF983} = {97DB352D-A94B-4178-B8D9-7DFE13D2A8AC}
		{CC04B0CE-0408-4ED4-9B48-0DB2E04928CC} = {D75D89DB-D1C1-469C-B3D8-56C0981E7649}
		{31939650-ED3F-4196-93C5-E90C7CBA3F3C} = {D75D89DB-D1C1-469C-B3D8-56C0981E7649}
		{B495270E-E593-44FF-B850-222D5FD1A44A} = {4EDCBCBB-B470-4536-8226-5A34B0F50911}
		{CB24AC4F-7DD2-40BE-ABC3-BAF597357B75} = {4EDCBCBB-B470-4536-8226-5A34B0F50911}
		{A906DE21-A340-46E5-AB3D-C275FFFA65E5} = {9B74342E-A6B5-4E13-AA7E-8FC955EF70E6}
		{A3839E00-E6C4-461B-9441-435DB668F2D1} = {9B74342E-A6B5-4E13-AA7E-8FC955EF70E6}
		{EC312C0F-5B19-4B68-8823-9FE64379E727} = {9C8526E1-7853-4F68-96A0-4C6EB1DE2660}
		{F233328F-DD5B-4A82-8443-E887096359DD} = {879392CE-ABE0-40D0-82BB-75AB7DB51F73}
		{19F6D1DD-6CCD-43F0-BF20-DCEAD31653C5} = {C4D61E5E-0EEF-4700-8407-99AD07A132A3}
		{41CC3E5A-D9D3-464F-A09B-C8C855BB0458} = {BC0EBBAB-57AF-42A0-ACEC-645A70FAE0A8}
		{1E36C855-2618-41C5-9646-E665F684CC23} = {BC0EBBAB-57AF-42A0-ACEC-645A70FAE0A8}
		{B96EE5BD-63BD-4FBD-A92F-865C504FA7D0} = {B9A0F377-FA34-4F40-AB1D-9A59687AE3A9}
		{43DE8279-5F51-453C-850E-960E31A2A3B5} = {B94E46AC-EFC5-4736-BEB8-BE231E3DB6F5}
		{F1E82BD7-7DD3-4C8D-AF3E-094B1A20243B} = {2D149EDD-402F-4374-B870-36EFB0F27D08}
		{FBFAF696-8D4D-4F4E-AA35-41D00CF67BC0} = {C5C1BFAB-4AAE-4EEF-8685-D1722194D5C3}
		{9BE69496-C2D5-4CDC-B27B-45466DCF8DFD} = {0B6185B2-30D1-4695-AEE6-091BF9E631E4}
		{18597FC3-F312-4EDA-8879-E45DFD263BC8} = {7EEF52B6-2960-4AE7-BF0F-C94328074ABC}
		{78554D27-2E5B-4A60-9CDF-5DDED0616BD6} = {1C95BA10-1245-49D9-9B8B-D8C388598C4F}
		{4AF4761B-70C7-4D83-97A6-2E22F73CAADA} = {1C95BA10-1245-49D9-9B8B-D8C388598C4F}
		{05CB108B-8981-4FBF-ACF1-58B250E07FCC} = {1C95BA10-1245-49D9-9B8B-D8C388598C4F}
		{BA79BA0C-D196-4C32-8DC8-ED3F5B5A8DA3} = {1C95BA10-1245-49D9-9B8B-D8C388598C4F}
		{C10FC053-A01C-4824-80DA-1700AE59B190} = {1C95BA10-1245-49D9-9B8B-D8C388598C4F}
		{39E93B57-3056-446D-B88E-2F3673F69AA3} = {1C95BA10-1245-49D9-9B8B-D8C388598C4F}
		{4098D364-AB44-4D08-BDFF-22DBEDB448AD} = {EC312C0F-5B19-4B68-8823-9FE64379E727}
		{0E52181B-3680-4CC0-829F-833E6B6F5925} = {EC312C0F-5B19-4B68-8823-9FE64379E727}
		{F781BF34-5E97-468B-9712-432956718986} = {EC312C0F-5B19-4B68-8823-9FE64379E727}
		{ACA1BF59-9CAE-4026-9B37-39656B9FD944} = {F233328F-DD5B-4A82-8443-E887096359DD}
		{518B523F-2025-447A-8012-75E87D9A300C} = {19F6D1DD-6CCD-43F0-BF20-DCEAD31653C5}
		{CBF15CD0-35EE-4CEE-B55A-D4A848B6323B} = {19F6D1DD-6CCD-43F0-BF20-DCEAD31653C5}
		{319106AF-3D52-4529-AE1E-1A2184012D73} = {B96EE5BD-63BD-4FBD-A92F-865C504FA7D0}
		{3207C7E0-6114-44EF-B512-756BB515E615} = {B96EE5BD-63BD-4FBD-A92F-865C504FA7D0}
		{9017A921-7886-434A-91ED-613EEE3329AB} = {B96EE5BD-63BD-4FBD-A92F-865C504FA7D0}
		{6D6F5532-A4C4-4649-93BE-77C1C0634444} = {B96EE5BD-63BD-4FBD-A92F-865C504FA7D0}
		{DE88BC43-6A41-46E6-9D86-CD39ACF7A837} = {43DE8279-5F51-453C-850E-960E31A2A3B5}
		{077F0E96-A80E-4FBD-99E2-FD403F460436} = {43DE8279-5F51-453C-850E-960E31A2A3B5}
		{6A58E5C7-2664-4175-8522-0C5F8A1B9365} = {43DE8279-5F51-453C-850E-960E31A2A3B5}
		{56320F17-50A2-4E9C-A831-11F258414809} = {F1E82BD7-7DD3-4C8D-AF3E-094B1A20243B}
		{7DD153BA-FEF8-442C-8C57-C83C7C0E2FD5} = {F1E82BD7-7DD3-4C8D-AF3E-094B1A20243B}
		{C0ADA25F-FF91-4B85-BE0D-9FC56C343932} = {F1E82BD7-7DD3-4C8D-AF3E-094B1A20243B}
		{20EB2438-5E71-4912-B460-F598DCF4356E} = {FBFAF696-8D4D-4F4E-AA35-41D00CF67BC0}
		{EDDAD43A-CE11-49D6-8FEC-6ACAEB195880} = {FBFAF696-8D4D-4F4E-AA35-41D00CF67BC0}
		{5CD90B2A-2F68-4101-A276-4DE91001C8DE} = {18597FC3-F312-4EDA-8879-E45DFD263BC8}
		{EB9BE325-99AF-4E2E-94C2-B3585395D22C} = {18597FC3-F312-4EDA-8879-E45DFD263BC8}
		{88546053-68E6-467C-A5F1-F23201382BE1} = {18597FC3-F312-4EDA-8879-E45DFD263BC8}
		{D5170A34-4E6C-47EE-B20C-26E4B9589278} = {40074939-7135-445C-A12E-79EB0DE28F04}
		{E29BAAAF-E779-47D0-A5E1-DE6F20A307D5} = {C5C653E4-1801-498B-9887-4E3013476562}
		{0C6E44EE-5B69-49E0-80EE-4825CA7499F3} = {5F0CB696-B175-4039-AA9A-ED7EABFCE151}
		{DE643AF2-1BE3-47B6-8515-3976E7931348} = {49C07700-4A93-44B9-8162-CBBF1D59D6E0}
		{6886DF38-E6A4-4130-BED2-32FC798700D7} = {FE21FC7E-3B17-44D8-8E05-19D51CBAA0B0}
		{F52D9CA2-61A2-45CA-A6BB-F4BDC7A395E9} = {A9921F0E-79DB-42FE-AB97-216541590553}
		{6E3777B7-D3CE-4733-8E5F-DAF9E618EFF2} = {DD485284-BD65-4710-A3FD-33E31DCD7AEC}
		{F7621D80-ABE1-4F6E-A118-2746569564EC} = {31939650-ED3F-4196-93C5-E90C7CBA3F3C}
		{3BC904F0-0FA9-4926-916F-7D23D80A2AC7} = {CC04B0CE-0408-4ED4-9B48-0DB2E04928CC}
		{A2544D1F-E992-4FD0-A4F6-BBE378456F67} = {CB24AC4F-7DD2-40BE-ABC3-BAF597357B75}
		{17484014-53D5-4B57-87A8-BB83A9459E39} = {B495270E-E593-44FF-B850-222D5FD1A44A}
		{9EFA6F74-2360-4773-82A7-D1CEABF5B7A4} = {A3839E00-E6C4-461B-9441-435DB668F2D1}
		{623CEFF4-B241-4649-AB21-CDA88C972674} = {A906DE21-A340-46E5-AB3D-C275FFFA65E5}
		{5EA363C1-3BE3-4AA9-9F51-8E50280CA27B} = {2582E582-7410-4337-804C-4653493574B8}
		{545957A2-B852-4747-BC74-EF5AC71160B3} = {0EA3544F-6F1E-4721-A3B4-4EF57F1A00E4}
		{B66F13AB-2452-4681-8037-D3EA05968A1B} = {C691FB5B-DFD5-499A-9467-67C5ED2A375A}
		{839A22A7-EF39-42CF-A130-6EAF67C37B6D} = {6A7DF1D4-EFA1-4D93-AA55-2190FE45BD1E}
		{642A4EF4-3F5A-49CD-9C34-796F3D8B041B} = {5C36C008-0C8E-4D71-A26F-F273C55E6C90}
		{9DE8DF4C-3B05-4FF6-93D8-5E34F788913F} = {0088B899-741F-4A5A-AF7F-4A3726F21C2C}
		{C39114DC-045A-454D-AD03-2599E4754609} = {AEB3604A-EFA9-4D4B-8F12-DB605FE703C1}
		{8F3AFC7E-03C1-47A4-A39C-CF86B8BE1F09} = {256EDF10-E382-4B9E-9C88-30BBC81BBEF3}
		{3FC9728D-64EA-4B99-B2A1-D450698B7C26} = {F8D41C69-D2BF-434B-A931-E2EF94F0B1DE}
		{E51029B6-2091-404D-8765-93C34F503A32} = {5F6D2FF8-9E9E-4BCB-8410-B200CB33A6DF}
		{EE3E40C5-FEDA-4DEA-8B9C-19EC8A542C5E} = {2AE81444-50F2-4F09-BD5B-396112EFB340}
		{350E5734-0CEC-4631-B885-C9705807CEF8} = {CEABCF48-2710-47E4-8BE1-A8409C34D017}
		{EA47F620-DA27-416D-9759-E98334C7AC3C} = {C6ED75C8-07EC-4338-A664-23115348F218}
		{078900E0-7454-4AFC-9C33-2F8A9B58ADD3} = {6E5B01FA-7146-460F-8C0C-F847FE22E34B}
		{21FC26A4-4469-4748-960D-8F08D946BBC6} = {190AC64D-B185-4E4F-9D3F-27CF9796E7EE}
		{C710BC1C-3C37-4855-9727-1A2C8ECE1195} = {55A88190-C954-477F-95D0-1C1D53A54436}
		{06C94846-A8F7-4976-8598-AA8DA986CF86} = {2DB69706-DE80-46D2-AD64-E542A9BBF983}
		{DB647C04-DBAD-4947-8F24-144155629BC9} = {F3CED857-8B9C-410F-A24D-B4A48FE686CB}
		{F30F1088-83A0-4959-A328-B02864F38C5A} = {80249A4A-BDC8-4AD1-8F6E-00F1DECC3FF4}
		{D0B22FFB-C7AE-4295-B85E-99B49C129647} = {80249A4A-BDC8-4AD1-8F6E-00F1DECC3FF4}
		{4A4D3B61-B154-4BF9-9E73-4919C3E5502D} = {80249A4A-BDC8-4AD1-8F6E-00F1DECC3FF4}
		{153672DD-8A1E-46F0-9C39-5764BF885FF3} = {7089033E-1D59-4872-9EA8-40B3E1393F99}
		{F967FD83-897B-43B9-B9C2-A57DB0A44108} = {9BE69496-C2D5-4CDC-B27B-45466DCF8DFD}
		{42B8D407-E0AB-462C-9E99-16FBA0AD2DB4} = {C5C1BFAB-4AAE-4EEF-8685-D1722194D5C3}
		{C7177D3C-148D-41D2-BC01-C6AF141495BD} = {20EB2438-5E71-4912-B460-F598DCF4356E}
		{59C36BAF-3A39-4531-9B79-7BC387217E54} = {EDDAD43A-CE11-49D6-8FEC-6ACAEB195880}
		{3C3ACA9E-4802-4C10-B37B-BFB25C7D261F} = {518B523F-2025-447A-8012-75E87D9A300C}
		{4BF27085-33DF-4303-A659-A1616D4DF99F} = {CBF15CD0-35EE-4CEE-B55A-D4A848B6323B}
		{0555740D-8013-46F7-8B3B-50C68925790B} = {C4D61E5E-0EEF-4700-8407-99AD07A132A3}
		{0F59B427-6769-4C18-B25F-88B224C247D8} = {659B41D9-DB5A-4865-B517-B719F50DE44E}
		{34EE7A4F-D3E9-470F-A05B-F9BA0A78DAB4} = {2D149EDD-402F-4374-B870-36EFB0F27D08}
		{54FEE841-24CB-44A4-9CC1-69E4DB15BE1B} = {2D149EDD-402F-4374-B870-36EFB0F27D08}
		{6C790FA2-FD25-4E48-8A83-9BC16BCE3181} = {C0ADA25F-FF91-4B85-BE0D-9FC56C343932}
		{1A44631E-37D0-4412-909F-777DA3808365} = {56320F17-50A2-4E9C-A831-11F258414809}
		{FBBCAAA6-E19A-4B02-AE1D-59D6C97FD561} = {7DD153BA-FEF8-442C-8C57-C83C7C0E2FD5}
		{5C695806-3D9A-4EE4-9624-29B9D2CE9D3C} = {2D149EDD-402F-4374-B870-36EFB0F27D08}
		{5709EF07-4322-48A1-AC57-8F0718B24B26} = {FEA52277-3099-456C-99AC-A305264A4F2C}
		{0A24BE8F-09EC-4759-8A0E-BF906F6D5763} = {8DECB31D-E898-49FF-B834-4ED43DC6528B}
		{52E70112-60DA-4A3A-BCB2-C7EBFD45F56B} = {DE88BC43-6A41-46E6-9D86-CD39ACF7A837}
		{EAF488FE-718D-4ECE-AA2A-AF150F26180D} = {077F0E96-A80E-4FBD-99E2-FD403F460436}
		{CCE13F71-ABC0-496C-B715-128846D7BAE0} = {6A58E5C7-2664-4175-8522-0C5F8A1B9365}
		{987B15F2-C0BB-47F2-9250-C9FC0A641ADA} = {B94E46AC-EFC5-4736-BEB8-BE231E3DB6F5}
		{B55A2C58-9129-4A5D-8A95-6C8EF3FBDE3D} = {B94E46AC-EFC5-4736-BEB8-BE231E3DB6F5}
		{478343B3-6F45-4F74-A222-BE0A8F433A39} = {9C8526E1-7853-4F68-96A0-4C6EB1DE2660}
		{45BB874E-F240-43CE-8241-DC4F69D2873B} = {9C8526E1-7853-4F68-96A0-4C6EB1DE2660}
		{25143589-60C3-4A61-90DF-7F336FF23F13} = {9C8526E1-7853-4F68-96A0-4C6EB1DE2660}
		{7C22B55A-E155-4B21-8C10-D6C18C19119D} = {F781BF34-5E97-468B-9712-432956718986}
		{6C9343B7-8EC6-4DA3-A0A5-AC555139A624} = {F781BF34-5E97-468B-9712-432956718986}
		{6BF1805E-ADC5-496D-A896-8C6A60E68392} = {F781BF34-5E97-468B-9712-432956718986}
		{67FD1CF7-54A8-4B26-93F5-B533B73F139B} = {F781BF34-5E97-468B-9712-432956718986}
		{DA61342B-3959-4020-8F11-295CF017D41F} = {0E52181B-3680-4CC0-829F-833E6B6F5925}
		{0F5F68C6-C089-4F48-89C9-6DE6558B82AA} = {0E52181B-3680-4CC0-829F-833E6B6F5925}
		{D6C867E5-EB47-4A84-BD13-92833F30B1F0} = {4098D364-AB44-4D08-BDFF-22DBEDB448AD}
		{14223600-22DC-4764-BA42-6F369C853187} = {B9A0F377-FA34-4F40-AB1D-9A59687AE3A9}
		{6E5F665B-7D7A-4C46-9B3D-80DEF211EE5D} = {B9A0F377-FA34-4F40-AB1D-9A59687AE3A9}
		{26261DCC-0C9D-46EE-9DDF-B989148E4BDD} = {B9A0F377-FA34-4F40-AB1D-9A59687AE3A9}
		{2FD68DFC-5572-45B5-A3E7-6B6EF8F96D06} = {319106AF-3D52-4529-AE1E-1A2184012D73}
		{AA14AC82-BBA8-479C-90BE-275403D214F3} = {3207C7E0-6114-44EF-B512-756BB515E615}
		{BD24B21E-54D1-46D0-96CF-E48E2B960929} = {9017A921-7886-434A-91ED-613EEE3329AB}
		{2C90CB36-28F4-4CD8-8441-06B0936C18F5} = {6D6F5532-A4C4-4649-93BE-77C1C0634444}
		{EE427895-0009-42AB-8DA3-7B7BFF7DC534} = {B9A0F377-FA34-4F40-AB1D-9A59687AE3A9}
		{E0E63EB4-DF48-4327-98BF-62BE1F522C08} = {B9A0F377-FA34-4F40-AB1D-9A59687AE3A9}
		{71C7DC1A-2FF7-46BE-921C-C1F9A58858DF} = {A305E617-E460-43EC-9574-FBF311FE6895}
		{F36FAA7E-BB26-44FB-9F6C-287B01C58534} = {A305E617-E460-43EC-9574-FBF311FE6895}
		{9D5F65C5-1433-4822-B985-5A84994E21DF} = {A305E617-E460-43EC-9574-FBF311FE6895}
		{AC1AA2EE-6FF4-4570-9784-43DB270D1076} = {A305E617-E460-43EC-9574-FBF311FE6895}
		{1057A3E0-9E39-4A5E-A7E5-4494239EAAD1} = {A305E617-E460-43EC-9574-FBF311FE6895}
		{8E2D10E5-3216-4613-B53E-C9F8D6363024} = {25939398-54F0-475E-940C-FFFF63642639}
		{385EF1C3-939E-4D05-A66E-0B29B814C05B} = {7D6136D2-86C5-4BB8-8E1D-3364EEEC0980}
		{DF4FC1C7-D64E-4DEF-BC09-7E24CBA36546} = {41CC3E5A-D9D3-464F-A09B-C8C855BB0458}
		{46D54DC3-5CDB-4BE6-AFB1-BD7B9F2BDD0A} = {41CC3E5A-D9D3-464F-A09B-C8C855BB0458}
		{71F2F610-CA83-43F2-8450-F7FCEDB829E3} = {41CC3E5A-D9D3-464F-A09B-C8C855BB0458}
		{F051A9F5-2E7E-4F4A-B4C8-4A7BDD7669AB} = {41CC3E5A-D9D3-464F-A09B-C8C855BB0458}
		{5434430D-F784-469B-8671-67EA6DF9140E} = {1E36C855-2618-41C5-9646-E665F684CC23}
		{A8033378-413E-42A8-B68E-94878C5E97BF} = {1E36C855-2618-41C5-9646-E665F684CC23}
		{877F53D5-493D-4F7B-9DF6-9E0B67B382A4} = {879392CE-ABE0-40D0-82BB-75AB7DB51F73}
		{5DFA54FF-8F33-449A-BF04-00ADF760F5B5} = {879392CE-ABE0-40D0-82BB-75AB7DB51F73}
		{007D419D-6259-4D22-A1E7-43CA9A7966BF} = {879392CE-ABE0-40D0-82BB-75AB7DB51F73}
		{8BF79AE7-11EB-40D4-B872-B271BEFED865} = {ACA1BF59-9CAE-4026-9B37-39656B9FD944}
		{AAB49E37-D537-4218-9FBE-E375409C3A3E} = {879392CE-ABE0-40D0-82BB-75AB7DB51F73}
		{5DF6743B-D086-4073-A8CD-C8B334D8BCB0} = {879392CE-ABE0-40D0-82BB-75AB7DB51F73}
		{7032C1FA-F7DC-4754-ADA5-2D915347EE6A} = {7EEF52B6-2960-4AE7-BF0F-C94328074ABC}
		{E08FC38A-A0F7-44DC-884E-4859D6D4C34F} = {EB9BE325-99AF-4E2E-94C2-B3585395D22C}
		{AD49C237-759F-4EC0-B68A-A8A053FC66DE} = {5CD90B2A-2F68-4101-A276-4DE91001C8DE}
		{F89D1640-5736-41B7-AC9D-4F722141C284} = {88546053-68E6-467C-A5F1-F23201382BE1}
		{05C07DBD-0B65-4E74-B1AA-C569C7F46AEC} = {4AF4761B-70C7-4D83-97A6-2E22F73CAADA}
		{85A28899-3F65-4B3B-A4E3-1DFF52F985F8} = {C10FC053-A01C-4824-80DA-1700AE59B190}
		{28B8BB8D-06B8-473D-AFBB-F526FA524BDA} = {BA79BA0C-D196-4C32-8DC8-ED3F5B5A8DA3}
		{786CBD2C-A0BF-4C3E-B5EA-A6C0B6A813F2} = {78554D27-2E5B-4A60-9CDF-5DDED0616BD6}
		{E89CF383-DC21-42DE-9AE0-01771512F557} = {39E93B57-3056-446D-B88E-2F3673F69AA3}
		{D40A226A-9DD7-463F-B126-07C4F10A29CE} = {05CB108B-8981-4FBF-ACF1-58B250E07FCC}
		{179B3028-9584-44CD-8950-D22ABEE0E0C0} = {A24832A1-97CF-4F6F-BBDB-96E7BA43EC0D}
		{33652DEE-F951-40D6-831A-9F775528F129} = {ADEBDB8D-038B-4CBF-8209-57DC6886522E}
		{2DAED31F-A14A-415D-AC35-6FAF852FEABB} = {982112C6-35D5-4377-8B21-829490682942}
	EndGlobalSection
	GlobalSection(ExtensibilityGlobals) = postSolution
		SolutionGuid = {45E03785-FD31-4435-8DFD-53F939332D61}
	EndGlobalSection
EndGlobal
